PODS:
  - Alamofire (5.0.5)
  - AliyunOSSiOS (2.10.8)
  - CLImagePickerTool (3.1.3)
  - DryAliyunOSS-iOS (1.0.0):
    - AliyunOSSiOS
  - JXBanner (0.3.3):
    - JXBanner/Banner (= 0.3.3)
    - JXBanner/PageControl (= 0.3.3)
  - JXBanner/Banner (0.3.3):
    - JXBanner/Banner/API (= 0.3.3)
    - JXBanner/Banner/Banner (= 0.3.3)
    - JXBanner/Banner/Cell (= 0.3.3)
    - JXBanner/Banner/Common (= 0.3.3)
    - JXBanner/Banner/Transform (= 0.3.3)
  - JXBanner/Banner/API (0.3.3):
    - JXBanner/Banner/Cell
    - JXBanner/PageControl
  - JXBanner/Banner/Banner (0.3.3):
    - JXBanner/Banner/API
    - JXBanner/Banner/Common
    - JXBanner/Banner/Transform
  - JXBanner/Banner/Cell (0.3.3)
  - JXBanner/Banner/Common (0.3.3)
  - JXBanner/Banner/Transform (0.3.3):
    - JXBanner/Banner/API
  - JXBanner/PageControl (0.3.3):
    - JXPageControl
  - JXPageControl (0.1.3):
    - JXPageControl/Common (= 0.1.3)
    - JXPageControl/Jump (= 0.1.3)
    - JXPageControl/Transform (= 0.1.3)
  - JXPageControl/Common (0.1.3)
  - JXPageControl/Jump (0.1.3):
    - JXPageControl/Common
  - JXPageControl/Transform (0.1.3):
    - JXPageControl/Common
  - Kingfisher (4.10.1)
  - SnapKit (5.0.1)
  - SwiftPullToRefresh (3.1.1)
  - SwiftyJSON (4.0.0)
  - Toast-Swift (5.0.1)

DEPENDENCIES:
  - Alamofire (~> 5.0.0)
  - CLImagePickerTool
  - DryAliyunOSS-iOS
  - JXBanner
  - Kingfisher (~> 4.0)
  - SnapKit (~> 5.0.0)
  - SwiftPullToRefresh
  - SwiftyJSON (~> 4.0.0)
  - Toast-Swift (~> 5.0.1)

SPEC REPOS:
  trunk:
    - Alamofire
    - AliyunOSSiOS
    - CLImagePickerTool
    - DryAliyunOSS-iOS
    - JXBanner
    - JXPageControl
    - Kingfisher
    - SnapKit
    - SwiftPullToRefresh
    - SwiftyJSON
    - Toast-Swift

SPEC CHECKSUMS:
  Alamofire: df2f8f826963b08b9a870791ad48e07a10090b2e
  AliyunOSSiOS: 8db92936545593b9e5c66d680ef2ac0738946651
  CLImagePickerTool: 2ef59c6524efd493571a0ee2bc42f445b4c5b2cb
  DryAliyunOSS-iOS: d9d1e0396fd91ba1d46421cd92bbbb554ed09509
  JXBanner: 4682f4fbbca22ffee899e32dbfb73283e40d6c71
  JXPageControl: eea52838699a4949063e600b25eb9e8b6e20ae3f
  Kingfisher: c148cd7b47ebde9989f6bc7c27dcaa79d81279a0
  SnapKit: 97b92857e3df3a0c71833cce143274bf6ef8e5eb
  SwiftPullToRefresh: f61d67439c5b8d66420fe57193cab8c279398e7a
  SwiftyJSON: 070dabdcb1beb81b247c65ffa3a79dbbfb3b48aa
  Toast-Swift: 9b6a70f28b3bf0b96c40d46c0c4b9d6639846711

PODFILE CHECKSUM: 763aacd74e56c31634bf194449721ad7afea361c

COCOAPODS: 1.9.3
