PODS:
  - Alamofire (4.5.0)
  - JXBanner (0.3.3):
    - JXBanner/Banner (= 0.3.3)
    - JXBanner/PageControl (= 0.3.3)
  - JXBanner/Banner (0.3.3):
    - JXBanner/Banner/API (= 0.3.3)
    - JXBanner/Banner/Banner (= 0.3.3)
    - JXBanner/Banner/Cell (= 0.3.3)
    - JXBanner/Banner/Common (= 0.3.3)
    - JXBanner/Banner/Transform (= 0.3.3)
  - JXBanner/Banner/API (0.3.3):
    - JXBanner/Banner/Cell
    - JXBanner/PageControl
  - JXBanner/Banner/Banner (0.3.3):
    - JXBanner/Banner/API
    - JXBanner/Banner/Common
    - JXBanner/Banner/Transform
  - JXBanner/Banner/Cell (0.3.3)
  - JXBanner/Banner/Common (0.3.3)
  - JXBanner/Banner/Transform (0.3.3):
    - JXBanner/Banner/API
  - JXBanner/PageControl (0.3.3):
    - JXPageControl
  - JXPageControl (0.1.3):
    - JXPageControl/Common (= 0.1.3)
    - JXPageControl/Jump (= 0.1.3)
    - JXPageControl/Transform (= 0.1.3)
  - JXPageControl/Common (0.1.3)
  - JXPageControl/Jump (0.1.3):
    - JXPageControl/Common
  - JXPageControl/Transform (0.1.3):
    - JXPageControl/Common
  - Kingfisher (4.10.1)
  - R.swift (5.4.0):
    - R.swift.Library (~> 5.3.0)
  - R.swift.Library (5.3.0)
  - SnapKit (4.0.0)
  - SwiftPullToRefresh (3.1.1)
  - SwiftyJSON (4.0.0)
  - Toast-Swift (3.0.1)

DEPENDENCIES:
  - Alamofire (= 4.5.0)
  - JXBanner
  - Kingfisher (~> 4.0)
  - R.swift
  - SnapKit (= 4.0.0)
  - SwiftPullToRefresh
  - SwiftyJSON (~> 4.0.0)
  - Toast-Swift (~> 3.0.1)

SPEC REPOS:
  trunk:
    - Alamofire
    - JXBanner
    - JXPageControl
    - Kingfisher
    - R.swift
    - R.swift.Library
    - SnapKit
    - SwiftPullToRefresh
    - SwiftyJSON
    - Toast-Swift

SPEC CHECKSUMS:
  Alamofire: f28cdffd29de33a7bfa022cbd63ae95a27fae140
  JXBanner: 4682f4fbbca22ffee899e32dbfb73283e40d6c71
  JXPageControl: eea52838699a4949063e600b25eb9e8b6e20ae3f
  Kingfisher: c148cd7b47ebde9989f6bc7c27dcaa79d81279a0
  R.swift: c533450b0f7dc494e0993f5f1a1db925d84c3006
  R.swift.Library: 0fc583cb55a99e28901299cc451614cad1161962
  SnapKit: a42d492c16e80209130a3379f73596c3454b7694
  SwiftPullToRefresh: f61d67439c5b8d66420fe57193cab8c279398e7a
  SwiftyJSON: 070dabdcb1beb81b247c65ffa3a79dbbfb3b48aa
  Toast-Swift: ba0b01b095aada709d915f9beb1d38184a2721c3

PODFILE CHECKSUM: ee94d5f6950df87dc19c975d4d37c15322cd21ba

COCOAPODS: 1.9.3
