// !$*UTF8*$!
{
	archiveVersion = 1;
	classes = {
	};
	objectVersion = 51;
	objects = {

/* Begin PBXBuildFile section */
		3C13EBE125F65E85003A58BE /* LSMarketListViewController.swift in Sources */ = {isa = PBXBuildFile; fileRef = 3C13EBDF25F65E85003A58BE /* LSMarketListViewController.swift */; };
		3C13EBE225F65E85003A58BE /* LSMarketListViewController.xib in Resources */ = {isa = PBXBuildFile; fileRef = 3C13EBE025F65E85003A58BE /* LSMarketListViewController.xib */; };
		3C13EBF725F669AB003A58BE /* LSMarketListItemModel.swift in Sources */ = {isa = PBXBuildFile; fileRef = 3C13EBF625F669AB003A58BE /* LSMarketListItemModel.swift */; };
		3C4CB3E425F7A45500501916 /* LSTradeMainViewController.swift in Sources */ = {isa = PBXBuildFile; fileRef = 3C4CB3E225F7A45500501916 /* LSTradeMainViewController.swift */; };
		3C4CB3E525F7A45500501916 /* LSTradeMainViewController.xib in Resources */ = {isa = PBXBuildFile; fileRef = 3C4CB3E325F7A45500501916 /* LSTradeMainViewController.xib */; };
		3C4CB3EC25F7B4B400501916 /* LSSustainabilityHeaderView.swift in Sources */ = {isa = PBXBuildFile; fileRef = 3C4CB3EB25F7B4B400501916 /* LSSustainabilityHeaderView.swift */; };
		3C4CB3F425F7B4BC00501916 /* LSSustainabilityHeaderView.xib in Resources */ = {isa = PBXBuildFile; fileRef = 3C4CB3F325F7B4BC00501916 /* LSSustainabilityHeaderView.xib */; };
		3C4CB3F925F7B57D00501916 /* LSSustainabilityManager.swift in Sources */ = {isa = PBXBuildFile; fileRef = 3C4CB3F825F7B57D00501916 /* LSSustainabilityManager.swift */; };
		3C4CB3FE25F7B67900501916 /* LSSustainabilityBaseView.swift in Sources */ = {isa = PBXBuildFile; fileRef = 3C4CB3FD25F7B67900501916 /* LSSustainabilityBaseView.swift */; };
		3CA43FF325F108B20070229F /* LSProfileViewController.swift in Sources */ = {isa = PBXBuildFile; fileRef = 3CA43FF125F108B20070229F /* LSProfileViewController.swift */; };
		3CA43FF425F108B20070229F /* LSProfileViewController.xib in Resources */ = {isa = PBXBuildFile; fileRef = 3CA43FF225F108B20070229F /* LSProfileViewController.xib */; };
		431C3158D3673A70A36BF790 /* Pods_HYEX_Swift.framework in Frameworks */ = {isa = PBXBuildFile; fileRef = 392F33080D2BEC680542A74E /* Pods_HYEX_Swift.framework */; };
		D70CAFDE25F22D4700037A52 /* TestModel.swift in Sources */ = {isa = PBXBuildFile; fileRef = D70CAFDD25F22D4700037A52 /* TestModel.swift */; };
		D70D19E025E78A22009F7C3C /* LSVerifyCodeBtn.swift in Sources */ = {isa = PBXBuildFile; fileRef = D70D19DF25E78A22009F7C3C /* LSVerifyCodeBtn.swift */; };
		D712C58C25F774F400D5EA0A /* SecondaryChartRenderer.swift in Sources */ = {isa = PBXBuildFile; fileRef = D712C57325F774F400D5EA0A /* SecondaryChartRenderer.swift */; };
		D712C58D25F774F400D5EA0A /* MainChartRenderer.swift in Sources */ = {isa = PBXBuildFile; fileRef = D712C57425F774F400D5EA0A /* MainChartRenderer.swift */; };
		D712C58E25F774F400D5EA0A /* VolChartRenderer.swift in Sources */ = {isa = PBXBuildFile; fileRef = D712C57525F774F400D5EA0A /* VolChartRenderer.swift */; };
		D712C58F25F774F400D5EA0A /* BaseChartRenderer.swift in Sources */ = {isa = PBXBuildFile; fileRef = D712C57625F774F400D5EA0A /* BaseChartRenderer.swift */; };
		D712C59025F774F400D5EA0A /* KLinePainterView.swift in Sources */ = {isa = PBXBuildFile; fileRef = D712C57725F774F400D5EA0A /* KLinePainterView.swift */; };
		D712C59125F774F400D5EA0A /* KLineStateManger.swift in Sources */ = {isa = PBXBuildFile; fileRef = D712C57925F774F400D5EA0A /* KLineStateManger.swift */; };
		D712C59225F774F400D5EA0A /* DataUtil.swift in Sources */ = {isa = PBXBuildFile; fileRef = D712C57A25F774F400D5EA0A /* DataUtil.swift */; };
		D712C59325F774F400D5EA0A /* UIColor+RGB.swift in Sources */ = {isa = PBXBuildFile; fileRef = D712C57B25F774F400D5EA0A /* UIColor+RGB.swift */; };
		D712C59425F774F400D5EA0A /* Calculate.swift in Sources */ = {isa = PBXBuildFile; fileRef = D712C57C25F774F400D5EA0A /* Calculate.swift */; };
		D712C59525F774F400D5EA0A /* ChartStyle.swift in Sources */ = {isa = PBXBuildFile; fileRef = D712C57E25F774F400D5EA0A /* ChartStyle.swift */; };
		D712C59625F774F400D5EA0A /* KLineChartView.swift in Sources */ = {isa = PBXBuildFile; fileRef = D712C57F25F774F400D5EA0A /* KLineChartView.swift */; };
		D712C59725F774F400D5EA0A /* KLineModel.swift in Sources */ = {isa = PBXBuildFile; fileRef = D712C58125F774F400D5EA0A /* KLineModel.swift */; };
		D712C59825F774F400D5EA0A /* KLineState.swift in Sources */ = {isa = PBXBuildFile; fileRef = D712C58225F774F400D5EA0A /* KLineState.swift */; };
		D712C59925F774F400D5EA0A /* KLineInfoView.swift in Sources */ = {isa = PBXBuildFile; fileRef = D712C58425F774F400D5EA0A /* KLineInfoView.swift */; };
		D712C59A25F774F400D5EA0A /* KLineIndicatorsView.swift in Sources */ = {isa = PBXBuildFile; fileRef = D712C58525F774F400D5EA0A /* KLineIndicatorsView.swift */; };
		D712C59B25F774F400D5EA0A /* KLinePeriodView.xib in Resources */ = {isa = PBXBuildFile; fileRef = D712C58625F774F400D5EA0A /* KLinePeriodView.xib */; };
		D712C59C25F774F400D5EA0A /* KLineIndicatorsView.xib in Resources */ = {isa = PBXBuildFile; fileRef = D712C58725F774F400D5EA0A /* KLineIndicatorsView.xib */; };
		D712C59D25F774F400D5EA0A /* KLinePeriodView.swift in Sources */ = {isa = PBXBuildFile; fileRef = D712C58825F774F400D5EA0A /* KLinePeriodView.swift */; };
		D712C59E25F774F400D5EA0A /* KLineVerticalIndicatorsView.swift in Sources */ = {isa = PBXBuildFile; fileRef = D712C58925F774F400D5EA0A /* KLineVerticalIndicatorsView.swift */; };
		D712C59F25F774F400D5EA0A /* KLineVerticalIndicatorsView.xib in Resources */ = {isa = PBXBuildFile; fileRef = D712C58A25F774F400D5EA0A /* KLineVerticalIndicatorsView.xib */; };
		D712C5A025F774F400D5EA0A /* KLineInfoView.xib in Resources */ = {isa = PBXBuildFile; fileRef = D712C58B25F774F400D5EA0A /* KLineInfoView.xib */; };
		D726B56F25F3169F00B51D61 /* LSUserInfo.swift in Sources */ = {isa = PBXBuildFile; fileRef = D726B56E25F3169F00B51D61 /* LSUserInfo.swift */; };
		D726B57425F319F000B51D61 /* LSLoginModel.swift in Sources */ = {isa = PBXBuildFile; fileRef = D726B57325F319F000B51D61 /* LSLoginModel.swift */; };
		D726B57925F3206B00B51D61 /* MD5.swift in Sources */ = {isa = PBXBuildFile; fileRef = D726B57825F3206B00B51D61 /* MD5.swift */; };
		D726B59525F3632200B51D61 /* LSBannerModel.swift in Sources */ = {isa = PBXBuildFile; fileRef = D726B59425F3632200B51D61 /* LSBannerModel.swift */; };
		D726B59F25F369FC00B51D61 /* LSHomeItemCell.swift in Sources */ = {isa = PBXBuildFile; fileRef = D726B59D25F369FC00B51D61 /* LSHomeItemCell.swift */; };
		D726B5A025F369FC00B51D61 /* LSHomeItemCell.xib in Resources */ = {isa = PBXBuildFile; fileRef = D726B59E25F369FC00B51D61 /* LSHomeItemCell.xib */; };
		D726B5AB25F3701C00B51D61 /* LSMarketListModel.swift in Sources */ = {isa = PBXBuildFile; fileRef = D726B5AA25F3701C00B51D61 /* LSMarketListModel.swift */; };
		D726B5B125F3791800B51D61 /* LSMarketListCell.swift in Sources */ = {isa = PBXBuildFile; fileRef = D726B5AF25F3791700B51D61 /* LSMarketListCell.swift */; };
		D726B5B225F3791800B51D61 /* LSMarketListCell.xib in Resources */ = {isa = PBXBuildFile; fileRef = D726B5B025F3791800B51D61 /* LSMarketListCell.xib */; };
		D726B5B725F383CE00B51D61 /* LSNoticeListModel.swift in Sources */ = {isa = PBXBuildFile; fileRef = D726B5B625F383CE00B51D61 /* LSNoticeListModel.swift */; };
		D74C02E925E0E3C40017E1E7 /* LSLoginViewController.swift in Sources */ = {isa = PBXBuildFile; fileRef = D74C02E725E0E3C40017E1E7 /* LSLoginViewController.swift */; };
		D74C02EA25E0E3C40017E1E7 /* LSLoginViewController.xib in Resources */ = {isa = PBXBuildFile; fileRef = D74C02E825E0E3C40017E1E7 /* LSLoginViewController.xib */; };
		D74C02F325E0E3EA0017E1E7 /* LSNetRequest.swift in Sources */ = {isa = PBXBuildFile; fileRef = D74C02F225E0E3EA0017E1E7 /* LSNetRequest.swift */; };
		D777B70325E647F00082CC1B /* LSForgotPasswordVC.swift in Sources */ = {isa = PBXBuildFile; fileRef = D777B70125E647F00082CC1B /* LSForgotPasswordVC.swift */; };
		D777B70425E647F00082CC1B /* LSForgotPasswordVC.xib in Resources */ = {isa = PBXBuildFile; fileRef = D777B70225E647F00082CC1B /* LSForgotPasswordVC.xib */; };
		D777B70A25E64AF70082CC1B /* LSVerifyCodeView.swift in Sources */ = {isa = PBXBuildFile; fileRef = D777B70925E64AF70082CC1B /* LSVerifyCodeView.swift */; };
		D777B71225E64B020082CC1B /* LSVerifyCodeView.xib in Resources */ = {isa = PBXBuildFile; fileRef = D777B71125E64B020082CC1B /* LSVerifyCodeView.xib */; };
		D78B820525E3512600F2360E /* LSRegisterViewController.swift in Sources */ = {isa = PBXBuildFile; fileRef = D78B820325E3512600F2360E /* LSRegisterViewController.swift */; };
		D78B820625E3512600F2360E /* LSRegisterViewController.xib in Resources */ = {isa = PBXBuildFile; fileRef = D78B820425E3512600F2360E /* LSRegisterViewController.xib */; };
		D78B820E25E3586400F2360E /* NSObject+Extension.swift in Sources */ = {isa = PBXBuildFile; fileRef = D78B820B25E3586400F2360E /* NSObject+Extension.swift */; };
		D78B820F25E3586400F2360E /* Localize.swift in Sources */ = {isa = PBXBuildFile; fileRef = D78B820C25E3586400F2360E /* Localize.swift */; };
		D78B821025E3586400F2360E /* Bundle+Swizzling.swift in Sources */ = {isa = PBXBuildFile; fileRef = D78B820D25E3586400F2360E /* Bundle+Swizzling.swift */; };
		D78B821525E358DA00F2360E /* constantDefine.swift in Sources */ = {isa = PBXBuildFile; fileRef = D78B821425E358DA00F2360E /* constantDefine.swift */; };
		D78B821A25E35C0300F2360E /* String+Extension.swift in Sources */ = {isa = PBXBuildFile; fileRef = D78B821925E35C0300F2360E /* String+Extension.swift */; };
		D79DC16125F5CCD8003ABCD5 /* LSProfileCell.swift in Sources */ = {isa = PBXBuildFile; fileRef = D79DC15F25F5CCD8003ABCD5 /* LSProfileCell.swift */; };
		D79DC16225F5CCD8003ABCD5 /* LSProfileCell.xib in Resources */ = {isa = PBXBuildFile; fileRef = D79DC16025F5CCD8003ABCD5 /* LSProfileCell.xib */; };
		D79DC16F25F5D07C003ABCD5 /* LSSustainabilityViewController.swift in Sources */ = {isa = PBXBuildFile; fileRef = D79DC16D25F5D07C003ABCD5 /* LSSustainabilityViewController.swift */; };
		D79DC17025F5D07C003ABCD5 /* LSSustainabilityViewController.xib in Resources */ = {isa = PBXBuildFile; fileRef = D79DC16E25F5D07C003ABCD5 /* LSSustainabilityViewController.xib */; };
		D79DC17925F5D095003ABCD5 /* LSOTCMainViewController.swift in Sources */ = {isa = PBXBuildFile; fileRef = D79DC17725F5D095003ABCD5 /* LSOTCMainViewController.swift */; };
		D79DC17A25F5D095003ABCD5 /* LSOTCMainViewController.xib in Resources */ = {isa = PBXBuildFile; fileRef = D79DC17825F5D095003ABCD5 /* LSOTCMainViewController.xib */; };
		D79DC18025F5D0AC003ABCD5 /* LSCoinCurrencyTradeVC.swift in Sources */ = {isa = PBXBuildFile; fileRef = D79DC17E25F5D0AC003ABCD5 /* LSCoinCurrencyTradeVC.swift */; };
		D79DC18125F5D0AC003ABCD5 /* LSCoinCurrencyTradeVC.xib in Resources */ = {isa = PBXBuildFile; fileRef = D79DC17F25F5D0AC003ABCD5 /* LSCoinCurrencyTradeVC.xib */; };
		D79DC18725F5D0CD003ABCD5 /* LSOTCTradeUserInfo.swift in Sources */ = {isa = PBXBuildFile; fileRef = D79DC18625F5D0CD003ABCD5 /* LSOTCTradeUserInfo.swift */; };
		D7E81C9325E4ADB4003D760B /* LSIBInspectable.swift in Sources */ = {isa = PBXBuildFile; fileRef = D7E81C9225E4ADB4003D760B /* LSIBInspectable.swift */; };
		D7F9F50225C0FD6500BB32D7 /* AppDelegate.swift in Sources */ = {isa = PBXBuildFile; fileRef = D7F9F50125C0FD6500BB32D7 /* AppDelegate.swift */; };
		D7F9F50925C0FD6500BB32D7 /* Main.storyboard in Resources */ = {isa = PBXBuildFile; fileRef = D7F9F50725C0FD6500BB32D7 /* Main.storyboard */; };
		D7F9F50B25C0FD6700BB32D7 /* Assets.xcassets in Resources */ = {isa = PBXBuildFile; fileRef = D7F9F50A25C0FD6700BB32D7 /* Assets.xcassets */; };
		D7F9F50E25C0FD6700BB32D7 /* LaunchScreen.storyboard in Resources */ = {isa = PBXBuildFile; fileRef = D7F9F50C25C0FD6700BB32D7 /* LaunchScreen.storyboard */; };
		D7F9F51925C0FD6700BB32D7 /* HYEX_SwiftTests.swift in Sources */ = {isa = PBXBuildFile; fileRef = D7F9F51825C0FD6700BB32D7 /* HYEX_SwiftTests.swift */; };
		D7F9F52425C0FD6700BB32D7 /* HYEX_SwiftUITests.swift in Sources */ = {isa = PBXBuildFile; fileRef = D7F9F52325C0FD6700BB32D7 /* HYEX_SwiftUITests.swift */; };
		D7F9F55025C1000C00BB32D7 /* LSMainTabbarController.swift in Sources */ = {isa = PBXBuildFile; fileRef = D7F9F54F25C1000C00BB32D7 /* LSMainTabbarController.swift */; };
		D7F9F55825C1063C00BB32D7 /* LSBaseViewController.swift in Sources */ = {isa = PBXBuildFile; fileRef = D7F9F55725C1063C00BB32D7 /* LSBaseViewController.swift */; };
		D7F9F55D25C1089B00BB32D7 /* LSBaseNavigationController.swift in Sources */ = {isa = PBXBuildFile; fileRef = D7F9F55C25C1089B00BB32D7 /* LSBaseNavigationController.swift */; };
		D7F9F5A125C10CDD00BB32D7 /* Common.swift in Sources */ = {isa = PBXBuildFile; fileRef = D7F9F5A025C10CDD00BB32D7 /* Common.swift */; };
		D7F9F5A825C1122B00BB32D7 /* LSHomeViewController.swift in Sources */ = {isa = PBXBuildFile; fileRef = D7F9F5A625C1122B00BB32D7 /* LSHomeViewController.swift */; };
		D7F9F5A925C1122B00BB32D7 /* LSHomeViewController.xib in Resources */ = {isa = PBXBuildFile; fileRef = D7F9F5A725C1122B00BB32D7 /* LSHomeViewController.xib */; };
/* End PBXBuildFile section */

/* Begin PBXContainerItemProxy section */
		D7F9F51525C0FD6700BB32D7 /* PBXContainerItemProxy */ = {
			isa = PBXContainerItemProxy;
			containerPortal = D7F9F4F625C0FD6500BB32D7 /* Project object */;
			proxyType = 1;
			remoteGlobalIDString = D7F9F4FD25C0FD6500BB32D7;
			remoteInfo = HYEX_Swift;
		};
		D7F9F52025C0FD6700BB32D7 /* PBXContainerItemProxy */ = {
			isa = PBXContainerItemProxy;
			containerPortal = D7F9F4F625C0FD6500BB32D7 /* Project object */;
			proxyType = 1;
			remoteGlobalIDString = D7F9F4FD25C0FD6500BB32D7;
			remoteInfo = HYEX_Swift;
		};
/* End PBXContainerItemProxy section */

/* Begin PBXFileReference section */
		392F33080D2BEC680542A74E /* Pods_HYEX_Swift.framework */ = {isa = PBXFileReference; explicitFileType = wrapper.framework; includeInIndex = 0; path = Pods_HYEX_Swift.framework; sourceTree = BUILT_PRODUCTS_DIR; };
		3C13EBDF25F65E85003A58BE /* LSMarketListViewController.swift */ = {isa = PBXFileReference; lastKnownFileType = sourcecode.swift; path = LSMarketListViewController.swift; sourceTree = "<group>"; };
		3C13EBE025F65E85003A58BE /* LSMarketListViewController.xib */ = {isa = PBXFileReference; lastKnownFileType = file.xib; path = LSMarketListViewController.xib; sourceTree = "<group>"; };
		3C13EBF625F669AB003A58BE /* LSMarketListItemModel.swift */ = {isa = PBXFileReference; lastKnownFileType = sourcecode.swift; path = LSMarketListItemModel.swift; sourceTree = "<group>"; };
		3C4CB3E225F7A45500501916 /* LSTradeMainViewController.swift */ = {isa = PBXFileReference; lastKnownFileType = sourcecode.swift; path = LSTradeMainViewController.swift; sourceTree = "<group>"; };
		3C4CB3E325F7A45500501916 /* LSTradeMainViewController.xib */ = {isa = PBXFileReference; lastKnownFileType = file.xib; path = LSTradeMainViewController.xib; sourceTree = "<group>"; };
		3C4CB3EB25F7B4B400501916 /* LSSustainabilityHeaderView.swift */ = {isa = PBXFileReference; lastKnownFileType = sourcecode.swift; path = LSSustainabilityHeaderView.swift; sourceTree = "<group>"; };
		3C4CB3F325F7B4BC00501916 /* LSSustainabilityHeaderView.xib */ = {isa = PBXFileReference; lastKnownFileType = file.xib; path = LSSustainabilityHeaderView.xib; sourceTree = "<group>"; };
		3C4CB3F825F7B57D00501916 /* LSSustainabilityManager.swift */ = {isa = PBXFileReference; lastKnownFileType = sourcecode.swift; path = LSSustainabilityManager.swift; sourceTree = "<group>"; };
		3C4CB3FD25F7B67900501916 /* LSSustainabilityBaseView.swift */ = {isa = PBXFileReference; lastKnownFileType = sourcecode.swift; path = LSSustainabilityBaseView.swift; sourceTree = "<group>"; };
		3CA43FF125F108B20070229F /* LSProfileViewController.swift */ = {isa = PBXFileReference; lastKnownFileType = sourcecode.swift; path = LSProfileViewController.swift; sourceTree = "<group>"; };
		3CA43FF225F108B20070229F /* LSProfileViewController.xib */ = {isa = PBXFileReference; lastKnownFileType = file.xib; path = LSProfileViewController.xib; sourceTree = "<group>"; };
		7A397BAF0800A9BEE834BB9D /* Pods-HYEX_Swift.release.xcconfig */ = {isa = PBXFileReference; includeInIndex = 1; lastKnownFileType = text.xcconfig; name = "Pods-HYEX_Swift.release.xcconfig"; path = "Target Support Files/Pods-HYEX_Swift/Pods-HYEX_Swift.release.xcconfig"; sourceTree = "<group>"; };
		851456A3235A6C9CE3F6B601 /* Pods-HYEX_Swift.debug.xcconfig */ = {isa = PBXFileReference; includeInIndex = 1; lastKnownFileType = text.xcconfig; name = "Pods-HYEX_Swift.debug.xcconfig"; path = "Target Support Files/Pods-HYEX_Swift/Pods-HYEX_Swift.debug.xcconfig"; sourceTree = "<group>"; };
		D70CAFDD25F22D4700037A52 /* TestModel.swift */ = {isa = PBXFileReference; lastKnownFileType = sourcecode.swift; path = TestModel.swift; sourceTree = "<group>"; };
		D70D19DF25E78A22009F7C3C /* LSVerifyCodeBtn.swift */ = {isa = PBXFileReference; lastKnownFileType = sourcecode.swift; path = LSVerifyCodeBtn.swift; sourceTree = "<group>"; };
		D712C57325F774F400D5EA0A /* SecondaryChartRenderer.swift */ = {isa = PBXFileReference; fileEncoding = 4; lastKnownFileType = sourcecode.swift; path = SecondaryChartRenderer.swift; sourceTree = "<group>"; };
		D712C57425F774F400D5EA0A /* MainChartRenderer.swift */ = {isa = PBXFileReference; fileEncoding = 4; lastKnownFileType = sourcecode.swift; path = MainChartRenderer.swift; sourceTree = "<group>"; };
		D712C57525F774F400D5EA0A /* VolChartRenderer.swift */ = {isa = PBXFileReference; fileEncoding = 4; lastKnownFileType = sourcecode.swift; path = VolChartRenderer.swift; sourceTree = "<group>"; };
		D712C57625F774F400D5EA0A /* BaseChartRenderer.swift */ = {isa = PBXFileReference; fileEncoding = 4; lastKnownFileType = sourcecode.swift; path = BaseChartRenderer.swift; sourceTree = "<group>"; };
		D712C57725F774F400D5EA0A /* KLinePainterView.swift */ = {isa = PBXFileReference; fileEncoding = 4; lastKnownFileType = sourcecode.swift; path = KLinePainterView.swift; sourceTree = "<group>"; };
		D712C57925F774F400D5EA0A /* KLineStateManger.swift */ = {isa = PBXFileReference; fileEncoding = 4; lastKnownFileType = sourcecode.swift; path = KLineStateManger.swift; sourceTree = "<group>"; };
		D712C57A25F774F400D5EA0A /* DataUtil.swift */ = {isa = PBXFileReference; fileEncoding = 4; lastKnownFileType = sourcecode.swift; path = DataUtil.swift; sourceTree = "<group>"; };
		D712C57B25F774F400D5EA0A /* UIColor+RGB.swift */ = {isa = PBXFileReference; fileEncoding = 4; lastKnownFileType = sourcecode.swift; path = "UIColor+RGB.swift"; sourceTree = "<group>"; };
		D712C57C25F774F400D5EA0A /* Calculate.swift */ = {isa = PBXFileReference; fileEncoding = 4; lastKnownFileType = sourcecode.swift; path = Calculate.swift; sourceTree = "<group>"; };
		D712C57E25F774F400D5EA0A /* ChartStyle.swift */ = {isa = PBXFileReference; fileEncoding = 4; lastKnownFileType = sourcecode.swift; path = ChartStyle.swift; sourceTree = "<group>"; };
		D712C57F25F774F400D5EA0A /* KLineChartView.swift */ = {isa = PBXFileReference; fileEncoding = 4; lastKnownFileType = sourcecode.swift; path = KLineChartView.swift; sourceTree = "<group>"; };
		D712C58125F774F400D5EA0A /* KLineModel.swift */ = {isa = PBXFileReference; fileEncoding = 4; lastKnownFileType = sourcecode.swift; path = KLineModel.swift; sourceTree = "<group>"; };
		D712C58225F774F400D5EA0A /* KLineState.swift */ = {isa = PBXFileReference; fileEncoding = 4; lastKnownFileType = sourcecode.swift; path = KLineState.swift; sourceTree = "<group>"; };
		D712C58425F774F400D5EA0A /* KLineInfoView.swift */ = {isa = PBXFileReference; fileEncoding = 4; lastKnownFileType = sourcecode.swift; path = KLineInfoView.swift; sourceTree = "<group>"; };
		D712C58525F774F400D5EA0A /* KLineIndicatorsView.swift */ = {isa = PBXFileReference; fileEncoding = 4; lastKnownFileType = sourcecode.swift; path = KLineIndicatorsView.swift; sourceTree = "<group>"; };
		D712C58625F774F400D5EA0A /* KLinePeriodView.xib */ = {isa = PBXFileReference; fileEncoding = 4; lastKnownFileType = file.xib; path = KLinePeriodView.xib; sourceTree = "<group>"; };
		D712C58725F774F400D5EA0A /* KLineIndicatorsView.xib */ = {isa = PBXFileReference; fileEncoding = 4; lastKnownFileType = file.xib; path = KLineIndicatorsView.xib; sourceTree = "<group>"; };
		D712C58825F774F400D5EA0A /* KLinePeriodView.swift */ = {isa = PBXFileReference; fileEncoding = 4; lastKnownFileType = sourcecode.swift; path = KLinePeriodView.swift; sourceTree = "<group>"; };
		D712C58925F774F400D5EA0A /* KLineVerticalIndicatorsView.swift */ = {isa = PBXFileReference; fileEncoding = 4; lastKnownFileType = sourcecode.swift; path = KLineVerticalIndicatorsView.swift; sourceTree = "<group>"; };
		D712C58A25F774F400D5EA0A /* KLineVerticalIndicatorsView.xib */ = {isa = PBXFileReference; fileEncoding = 4; lastKnownFileType = file.xib; path = KLineVerticalIndicatorsView.xib; sourceTree = "<group>"; };
		D712C58B25F774F400D5EA0A /* KLineInfoView.xib */ = {isa = PBXFileReference; fileEncoding = 4; lastKnownFileType = file.xib; path = KLineInfoView.xib; sourceTree = "<group>"; };
		D726B56E25F3169F00B51D61 /* LSUserInfo.swift */ = {isa = PBXFileReference; lastKnownFileType = sourcecode.swift; path = LSUserInfo.swift; sourceTree = "<group>"; };
		D726B57325F319F000B51D61 /* LSLoginModel.swift */ = {isa = PBXFileReference; lastKnownFileType = sourcecode.swift; path = LSLoginModel.swift; sourceTree = "<group>"; };
		D726B57825F3206B00B51D61 /* MD5.swift */ = {isa = PBXFileReference; lastKnownFileType = sourcecode.swift; path = MD5.swift; sourceTree = "<group>"; };
		D726B59425F3632200B51D61 /* LSBannerModel.swift */ = {isa = PBXFileReference; lastKnownFileType = sourcecode.swift; path = LSBannerModel.swift; sourceTree = "<group>"; };
		D726B59D25F369FC00B51D61 /* LSHomeItemCell.swift */ = {isa = PBXFileReference; lastKnownFileType = sourcecode.swift; path = LSHomeItemCell.swift; sourceTree = "<group>"; };
		D726B59E25F369FC00B51D61 /* LSHomeItemCell.xib */ = {isa = PBXFileReference; lastKnownFileType = file.xib; path = LSHomeItemCell.xib; sourceTree = "<group>"; };
		D726B5AA25F3701C00B51D61 /* LSMarketListModel.swift */ = {isa = PBXFileReference; lastKnownFileType = sourcecode.swift; path = LSMarketListModel.swift; sourceTree = "<group>"; };
		D726B5AF25F3791700B51D61 /* LSMarketListCell.swift */ = {isa = PBXFileReference; lastKnownFileType = sourcecode.swift; path = LSMarketListCell.swift; sourceTree = "<group>"; };
		D726B5B025F3791800B51D61 /* LSMarketListCell.xib */ = {isa = PBXFileReference; lastKnownFileType = file.xib; path = LSMarketListCell.xib; sourceTree = "<group>"; };
		D726B5B625F383CE00B51D61 /* LSNoticeListModel.swift */ = {isa = PBXFileReference; lastKnownFileType = sourcecode.swift; path = LSNoticeListModel.swift; sourceTree = "<group>"; };
		D74C02E725E0E3C40017E1E7 /* LSLoginViewController.swift */ = {isa = PBXFileReference; lastKnownFileType = sourcecode.swift; path = LSLoginViewController.swift; sourceTree = "<group>"; };
		D74C02E825E0E3C40017E1E7 /* LSLoginViewController.xib */ = {isa = PBXFileReference; lastKnownFileType = file.xib; path = LSLoginViewController.xib; sourceTree = "<group>"; };
		D74C02F225E0E3EA0017E1E7 /* LSNetRequest.swift */ = {isa = PBXFileReference; lastKnownFileType = sourcecode.swift; path = LSNetRequest.swift; sourceTree = "<group>"; };
		D777B70125E647F00082CC1B /* LSForgotPasswordVC.swift */ = {isa = PBXFileReference; lastKnownFileType = sourcecode.swift; path = LSForgotPasswordVC.swift; sourceTree = "<group>"; };
		D777B70225E647F00082CC1B /* LSForgotPasswordVC.xib */ = {isa = PBXFileReference; lastKnownFileType = file.xib; path = LSForgotPasswordVC.xib; sourceTree = "<group>"; };
		D777B70925E64AF70082CC1B /* LSVerifyCodeView.swift */ = {isa = PBXFileReference; lastKnownFileType = sourcecode.swift; path = LSVerifyCodeView.swift; sourceTree = "<group>"; };
		D777B71125E64B020082CC1B /* LSVerifyCodeView.xib */ = {isa = PBXFileReference; lastKnownFileType = file.xib; path = LSVerifyCodeView.xib; sourceTree = "<group>"; };
		D78B820325E3512600F2360E /* LSRegisterViewController.swift */ = {isa = PBXFileReference; lastKnownFileType = sourcecode.swift; path = LSRegisterViewController.swift; sourceTree = "<group>"; };
		D78B820425E3512600F2360E /* LSRegisterViewController.xib */ = {isa = PBXFileReference; lastKnownFileType = file.xib; path = LSRegisterViewController.xib; sourceTree = "<group>"; };
		D78B820B25E3586400F2360E /* NSObject+Extension.swift */ = {isa = PBXFileReference; fileEncoding = 4; lastKnownFileType = sourcecode.swift; path = "NSObject+Extension.swift"; sourceTree = "<group>"; };
		D78B820C25E3586400F2360E /* Localize.swift */ = {isa = PBXFileReference; fileEncoding = 4; lastKnownFileType = sourcecode.swift; path = Localize.swift; sourceTree = "<group>"; };
		D78B820D25E3586400F2360E /* Bundle+Swizzling.swift */ = {isa = PBXFileReference; fileEncoding = 4; lastKnownFileType = sourcecode.swift; path = "Bundle+Swizzling.swift"; sourceTree = "<group>"; };
		D78B821425E358DA00F2360E /* constantDefine.swift */ = {isa = PBXFileReference; lastKnownFileType = sourcecode.swift; path = constantDefine.swift; sourceTree = "<group>"; };
		D78B821925E35C0300F2360E /* String+Extension.swift */ = {isa = PBXFileReference; lastKnownFileType = sourcecode.swift; path = "String+Extension.swift"; sourceTree = "<group>"; };
		D79DC15F25F5CCD8003ABCD5 /* LSProfileCell.swift */ = {isa = PBXFileReference; lastKnownFileType = sourcecode.swift; path = LSProfileCell.swift; sourceTree = "<group>"; };
		D79DC16025F5CCD8003ABCD5 /* LSProfileCell.xib */ = {isa = PBXFileReference; lastKnownFileType = file.xib; path = LSProfileCell.xib; sourceTree = "<group>"; };
		D79DC16D25F5D07C003ABCD5 /* LSSustainabilityViewController.swift */ = {isa = PBXFileReference; lastKnownFileType = sourcecode.swift; path = LSSustainabilityViewController.swift; sourceTree = "<group>"; };
		D79DC16E25F5D07C003ABCD5 /* LSSustainabilityViewController.xib */ = {isa = PBXFileReference; lastKnownFileType = file.xib; path = LSSustainabilityViewController.xib; sourceTree = "<group>"; };
		D79DC17725F5D095003ABCD5 /* LSOTCMainViewController.swift */ = {isa = PBXFileReference; lastKnownFileType = sourcecode.swift; path = LSOTCMainViewController.swift; sourceTree = "<group>"; };
		D79DC17825F5D095003ABCD5 /* LSOTCMainViewController.xib */ = {isa = PBXFileReference; lastKnownFileType = file.xib; path = LSOTCMainViewController.xib; sourceTree = "<group>"; };
		D79DC17E25F5D0AC003ABCD5 /* LSCoinCurrencyTradeVC.swift */ = {isa = PBXFileReference; lastKnownFileType = sourcecode.swift; path = LSCoinCurrencyTradeVC.swift; sourceTree = "<group>"; };
		D79DC17F25F5D0AC003ABCD5 /* LSCoinCurrencyTradeVC.xib */ = {isa = PBXFileReference; lastKnownFileType = file.xib; path = LSCoinCurrencyTradeVC.xib; sourceTree = "<group>"; };
		D79DC18625F5D0CD003ABCD5 /* LSOTCTradeUserInfo.swift */ = {isa = PBXFileReference; lastKnownFileType = sourcecode.swift; path = LSOTCTradeUserInfo.swift; sourceTree = "<group>"; };
		D7E81C9225E4ADB4003D760B /* LSIBInspectable.swift */ = {isa = PBXFileReference; lastKnownFileType = sourcecode.swift; path = LSIBInspectable.swift; sourceTree = "<group>"; };
		D7F9F4FE25C0FD6500BB32D7 /* HYEX_Swift.app */ = {isa = PBXFileReference; explicitFileType = wrapper.application; includeInIndex = 0; path = HYEX_Swift.app; sourceTree = BUILT_PRODUCTS_DIR; };
		D7F9F50125C0FD6500BB32D7 /* AppDelegate.swift */ = {isa = PBXFileReference; lastKnownFileType = sourcecode.swift; path = AppDelegate.swift; sourceTree = "<group>"; };
		D7F9F50825C0FD6500BB32D7 /* Base */ = {isa = PBXFileReference; lastKnownFileType = file.storyboard; name = Base; path = Base.lproj/Main.storyboard; sourceTree = "<group>"; };
		D7F9F50A25C0FD6700BB32D7 /* Assets.xcassets */ = {isa = PBXFileReference; lastKnownFileType = folder.assetcatalog; path = Assets.xcassets; sourceTree = "<group>"; };
		D7F9F50D25C0FD6700BB32D7 /* Base */ = {isa = PBXFileReference; lastKnownFileType = file.storyboard; name = Base; path = Base.lproj/LaunchScreen.storyboard; sourceTree = "<group>"; };
		D7F9F50F25C0FD6700BB32D7 /* Info.plist */ = {isa = PBXFileReference; lastKnownFileType = text.plist.xml; path = Info.plist; sourceTree = "<group>"; };
		D7F9F51425C0FD6700BB32D7 /* HYEX_SwiftTests.xctest */ = {isa = PBXFileReference; explicitFileType = wrapper.cfbundle; includeInIndex = 0; path = HYEX_SwiftTests.xctest; sourceTree = BUILT_PRODUCTS_DIR; };
		D7F9F51825C0FD6700BB32D7 /* HYEX_SwiftTests.swift */ = {isa = PBXFileReference; lastKnownFileType = sourcecode.swift; path = HYEX_SwiftTests.swift; sourceTree = "<group>"; };
		D7F9F51A25C0FD6700BB32D7 /* Info.plist */ = {isa = PBXFileReference; lastKnownFileType = text.plist.xml; path = Info.plist; sourceTree = "<group>"; };
		D7F9F51F25C0FD6700BB32D7 /* HYEX_SwiftUITests.xctest */ = {isa = PBXFileReference; explicitFileType = wrapper.cfbundle; includeInIndex = 0; path = HYEX_SwiftUITests.xctest; sourceTree = BUILT_PRODUCTS_DIR; };
		D7F9F52325C0FD6700BB32D7 /* HYEX_SwiftUITests.swift */ = {isa = PBXFileReference; lastKnownFileType = sourcecode.swift; path = HYEX_SwiftUITests.swift; sourceTree = "<group>"; };
		D7F9F52525C0FD6700BB32D7 /* Info.plist */ = {isa = PBXFileReference; lastKnownFileType = text.plist.xml; path = Info.plist; sourceTree = "<group>"; };
		D7F9F54F25C1000C00BB32D7 /* LSMainTabbarController.swift */ = {isa = PBXFileReference; lastKnownFileType = sourcecode.swift; path = LSMainTabbarController.swift; sourceTree = "<group>"; };
		D7F9F55725C1063C00BB32D7 /* LSBaseViewController.swift */ = {isa = PBXFileReference; lastKnownFileType = sourcecode.swift; path = LSBaseViewController.swift; sourceTree = "<group>"; };
		D7F9F55C25C1089B00BB32D7 /* LSBaseNavigationController.swift */ = {isa = PBXFileReference; lastKnownFileType = sourcecode.swift; path = LSBaseNavigationController.swift; sourceTree = "<group>"; };
		D7F9F5A025C10CDD00BB32D7 /* Common.swift */ = {isa = PBXFileReference; lastKnownFileType = sourcecode.swift; path = Common.swift; sourceTree = "<group>"; };
		D7F9F5A625C1122B00BB32D7 /* LSHomeViewController.swift */ = {isa = PBXFileReference; lastKnownFileType = sourcecode.swift; path = LSHomeViewController.swift; sourceTree = "<group>"; };
		D7F9F5A725C1122B00BB32D7 /* LSHomeViewController.xib */ = {isa = PBXFileReference; lastKnownFileType = file.xib; path = LSHomeViewController.xib; sourceTree = "<group>"; };
/* End PBXFileReference section */

/* Begin PBXFrameworksBuildPhase section */
		D7F9F4FB25C0FD6500BB32D7 /* Frameworks */ = {
			isa = PBXFrameworksBuildPhase;
			buildActionMask = 2147483647;
			files = (
				431C3158D3673A70A36BF790 /* Pods_HYEX_Swift.framework in Frameworks */,
			);
			runOnlyForDeploymentPostprocessing = 0;
		};
		D7F9F51125C0FD6700BB32D7 /* Frameworks */ = {
			isa = PBXFrameworksBuildPhase;
			buildActionMask = 2147483647;
			files = (
			);
			runOnlyForDeploymentPostprocessing = 0;
		};
		D7F9F51C25C0FD6700BB32D7 /* Frameworks */ = {
			isa = PBXFrameworksBuildPhase;
			buildActionMask = 2147483647;
			files = (
			);
			runOnlyForDeploymentPostprocessing = 0;
		};
/* End PBXFrameworksBuildPhase section */

/* Begin PBXGroup section */
		3C13EBDE25F65E6A003A58BE /* Market */ = {
			isa = PBXGroup;
			children = (
				3C13EBF525F66964003A58BE /* Model */,
				3C13EBDF25F65E85003A58BE /* LSMarketListViewController.swift */,
				3C13EBE025F65E85003A58BE /* LSMarketListViewController.xib */,
			);
			path = Market;
			sourceTree = "<group>";
		};
		3C13EBF525F66964003A58BE /* Model */ = {
			isa = PBXGroup;
			children = (
				3C13EBF625F669AB003A58BE /* LSMarketListItemModel.swift */,
			);
			path = Model;
			sourceTree = "<group>";
		};
		3C4CB3E925F7B49E00501916 /* View */ = {
			isa = PBXGroup;
			children = (
				3C4CB3FD25F7B67900501916 /* LSSustainabilityBaseView.swift */,
				3C4CB3EB25F7B4B400501916 /* LSSustainabilityHeaderView.swift */,
				3C4CB3F325F7B4BC00501916 /* LSSustainabilityHeaderView.xib */,
			);
			path = View;
			sourceTree = "<group>";
		};
		3C4CB3EA25F7B49E00501916 /* manager */ = {
			isa = PBXGroup;
			children = (
				3C4CB3F825F7B57D00501916 /* LSSustainabilityManager.swift */,
			);
			path = manager;
			sourceTree = "<group>";
		};
		3CA43FF025F1088B0070229F /* Profile */ = {
			isa = PBXGroup;
			children = (
				D79DC15E25F5CCBD003ABCD5 /* View */,
				3CA43FF125F108B20070229F /* LSProfileViewController.swift */,
				3CA43FF225F108B20070229F /* LSProfileViewController.xib */,
			);
			path = Profile;
			sourceTree = "<group>";
		};
		588ABF90956E00E848E6DD6E /* Frameworks */ = {
			isa = PBXGroup;
			children = (
				392F33080D2BEC680542A74E /* Pods_HYEX_Swift.framework */,
			);
			name = Frameworks;
			sourceTree = "<group>";
		};
		C71F801E4928486929CBFAD6 /* Pods */ = {
			isa = PBXGroup;
			children = (
				851456A3235A6C9CE3F6B601 /* Pods-HYEX_Swift.debug.xcconfig */,
				7A397BAF0800A9BEE834BB9D /* Pods-HYEX_Swift.release.xcconfig */,
			);
			path = Pods;
			sourceTree = "<group>";
		};
		D70CAFD925F217AE00037A52 /* Model */ = {
			isa = PBXGroup;
			children = (
				D70CAFDD25F22D4700037A52 /* TestModel.swift */,
				D726B56E25F3169F00B51D61 /* LSUserInfo.swift */,
				D726B57325F319F000B51D61 /* LSLoginModel.swift */,
			);
			path = Model;
			sourceTree = "<group>";
		};
		D712C57125F774F400D5EA0A /* KLineChart */ = {
			isa = PBXGroup;
			children = (
				D712C57F25F774F400D5EA0A /* KLineChartView.swift */,
				D712C57725F774F400D5EA0A /* KLinePainterView.swift */,
				D712C57225F774F400D5EA0A /* Renderer */,
				D712C57825F774F400D5EA0A /* Util */,
				D712C57D25F774F400D5EA0A /* Style */,
				D712C58025F774F400D5EA0A /* Model */,
				D712C58325F774F400D5EA0A /* View */,
			);
			name = KLineChart;
			path = HYEX_Swift/Tool/KLineChart;
			sourceTree = SOURCE_ROOT;
		};
		D712C57225F774F400D5EA0A /* Renderer */ = {
			isa = PBXGroup;
			children = (
				D712C57425F774F400D5EA0A /* MainChartRenderer.swift */,
				D712C57525F774F400D5EA0A /* VolChartRenderer.swift */,
				D712C57625F774F400D5EA0A /* BaseChartRenderer.swift */,
				D712C57325F774F400D5EA0A /* SecondaryChartRenderer.swift */,
			);
			path = Renderer;
			sourceTree = "<group>";
		};
		D712C57825F774F400D5EA0A /* Util */ = {
			isa = PBXGroup;
			children = (
				D712C57925F774F400D5EA0A /* KLineStateManger.swift */,
				D712C57A25F774F400D5EA0A /* DataUtil.swift */,
				D712C57B25F774F400D5EA0A /* UIColor+RGB.swift */,
				D712C57C25F774F400D5EA0A /* Calculate.swift */,
			);
			path = Util;
			sourceTree = "<group>";
		};
		D712C57D25F774F400D5EA0A /* Style */ = {
			isa = PBXGroup;
			children = (
				D712C57E25F774F400D5EA0A /* ChartStyle.swift */,
			);
			path = Style;
			sourceTree = "<group>";
		};
		D712C58025F774F400D5EA0A /* Model */ = {
			isa = PBXGroup;
			children = (
				D712C58125F774F400D5EA0A /* KLineModel.swift */,
				D712C58225F774F400D5EA0A /* KLineState.swift */,
			);
			path = Model;
			sourceTree = "<group>";
		};
		D712C58325F774F400D5EA0A /* View */ = {
			isa = PBXGroup;
			children = (
				D712C58425F774F400D5EA0A /* KLineInfoView.swift */,
				D712C58525F774F400D5EA0A /* KLineIndicatorsView.swift */,
				D712C58625F774F400D5EA0A /* KLinePeriodView.xib */,
				D712C58725F774F400D5EA0A /* KLineIndicatorsView.xib */,
				D712C58825F774F400D5EA0A /* KLinePeriodView.swift */,
				D712C58925F774F400D5EA0A /* KLineVerticalIndicatorsView.swift */,
				D712C58A25F774F400D5EA0A /* KLineVerticalIndicatorsView.xib */,
				D712C58B25F774F400D5EA0A /* KLineInfoView.xib */,
			);
			path = View;
			sourceTree = "<group>";
		};
		D726B59325F3631600B51D61 /* Model */ = {
			isa = PBXGroup;
			children = (
				D726B59425F3632200B51D61 /* LSBannerModel.swift */,
				D726B5AA25F3701C00B51D61 /* LSMarketListModel.swift */,
				D726B5B625F383CE00B51D61 /* LSNoticeListModel.swift */,
			);
			path = Model;
			sourceTree = "<group>";
		};
		D726B59C25F369E000B51D61 /* View */ = {
			isa = PBXGroup;
			children = (
				D726B59D25F369FC00B51D61 /* LSHomeItemCell.swift */,
				D726B59E25F369FC00B51D61 /* LSHomeItemCell.xib */,
				D726B5AF25F3791700B51D61 /* LSMarketListCell.swift */,
				D726B5B025F3791800B51D61 /* LSMarketListCell.xib */,
			);
			path = View;
			sourceTree = "<group>";
		};
		D74C02E625E0E3750017E1E7 /* Login&Register */ = {
			isa = PBXGroup;
			children = (
				D70CAFD925F217AE00037A52 /* Model */,
				D74C02E725E0E3C40017E1E7 /* LSLoginViewController.swift */,
				D74C02E825E0E3C40017E1E7 /* LSLoginViewController.xib */,
				D78B820325E3512600F2360E /* LSRegisterViewController.swift */,
				D78B820425E3512600F2360E /* LSRegisterViewController.xib */,
				D777B70125E647F00082CC1B /* LSForgotPasswordVC.swift */,
				D777B70225E647F00082CC1B /* LSForgotPasswordVC.xib */,
			);
			path = "Login&Register";
			sourceTree = "<group>";
		};
		D74C02F125E0E3D70017E1E7 /* Tool */ = {
			isa = PBXGroup;
			children = (
				D74C02F225E0E3EA0017E1E7 /* LSNetRequest.swift */,
				D726B57825F3206B00B51D61 /* MD5.swift */,
			);
			path = Tool;
			sourceTree = "<group>";
		};
		D777B70825E64AD90082CC1B /* verifyCodeTool */ = {
			isa = PBXGroup;
			children = (
				D777B70925E64AF70082CC1B /* LSVerifyCodeView.swift */,
				D777B71125E64B020082CC1B /* LSVerifyCodeView.xib */,
				D70D19DF25E78A22009F7C3C /* LSVerifyCodeBtn.swift */,
			);
			path = verifyCodeTool;
			sourceTree = "<group>";
		};
		D78B820A25E3586400F2360E /* Localize */ = {
			isa = PBXGroup;
			children = (
				D78B820B25E3586400F2360E /* NSObject+Extension.swift */,
				D78B820C25E3586400F2360E /* Localize.swift */,
				D78B820D25E3586400F2360E /* Bundle+Swizzling.swift */,
			);
			name = Localize;
			path = HYEX_Swift/Tool/Localize;
			sourceTree = SOURCE_ROOT;
		};
		D79DC15E25F5CCBD003ABCD5 /* View */ = {
			isa = PBXGroup;
			children = (
				D79DC15F25F5CCD8003ABCD5 /* LSProfileCell.swift */,
				D79DC16025F5CCD8003ABCD5 /* LSProfileCell.xib */,
			);
			path = View;
			sourceTree = "<group>";
		};
		D79DC16925F5D001003ABCD5 /* Trade */ = {
			isa = PBXGroup;
			children = (
				D79DC16C25F5D030003ABCD5 /* CoinCurrency */,
				D79DC16A25F5D030003ABCD5 /* OTC */,
				D79DC16B25F5D030003ABCD5 /* Sustainability */,
				3C4CB3E225F7A45500501916 /* LSTradeMainViewController.swift */,
				3C4CB3E325F7A45500501916 /* LSTradeMainViewController.xib */,
			);
			path = Trade;
			sourceTree = "<group>";
		};
		D79DC16A25F5D030003ABCD5 /* OTC */ = {
			isa = PBXGroup;
			children = (
				D79DC18525F5D0B6003ABCD5 /* Model */,
				D79DC17725F5D095003ABCD5 /* LSOTCMainViewController.swift */,
				D79DC17825F5D095003ABCD5 /* LSOTCMainViewController.xib */,
			);
			path = OTC;
			sourceTree = "<group>";
		};
		D79DC16B25F5D030003ABCD5 /* Sustainability */ = {
			isa = PBXGroup;
			children = (
				D79DC16D25F5D07C003ABCD5 /* LSSustainabilityViewController.swift */,
				D79DC16E25F5D07C003ABCD5 /* LSSustainabilityViewController.xib */,
				3C4CB3EA25F7B49E00501916 /* manager */,
				3C4CB3E925F7B49E00501916 /* View */,
			);
			path = Sustainability;
			sourceTree = "<group>";
		};
		D79DC16C25F5D030003ABCD5 /* CoinCurrency */ = {
			isa = PBXGroup;
			children = (
				D79DC17E25F5D0AC003ABCD5 /* LSCoinCurrencyTradeVC.swift */,
				D79DC17F25F5D0AC003ABCD5 /* LSCoinCurrencyTradeVC.xib */,
			);
			path = CoinCurrency;
			sourceTree = "<group>";
		};
		D79DC18525F5D0B6003ABCD5 /* Model */ = {
			isa = PBXGroup;
			children = (
				D79DC18625F5D0CD003ABCD5 /* LSOTCTradeUserInfo.swift */,
			);
			path = Model;
			sourceTree = "<group>";
		};
		D7F9F4F525C0FD6500BB32D7 = {
			isa = PBXGroup;
			children = (
				D7F9F50025C0FD6500BB32D7 /* HYEX_Swift */,
				D7F9F51725C0FD6700BB32D7 /* HYEX_SwiftTests */,
				D7F9F52225C0FD6700BB32D7 /* HYEX_SwiftUITests */,
				D7F9F4FF25C0FD6500BB32D7 /* Products */,
				C71F801E4928486929CBFAD6 /* Pods */,
				588ABF90956E00E848E6DD6E /* Frameworks */,
			);
			sourceTree = "<group>";
		};
		D7F9F4FF25C0FD6500BB32D7 /* Products */ = {
			isa = PBXGroup;
			children = (
				D7F9F4FE25C0FD6500BB32D7 /* HYEX_Swift.app */,
				D7F9F51425C0FD6700BB32D7 /* HYEX_SwiftTests.xctest */,
				D7F9F51F25C0FD6700BB32D7 /* HYEX_SwiftUITests.xctest */,
			);
			name = Products;
			sourceTree = "<group>";
		};
		D7F9F50025C0FD6500BB32D7 /* HYEX_Swift */ = {
			isa = PBXGroup;
			children = (
				D7F9F50125C0FD6500BB32D7 /* AppDelegate.swift */,
				D7F9F54E25C0FFB200BB32D7 /* Main_Root */,
				D777B70825E64AD90082CC1B /* verifyCodeTool */,
				D74C02F125E0E3D70017E1E7 /* Tool */,
				D7F9F56125C109B300BB32D7 /* Extension */,
				3C13EBDE25F65E6A003A58BE /* Market */,
				D79DC16925F5D001003ABCD5 /* Trade */,
				D7F9F5A525C1120600BB32D7 /* Home */,
				3CA43FF025F1088B0070229F /* Profile */,
				D74C02E625E0E3750017E1E7 /* Login&Register */,
				D7F9F50725C0FD6500BB32D7 /* Main.storyboard */,
				D7F9F50A25C0FD6700BB32D7 /* Assets.xcassets */,
				D7F9F50C25C0FD6700BB32D7 /* LaunchScreen.storyboard */,
				D7F9F50F25C0FD6700BB32D7 /* Info.plist */,
			);
			path = HYEX_Swift;
			sourceTree = "<group>";
		};
		D7F9F51725C0FD6700BB32D7 /* HYEX_SwiftTests */ = {
			isa = PBXGroup;
			children = (
				D7F9F51825C0FD6700BB32D7 /* HYEX_SwiftTests.swift */,
				D7F9F51A25C0FD6700BB32D7 /* Info.plist */,
			);
			path = HYEX_SwiftTests;
			sourceTree = "<group>";
		};
		D7F9F52225C0FD6700BB32D7 /* HYEX_SwiftUITests */ = {
			isa = PBXGroup;
			children = (
				D7F9F52325C0FD6700BB32D7 /* HYEX_SwiftUITests.swift */,
				D7F9F52525C0FD6700BB32D7 /* Info.plist */,
			);
			path = HYEX_SwiftUITests;
			sourceTree = "<group>";
		};
		D7F9F54E25C0FFB200BB32D7 /* Main_Root */ = {
			isa = PBXGroup;
			children = (
				D7F9F54F25C1000C00BB32D7 /* LSMainTabbarController.swift */,
				D7F9F55725C1063C00BB32D7 /* LSBaseViewController.swift */,
				D7F9F55C25C1089B00BB32D7 /* LSBaseNavigationController.swift */,
			);
			path = Main_Root;
			sourceTree = "<group>";
		};
		D7F9F56125C109B300BB32D7 /* Extension */ = {
			isa = PBXGroup;
			children = (
				D712C57125F774F400D5EA0A /* KLineChart */,
				D78B820A25E3586400F2360E /* Localize */,
				D7F9F5A025C10CDD00BB32D7 /* Common.swift */,
				D78B821425E358DA00F2360E /* constantDefine.swift */,
				D78B821925E35C0300F2360E /* String+Extension.swift */,
				D7E81C9225E4ADB4003D760B /* LSIBInspectable.swift */,
			);
			path = Extension;
			sourceTree = "<group>";
		};
		D7F9F5A525C1120600BB32D7 /* Home */ = {
			isa = PBXGroup;
			children = (
				D726B59C25F369E000B51D61 /* View */,
				D726B59325F3631600B51D61 /* Model */,
				D7F9F5A625C1122B00BB32D7 /* LSHomeViewController.swift */,
				D7F9F5A725C1122B00BB32D7 /* LSHomeViewController.xib */,
			);
			path = Home;
			sourceTree = "<group>";
		};
/* End PBXGroup section */

/* Begin PBXNativeTarget section */
		D7F9F4FD25C0FD6500BB32D7 /* HYEX_Swift */ = {
			isa = PBXNativeTarget;
			buildConfigurationList = D7F9F52825C0FD6700BB32D7 /* Build configuration list for PBXNativeTarget "HYEX_Swift" */;
			buildPhases = (
				7D77041A8070F1C2CE992A3E /* [CP] Check Pods Manifest.lock */,
				D7F9F4FA25C0FD6500BB32D7 /* Sources */,
				D7F9F4FB25C0FD6500BB32D7 /* Frameworks */,
				D7F9F4FC25C0FD6500BB32D7 /* Resources */,
				35ED17E5D539A275902A67B7 /* [CP] Embed Pods Frameworks */,
			);
			buildRules = (
			);
			dependencies = (
			);
			name = HYEX_Swift;
			productName = HYEX_Swift;
			productReference = D7F9F4FE25C0FD6500BB32D7 /* HYEX_Swift.app */;
			productType = "com.apple.product-type.application";
		};
		D7F9F51325C0FD6700BB32D7 /* HYEX_SwiftTests */ = {
			isa = PBXNativeTarget;
			buildConfigurationList = D7F9F52B25C0FD6700BB32D7 /* Build configuration list for PBXNativeTarget "HYEX_SwiftTests" */;
			buildPhases = (
				D7F9F51025C0FD6700BB32D7 /* Sources */,
				D7F9F51125C0FD6700BB32D7 /* Frameworks */,
				D7F9F51225C0FD6700BB32D7 /* Resources */,
			);
			buildRules = (
			);
			dependencies = (
				D7F9F51625C0FD6700BB32D7 /* PBXTargetDependency */,
			);
			name = HYEX_SwiftTests;
			productName = HYEX_SwiftTests;
			productReference = D7F9F51425C0FD6700BB32D7 /* HYEX_SwiftTests.xctest */;
			productType = "com.apple.product-type.bundle.unit-test";
		};
		D7F9F51E25C0FD6700BB32D7 /* HYEX_SwiftUITests */ = {
			isa = PBXNativeTarget;
			buildConfigurationList = D7F9F52E25C0FD6700BB32D7 /* Build configuration list for PBXNativeTarget "HYEX_SwiftUITests" */;
			buildPhases = (
				D7F9F51B25C0FD6700BB32D7 /* Sources */,
				D7F9F51C25C0FD6700BB32D7 /* Frameworks */,
				D7F9F51D25C0FD6700BB32D7 /* Resources */,
			);
			buildRules = (
			);
			dependencies = (
				D7F9F52125C0FD6700BB32D7 /* PBXTargetDependency */,
			);
			name = HYEX_SwiftUITests;
			productName = HYEX_SwiftUITests;
			productReference = D7F9F51F25C0FD6700BB32D7 /* HYEX_SwiftUITests.xctest */;
			productType = "com.apple.product-type.bundle.ui-testing";
		};
/* End PBXNativeTarget section */

/* Begin PBXProject section */
		D7F9F4F625C0FD6500BB32D7 /* Project object */ = {
			isa = PBXProject;
			attributes = {
				LastSwiftUpdateCheck = 1220;
				LastUpgradeCheck = 1220;
				TargetAttributes = {
					D7F9F4FD25C0FD6500BB32D7 = {
						CreatedOnToolsVersion = 12.2;
					};
					D7F9F51325C0FD6700BB32D7 = {
						CreatedOnToolsVersion = 12.2;
						TestTargetID = D7F9F4FD25C0FD6500BB32D7;
					};
					D7F9F51E25C0FD6700BB32D7 = {
						CreatedOnToolsVersion = 12.2;
						TestTargetID = D7F9F4FD25C0FD6500BB32D7;
					};
				};
			};
			buildConfigurationList = D7F9F4F925C0FD6500BB32D7 /* Build configuration list for PBXProject "HYEX_Swift" */;
			compatibilityVersion = "Xcode 9.3";
			developmentRegion = en;
			hasScannedForEncodings = 0;
			knownRegions = (
				en,
				Base,
			);
			mainGroup = D7F9F4F525C0FD6500BB32D7;
			productRefGroup = D7F9F4FF25C0FD6500BB32D7 /* Products */;
			projectDirPath = "";
			projectRoot = "";
			targets = (
				D7F9F4FD25C0FD6500BB32D7 /* HYEX_Swift */,
				D7F9F51325C0FD6700BB32D7 /* HYEX_SwiftTests */,
				D7F9F51E25C0FD6700BB32D7 /* HYEX_SwiftUITests */,
			);
		};
/* End PBXProject section */

/* Begin PBXResourcesBuildPhase section */
		D7F9F4FC25C0FD6500BB32D7 /* Resources */ = {
			isa = PBXResourcesBuildPhase;
			buildActionMask = 2147483647;
			files = (
				D712C5A025F774F400D5EA0A /* KLineInfoView.xib in Resources */,
				D777B70425E647F00082CC1B /* LSForgotPasswordVC.xib in Resources */,
				D79DC17A25F5D095003ABCD5 /* LSOTCMainViewController.xib in Resources */,
				D7F9F5A925C1122B00BB32D7 /* LSHomeViewController.xib in Resources */,
				D712C59B25F774F400D5EA0A /* KLinePeriodView.xib in Resources */,
				D7F9F50E25C0FD6700BB32D7 /* LaunchScreen.storyboard in Resources */,
				D7F9F50B25C0FD6700BB32D7 /* Assets.xcassets in Resources */,
				D74C02EA25E0E3C40017E1E7 /* LSLoginViewController.xib in Resources */,
				3C4CB3E525F7A45500501916 /* LSTradeMainViewController.xib in Resources */,
				D726B5B225F3791800B51D61 /* LSMarketListCell.xib in Resources */,
				D78B820625E3512600F2360E /* LSRegisterViewController.xib in Resources */,
				3C4CB3F425F7B4BC00501916 /* LSSustainabilityHeaderView.xib in Resources */,
				D79DC17025F5D07C003ABCD5 /* LSSustainabilityViewController.xib in Resources */,
				D712C59F25F774F400D5EA0A /* KLineVerticalIndicatorsView.xib in Resources */,
				D726B5A025F369FC00B51D61 /* LSHomeItemCell.xib in Resources */,
				D7F9F50925C0FD6500BB32D7 /* Main.storyboard in Resources */,
				D777B71225E64B020082CC1B /* LSVerifyCodeView.xib in Resources */,
				D79DC16225F5CCD8003ABCD5 /* LSProfileCell.xib in Resources */,
				3C13EBE225F65E85003A58BE /* LSMarketListViewController.xib in Resources */,
				D79DC18125F5D0AC003ABCD5 /* LSCoinCurrencyTradeVC.xib in Resources */,
				D712C59C25F774F400D5EA0A /* KLineIndicatorsView.xib in Resources */,
				3CA43FF425F108B20070229F /* LSProfileViewController.xib in Resources */,
			);
			runOnlyForDeploymentPostprocessing = 0;
		};
		D7F9F51225C0FD6700BB32D7 /* Resources */ = {
			isa = PBXResourcesBuildPhase;
			buildActionMask = 2147483647;
			files = (
			);
			runOnlyForDeploymentPostprocessing = 0;
		};
		D7F9F51D25C0FD6700BB32D7 /* Resources */ = {
			isa = PBXResourcesBuildPhase;
			buildActionMask = 2147483647;
			files = (
			);
			runOnlyForDeploymentPostprocessing = 0;
		};
/* End PBXResourcesBuildPhase section */

/* Begin PBXShellScriptBuildPhase section */
		35ED17E5D539A275902A67B7 /* [CP] Embed Pods Frameworks */ = {
			isa = PBXShellScriptBuildPhase;
			buildActionMask = 2147483647;
			files = (
			);
			inputFileListPaths = (
				"${PODS_ROOT}/Target Support Files/Pods-HYEX_Swift/Pods-HYEX_Swift-frameworks-${CONFIGURATION}-input-files.xcfilelist",
			);
			name = "[CP] Embed Pods Frameworks";
			outputFileListPaths = (
				"${PODS_ROOT}/Target Support Files/Pods-HYEX_Swift/Pods-HYEX_Swift-frameworks-${CONFIGURATION}-output-files.xcfilelist",
			);
			runOnlyForDeploymentPostprocessing = 0;
			shellPath = /bin/sh;
			shellScript = "\"${PODS_ROOT}/Target Support Files/Pods-HYEX_Swift/Pods-HYEX_Swift-frameworks.sh\"\n";
			showEnvVarsInLog = 0;
		};
		7D77041A8070F1C2CE992A3E /* [CP] Check Pods Manifest.lock */ = {
			isa = PBXShellScriptBuildPhase;
			buildActionMask = 2147483647;
			files = (
			);
			inputFileListPaths = (
			);
			inputPaths = (
				"${PODS_PODFILE_DIR_PATH}/Podfile.lock",
				"${PODS_ROOT}/Manifest.lock",
			);
			name = "[CP] Check Pods Manifest.lock";
			outputFileListPaths = (
			);
			outputPaths = (
				"$(DERIVED_FILE_DIR)/Pods-HYEX_Swift-checkManifestLockResult.txt",
			);
			runOnlyForDeploymentPostprocessing = 0;
			shellPath = /bin/sh;
			shellScript = "\ndiff \"${PODS_PODFILE_DIR_PATH}/Podfile.lock\" \"${PODS_ROOT}/Manifest.lock\" > /dev/null\nif [ $? != 0 ] ; then\n    # print error to STDERR\n    echo \"error: The sandbox is not in sync with the Podfile.lock. Run 'pod install' or update your CocoaPods installation.\" >&2\n    exit 1\nfi\n# This output is used by Xcode 'outputs' to avoid re-running this script phase.\necho \"SUCCESS\" > \"${SCRIPT_OUTPUT_FILE_0}\"\n";
			showEnvVarsInLog = 0;
		};
/* End PBXShellScriptBuildPhase section */

/* Begin PBXSourcesBuildPhase section */
		D7F9F4FA25C0FD6500BB32D7 /* Sources */ = {
			isa = PBXSourcesBuildPhase;
			buildActionMask = 2147483647;
			files = (
				D712C59A25F774F400D5EA0A /* KLineIndicatorsView.swift in Sources */,
				D7E81C9325E4ADB4003D760B /* LSIBInspectable.swift in Sources */,
				D7F9F55D25C1089B00BB32D7 /* LSBaseNavigationController.swift in Sources */,
				3C4CB3E425F7A45500501916 /* LSTradeMainViewController.swift in Sources */,
				D726B57425F319F000B51D61 /* LSLoginModel.swift in Sources */,
				D726B56F25F3169F00B51D61 /* LSUserInfo.swift in Sources */,
				D712C59925F774F400D5EA0A /* KLineInfoView.swift in Sources */,
				D79DC18725F5D0CD003ABCD5 /* LSOTCTradeUserInfo.swift in Sources */,
				D726B59525F3632200B51D61 /* LSBannerModel.swift in Sources */,
				D712C59E25F774F400D5EA0A /* KLineVerticalIndicatorsView.swift in Sources */,
				3C4CB3EC25F7B4B400501916 /* LSSustainabilityHeaderView.swift in Sources */,
				D712C59125F774F400D5EA0A /* KLineStateManger.swift in Sources */,
				D726B5B125F3791800B51D61 /* LSMarketListCell.swift in Sources */,
				D712C58E25F774F400D5EA0A /* VolChartRenderer.swift in Sources */,
				D777B70A25E64AF70082CC1B /* LSVerifyCodeView.swift in Sources */,
				3C13EBE125F65E85003A58BE /* LSMarketListViewController.swift in Sources */,
				D712C59725F774F400D5EA0A /* KLineModel.swift in Sources */,
				D70D19E025E78A22009F7C3C /* LSVerifyCodeBtn.swift in Sources */,
				D7F9F50225C0FD6500BB32D7 /* AppDelegate.swift in Sources */,
				D712C59D25F774F400D5EA0A /* KLinePeriodView.swift in Sources */,
				D7F9F5A825C1122B00BB32D7 /* LSHomeViewController.swift in Sources */,
				D712C58F25F774F400D5EA0A /* BaseChartRenderer.swift in Sources */,
				D78B821525E358DA00F2360E /* constantDefine.swift in Sources */,
				D70CAFDE25F22D4700037A52 /* TestModel.swift in Sources */,
				D7F9F55825C1063C00BB32D7 /* LSBaseViewController.swift in Sources */,
				3C4CB3F925F7B57D00501916 /* LSSustainabilityManager.swift in Sources */,
				D712C59325F774F400D5EA0A /* UIColor+RGB.swift in Sources */,
				D79DC17925F5D095003ABCD5 /* LSOTCMainViewController.swift in Sources */,
				D712C59025F774F400D5EA0A /* KLinePainterView.swift in Sources */,
				D74C02F325E0E3EA0017E1E7 /* LSNetRequest.swift in Sources */,
				3C13EBF725F669AB003A58BE /* LSMarketListItemModel.swift in Sources */,
				D79DC16F25F5D07C003ABCD5 /* LSSustainabilityViewController.swift in Sources */,
				D78B820E25E3586400F2360E /* NSObject+Extension.swift in Sources */,
				D74C02E925E0E3C40017E1E7 /* LSLoginViewController.swift in Sources */,
				D79DC18025F5D0AC003ABCD5 /* LSCoinCurrencyTradeVC.swift in Sources */,
				D78B821A25E35C0300F2360E /* String+Extension.swift in Sources */,
				D726B5AB25F3701C00B51D61 /* LSMarketListModel.swift in Sources */,
				D712C58C25F774F400D5EA0A /* SecondaryChartRenderer.swift in Sources */,
				D726B57925F3206B00B51D61 /* MD5.swift in Sources */,
				D78B821025E3586400F2360E /* Bundle+Swizzling.swift in Sources */,
				D712C58D25F774F400D5EA0A /* MainChartRenderer.swift in Sources */,
				D79DC16125F5CCD8003ABCD5 /* LSProfileCell.swift in Sources */,
				D726B5B725F383CE00B51D61 /* LSNoticeListModel.swift in Sources */,
				3CA43FF325F108B20070229F /* LSProfileViewController.swift in Sources */,
				D7F9F5A125C10CDD00BB32D7 /* Common.swift in Sources */,
				D712C59625F774F400D5EA0A /* KLineChartView.swift in Sources */,
				D7F9F55025C1000C00BB32D7 /* LSMainTabbarController.swift in Sources */,
				D712C59525F774F400D5EA0A /* ChartStyle.swift in Sources */,
				D712C59225F774F400D5EA0A /* DataUtil.swift in Sources */,
				D78B820525E3512600F2360E /* LSRegisterViewController.swift in Sources */,
				D712C59425F774F400D5EA0A /* Calculate.swift in Sources */,
				3C4CB3FE25F7B67900501916 /* LSSustainabilityBaseView.swift in Sources */,
				D726B59F25F369FC00B51D61 /* LSHomeItemCell.swift in Sources */,
				D78B820F25E3586400F2360E /* Localize.swift in Sources */,
				D777B70325E647F00082CC1B /* LSForgotPasswordVC.swift in Sources */,
				D712C59825F774F400D5EA0A /* KLineState.swift in Sources */,
			);
			runOnlyForDeploymentPostprocessing = 0;
		};
		D7F9F51025C0FD6700BB32D7 /* Sources */ = {
			isa = PBXSourcesBuildPhase;
			buildActionMask = 2147483647;
			files = (
				D7F9F51925C0FD6700BB32D7 /* HYEX_SwiftTests.swift in Sources */,
			);
			runOnlyForDeploymentPostprocessing = 0;
		};
		D7F9F51B25C0FD6700BB32D7 /* Sources */ = {
			isa = PBXSourcesBuildPhase;
			buildActionMask = 2147483647;
			files = (
				D7F9F52425C0FD6700BB32D7 /* HYEX_SwiftUITests.swift in Sources */,
			);
			runOnlyForDeploymentPostprocessing = 0;
		};
/* End PBXSourcesBuildPhase section */

/* Begin PBXTargetDependency section */
		D7F9F51625C0FD6700BB32D7 /* PBXTargetDependency */ = {
			isa = PBXTargetDependency;
			target = D7F9F4FD25C0FD6500BB32D7 /* HYEX_Swift */;
			targetProxy = D7F9F51525C0FD6700BB32D7 /* PBXContainerItemProxy */;
		};
		D7F9F52125C0FD6700BB32D7 /* PBXTargetDependency */ = {
			isa = PBXTargetDependency;
			target = D7F9F4FD25C0FD6500BB32D7 /* HYEX_Swift */;
			targetProxy = D7F9F52025C0FD6700BB32D7 /* PBXContainerItemProxy */;
		};
/* End PBXTargetDependency section */

/* Begin PBXVariantGroup section */
		D7F9F50725C0FD6500BB32D7 /* Main.storyboard */ = {
			isa = PBXVariantGroup;
			children = (
				D7F9F50825C0FD6500BB32D7 /* Base */,
			);
			name = Main.storyboard;
			sourceTree = "<group>";
		};
		D7F9F50C25C0FD6700BB32D7 /* LaunchScreen.storyboard */ = {
			isa = PBXVariantGroup;
			children = (
				D7F9F50D25C0FD6700BB32D7 /* Base */,
			);
			name = LaunchScreen.storyboard;
			sourceTree = "<group>";
		};
/* End PBXVariantGroup section */

/* Begin XCBuildConfiguration section */
		D7F9F52625C0FD6700BB32D7 /* Debug */ = {
			isa = XCBuildConfiguration;
			buildSettings = {
				ALWAYS_SEARCH_USER_PATHS = NO;
				CLANG_ANALYZER_NONNULL = YES;
				CLANG_ANALYZER_NUMBER_OBJECT_CONVERSION = YES_AGGRESSIVE;
				CLANG_CXX_LANGUAGE_STANDARD = "gnu++14";
				CLANG_CXX_LIBRARY = "libc++";
				CLANG_ENABLE_MODULES = YES;
				CLANG_ENABLE_OBJC_ARC = YES;
				CLANG_ENABLE_OBJC_WEAK = YES;
				CLANG_WARN_BLOCK_CAPTURE_AUTORELEASING = YES;
				CLANG_WARN_BOOL_CONVERSION = YES;
				CLANG_WARN_COMMA = YES;
				CLANG_WARN_CONSTANT_CONVERSION = YES;
				CLANG_WARN_DEPRECATED_OBJC_IMPLEMENTATIONS = YES;
				CLANG_WARN_DIRECT_OBJC_ISA_USAGE = YES_ERROR;
				CLANG_WARN_DOCUMENTATION_COMMENTS = YES;
				CLANG_WARN_EMPTY_BODY = YES;
				CLANG_WARN_ENUM_CONVERSION = YES;
				CLANG_WARN_INFINITE_RECURSION = YES;
				CLANG_WARN_INT_CONVERSION = YES;
				CLANG_WARN_NON_LITERAL_NULL_CONVERSION = YES;
				CLANG_WARN_OBJC_IMPLICIT_RETAIN_SELF = YES;
				CLANG_WARN_OBJC_LITERAL_CONVERSION = YES;
				CLANG_WARN_OBJC_ROOT_CLASS = YES_ERROR;
				CLANG_WARN_QUOTED_INCLUDE_IN_FRAMEWORK_HEADER = YES;
				CLANG_WARN_RANGE_LOOP_ANALYSIS = YES;
				CLANG_WARN_STRICT_PROTOTYPES = YES;
				CLANG_WARN_SUSPICIOUS_MOVE = YES;
				CLANG_WARN_UNGUARDED_AVAILABILITY = YES_AGGRESSIVE;
				CLANG_WARN_UNREACHABLE_CODE = YES;
				CLANG_WARN__DUPLICATE_METHOD_MATCH = YES;
				COPY_PHASE_STRIP = NO;
				DEBUG_INFORMATION_FORMAT = dwarf;
				ENABLE_STRICT_OBJC_MSGSEND = YES;
				ENABLE_TESTABILITY = YES;
				GCC_C_LANGUAGE_STANDARD = gnu11;
				GCC_DYNAMIC_NO_PIC = NO;
				GCC_NO_COMMON_BLOCKS = YES;
				GCC_OPTIMIZATION_LEVEL = 0;
				GCC_PREPROCESSOR_DEFINITIONS = (
					"DEBUG=1",
					"$(inherited)",
				);
				GCC_WARN_64_TO_32_BIT_CONVERSION = YES;
				GCC_WARN_ABOUT_RETURN_TYPE = YES_ERROR;
				GCC_WARN_UNDECLARED_SELECTOR = YES;
				GCC_WARN_UNINITIALIZED_AUTOS = YES_AGGRESSIVE;
				GCC_WARN_UNUSED_FUNCTION = YES;
				GCC_WARN_UNUSED_VARIABLE = YES;
				IPHONEOS_DEPLOYMENT_TARGET = 9.0;
				MTL_ENABLE_DEBUG_INFO = INCLUDE_SOURCE;
				MTL_FAST_MATH = YES;
				ONLY_ACTIVE_ARCH = YES;
				SDKROOT = iphoneos;
				SWIFT_ACTIVE_COMPILATION_CONDITIONS = DEBUG;
				SWIFT_OPTIMIZATION_LEVEL = "-Onone";
			};
			name = Debug;
		};
		D7F9F52725C0FD6700BB32D7 /* Release */ = {
			isa = XCBuildConfiguration;
			buildSettings = {
				ALWAYS_SEARCH_USER_PATHS = NO;
				CLANG_ANALYZER_NONNULL = YES;
				CLANG_ANALYZER_NUMBER_OBJECT_CONVERSION = YES_AGGRESSIVE;
				CLANG_CXX_LANGUAGE_STANDARD = "gnu++14";
				CLANG_CXX_LIBRARY = "libc++";
				CLANG_ENABLE_MODULES = YES;
				CLANG_ENABLE_OBJC_ARC = YES;
				CLANG_ENABLE_OBJC_WEAK = YES;
				CLANG_WARN_BLOCK_CAPTURE_AUTORELEASING = YES;
				CLANG_WARN_BOOL_CONVERSION = YES;
				CLANG_WARN_COMMA = YES;
				CLANG_WARN_CONSTANT_CONVERSION = YES;
				CLANG_WARN_DEPRECATED_OBJC_IMPLEMENTATIONS = YES;
				CLANG_WARN_DIRECT_OBJC_ISA_USAGE = YES_ERROR;
				CLANG_WARN_DOCUMENTATION_COMMENTS = YES;
				CLANG_WARN_EMPTY_BODY = YES;
				CLANG_WARN_ENUM_CONVERSION = YES;
				CLANG_WARN_INFINITE_RECURSION = YES;
				CLANG_WARN_INT_CONVERSION = YES;
				CLANG_WARN_NON_LITERAL_NULL_CONVERSION = YES;
				CLANG_WARN_OBJC_IMPLICIT_RETAIN_SELF = YES;
				CLANG_WARN_OBJC_LITERAL_CONVERSION = YES;
				CLANG_WARN_OBJC_ROOT_CLASS = YES_ERROR;
				CLANG_WARN_QUOTED_INCLUDE_IN_FRAMEWORK_HEADER = YES;
				CLANG_WARN_RANGE_LOOP_ANALYSIS = YES;
				CLANG_WARN_STRICT_PROTOTYPES = YES;
				CLANG_WARN_SUSPICIOUS_MOVE = YES;
				CLANG_WARN_UNGUARDED_AVAILABILITY = YES_AGGRESSIVE;
				CLANG_WARN_UNREACHABLE_CODE = YES;
				CLANG_WARN__DUPLICATE_METHOD_MATCH = YES;
				COPY_PHASE_STRIP = NO;
				DEBUG_INFORMATION_FORMAT = "dwarf-with-dsym";
				ENABLE_NS_ASSERTIONS = NO;
				ENABLE_STRICT_OBJC_MSGSEND = YES;
				GCC_C_LANGUAGE_STANDARD = gnu11;
				GCC_NO_COMMON_BLOCKS = YES;
				GCC_WARN_64_TO_32_BIT_CONVERSION = YES;
				GCC_WARN_ABOUT_RETURN_TYPE = YES_ERROR;
				GCC_WARN_UNDECLARED_SELECTOR = YES;
				GCC_WARN_UNINITIALIZED_AUTOS = YES_AGGRESSIVE;
				GCC_WARN_UNUSED_FUNCTION = YES;
				GCC_WARN_UNUSED_VARIABLE = YES;
				IPHONEOS_DEPLOYMENT_TARGET = 9.0;
				MTL_ENABLE_DEBUG_INFO = NO;
				MTL_FAST_MATH = YES;
				SDKROOT = iphoneos;
				SWIFT_COMPILATION_MODE = wholemodule;
				SWIFT_OPTIMIZATION_LEVEL = "-O";
				VALIDATE_PRODUCT = YES;
			};
			name = Release;
		};
		D7F9F52925C0FD6700BB32D7 /* Debug */ = {
			isa = XCBuildConfiguration;
			baseConfigurationReference = 851456A3235A6C9CE3F6B601 /* Pods-HYEX_Swift.debug.xcconfig */;
			buildSettings = {
				ASSETCATALOG_COMPILER_APPICON_NAME = AppIcon;
				ASSETCATALOG_COMPILER_GLOBAL_ACCENT_COLOR_NAME = AccentColor;
				ASSETCATALOG_COMPILER_LAUNCHIMAGE_NAME = LaunchImage;
				CODE_SIGN_STYLE = Automatic;
				INFOPLIST_FILE = HYEX_Swift/Info.plist;
				IPHONEOS_DEPLOYMENT_TARGET = 9.0;
				LD_RUNPATH_SEARCH_PATHS = (
					"$(inherited)",
					"@executable_path/Frameworks",
				);
				PRODUCT_BUNDLE_IDENTIFIER = "com.app.HYEX-Swift";
				PRODUCT_NAME = "$(TARGET_NAME)";
				SWIFT_VERSION = 4.0;
				TARGETED_DEVICE_FAMILY = 1;
			};
			name = Debug;
		};
		D7F9F52A25C0FD6700BB32D7 /* Release */ = {
			isa = XCBuildConfiguration;
			baseConfigurationReference = 7A397BAF0800A9BEE834BB9D /* Pods-HYEX_Swift.release.xcconfig */;
			buildSettings = {
				ASSETCATALOG_COMPILER_APPICON_NAME = AppIcon;
				ASSETCATALOG_COMPILER_GLOBAL_ACCENT_COLOR_NAME = AccentColor;
				ASSETCATALOG_COMPILER_LAUNCHIMAGE_NAME = LaunchImage;
				CODE_SIGN_STYLE = Automatic;
				INFOPLIST_FILE = HYEX_Swift/Info.plist;
				IPHONEOS_DEPLOYMENT_TARGET = 9.0;
				LD_RUNPATH_SEARCH_PATHS = (
					"$(inherited)",
					"@executable_path/Frameworks",
				);
				PRODUCT_BUNDLE_IDENTIFIER = "com.app.HYEX-Swift";
				PRODUCT_NAME = "$(TARGET_NAME)";
				SWIFT_VERSION = 4.0;
				TARGETED_DEVICE_FAMILY = 1;
			};
			name = Release;
		};
		D7F9F52C25C0FD6700BB32D7 /* Debug */ = {
			isa = XCBuildConfiguration;
			buildSettings = {
				ALWAYS_EMBED_SWIFT_STANDARD_LIBRARIES = YES;
				BUNDLE_LOADER = "$(TEST_HOST)";
				CODE_SIGN_STYLE = Automatic;
				INFOPLIST_FILE = HYEX_SwiftTests/Info.plist;
				IPHONEOS_DEPLOYMENT_TARGET = 14.2;
				LD_RUNPATH_SEARCH_PATHS = (
					"$(inherited)",
					"@executable_path/Frameworks",
					"@loader_path/Frameworks",
				);
				PRODUCT_BUNDLE_IDENTIFIER = "com.app.HYEX-SwiftTests";
				PRODUCT_NAME = "$(TARGET_NAME)";
				SWIFT_VERSION = 5.0;
				TARGETED_DEVICE_FAMILY = "1,2";
				TEST_HOST = "$(BUILT_PRODUCTS_DIR)/HYEX_Swift.app/HYEX_Swift";
			};
			name = Debug;
		};
		D7F9F52D25C0FD6700BB32D7 /* Release */ = {
			isa = XCBuildConfiguration;
			buildSettings = {
				ALWAYS_EMBED_SWIFT_STANDARD_LIBRARIES = YES;
				BUNDLE_LOADER = "$(TEST_HOST)";
				CODE_SIGN_STYLE = Automatic;
				INFOPLIST_FILE = HYEX_SwiftTests/Info.plist;
				IPHONEOS_DEPLOYMENT_TARGET = 14.2;
				LD_RUNPATH_SEARCH_PATHS = (
					"$(inherited)",
					"@executable_path/Frameworks",
					"@loader_path/Frameworks",
				);
				PRODUCT_BUNDLE_IDENTIFIER = "com.app.HYEX-SwiftTests";
				PRODUCT_NAME = "$(TARGET_NAME)";
				SWIFT_VERSION = 5.0;
				TARGETED_DEVICE_FAMILY = "1,2";
				TEST_HOST = "$(BUILT_PRODUCTS_DIR)/HYEX_Swift.app/HYEX_Swift";
			};
			name = Release;
		};
		D7F9F52F25C0FD6700BB32D7 /* Debug */ = {
			isa = XCBuildConfiguration;
			buildSettings = {
				ALWAYS_EMBED_SWIFT_STANDARD_LIBRARIES = YES;
				CODE_SIGN_STYLE = Automatic;
				INFOPLIST_FILE = HYEX_SwiftUITests/Info.plist;
				LD_RUNPATH_SEARCH_PATHS = (
					"$(inherited)",
					"@executable_path/Frameworks",
					"@loader_path/Frameworks",
				);
				PRODUCT_BUNDLE_IDENTIFIER = "com.app.HYEX-SwiftUITests";
				PRODUCT_NAME = "$(TARGET_NAME)";
				SWIFT_VERSION = 5.0;
				TARGETED_DEVICE_FAMILY = "1,2";
				TEST_TARGET_NAME = HYEX_Swift;
			};
			name = Debug;
		};
		D7F9F53025C0FD6700BB32D7 /* Release */ = {
			isa = XCBuildConfiguration;
			buildSettings = {
				ALWAYS_EMBED_SWIFT_STANDARD_LIBRARIES = YES;
				CODE_SIGN_STYLE = Automatic;
				INFOPLIST_FILE = HYEX_SwiftUITests/Info.plist;
				LD_RUNPATH_SEARCH_PATHS = (
					"$(inherited)",
					"@executable_path/Frameworks",
					"@loader_path/Frameworks",
				);
				PRODUCT_BUNDLE_IDENTIFIER = "com.app.HYEX-SwiftUITests";
				PRODUCT_NAME = "$(TARGET_NAME)";
				SWIFT_VERSION = 5.0;
				TARGETED_DEVICE_FAMILY = "1,2";
				TEST_TARGET_NAME = HYEX_Swift;
			};
			name = Release;
		};
/* End XCBuildConfiguration section */

/* Begin XCConfigurationList section */
		D7F9F4F925C0FD6500BB32D7 /* Build configuration list for PBXProject "HYEX_Swift" */ = {
			isa = XCConfigurationList;
			buildConfigurations = (
				D7F9F52625C0FD6700BB32D7 /* Debug */,
				D7F9F52725C0FD6700BB32D7 /* Release */,
			);
			defaultConfigurationIsVisible = 0;
			defaultConfigurationName = Release;
		};
		D7F9F52825C0FD6700BB32D7 /* Build configuration list for PBXNativeTarget "HYEX_Swift" */ = {
			isa = XCConfigurationList;
			buildConfigurations = (
				D7F9F52925C0FD6700BB32D7 /* Debug */,
				D7F9F52A25C0FD6700BB32D7 /* Release */,
			);
			defaultConfigurationIsVisible = 0;
			defaultConfigurationName = Release;
		};
		D7F9F52B25C0FD6700BB32D7 /* Build configuration list for PBXNativeTarget "HYEX_SwiftTests" */ = {
			isa = XCConfigurationList;
			buildConfigurations = (
				D7F9F52C25C0FD6700BB32D7 /* Debug */,
				D7F9F52D25C0FD6700BB32D7 /* Release */,
			);
			defaultConfigurationIsVisible = 0;
			defaultConfigurationName = Release;
		};
		D7F9F52E25C0FD6700BB32D7 /* Build configuration list for PBXNativeTarget "HYEX_SwiftUITests" */ = {
			isa = XCConfigurationList;
			buildConfigurations = (
				D7F9F52F25C0FD6700BB32D7 /* Debug */,
				D7F9F53025C0FD6700BB32D7 /* Release */,
			);
			defaultConfigurationIsVisible = 0;
			defaultConfigurationName = Release;
		};
/* End XCConfigurationList section */
	};
	rootObject = D7F9F4F625C0FD6500BB32D7 /* Project object */;
}
