// !$*UTF8*$!
{
	archiveVersion = 1;
	classes = {
	};
	objectVersion = 51;
	objects = {

/* Begin PBXBuildFile section */
		431C3158D3673A70A36BF790 /* Pods_HYEX_Swift.framework in Frameworks */ = {isa = PBXBuildFile; fileRef = 392F33080D2BEC680542A74E /* Pods_HYEX_Swift.framework */; };
		D70E2DFD25F86D730025B9F3 /* LSVerifyCodeView.xib in Resources */ = {isa = PBXBuildFile; fileRef = D70E2DFA25F86D730025B9F3 /* LSVerifyCodeView.xib */; };
		D70E2DFE25F86D730025B9F3 /* LSVerifyCodeView.swift in Sources */ = {isa = PBXBuildFile; fileRef = D70E2DFB25F86D730025B9F3 /* LSVerifyCodeView.swift */; };
		D70E2DFF25F86D730025B9F3 /* LSVerifyCodeBtn.swift in Sources */ = {isa = PBXBuildFile; fileRef = D70E2DFC25F86D730025B9F3 /* LSVerifyCodeBtn.swift */; };
		D70E2E2125F86DAB0025B9F3 /* SecondaryChartRenderer.swift in Sources */ = {isa = PBXBuildFile; fileRef = D70E2E0825F86DAB0025B9F3 /* SecondaryChartRenderer.swift */; };
		D70E2E2225F86DAB0025B9F3 /* MainChartRenderer.swift in Sources */ = {isa = PBXBuildFile; fileRef = D70E2E0925F86DAB0025B9F3 /* MainChartRenderer.swift */; };
		D70E2E2325F86DAB0025B9F3 /* VolChartRenderer.swift in Sources */ = {isa = PBXBuildFile; fileRef = D70E2E0A25F86DAB0025B9F3 /* VolChartRenderer.swift */; };
		D70E2E2425F86DAB0025B9F3 /* BaseChartRenderer.swift in Sources */ = {isa = PBXBuildFile; fileRef = D70E2E0B25F86DAB0025B9F3 /* BaseChartRenderer.swift */; };
		D70E2E2525F86DAB0025B9F3 /* KLinePainterView.swift in Sources */ = {isa = PBXBuildFile; fileRef = D70E2E0C25F86DAB0025B9F3 /* KLinePainterView.swift */; };
		D70E2E2625F86DAB0025B9F3 /* KLineStateManger.swift in Sources */ = {isa = PBXBuildFile; fileRef = D70E2E0E25F86DAB0025B9F3 /* KLineStateManger.swift */; };
		D70E2E2725F86DAB0025B9F3 /* DataUtil.swift in Sources */ = {isa = PBXBuildFile; fileRef = D70E2E0F25F86DAB0025B9F3 /* DataUtil.swift */; };
		D70E2E2825F86DAB0025B9F3 /* UIColor+RGB.swift in Sources */ = {isa = PBXBuildFile; fileRef = D70E2E1025F86DAB0025B9F3 /* UIColor+RGB.swift */; };
		D70E2E2925F86DAB0025B9F3 /* Calculate.swift in Sources */ = {isa = PBXBuildFile; fileRef = D70E2E1125F86DAB0025B9F3 /* Calculate.swift */; };
		D70E2E2A25F86DAB0025B9F3 /* ChartStyle.swift in Sources */ = {isa = PBXBuildFile; fileRef = D70E2E1325F86DAB0025B9F3 /* ChartStyle.swift */; };
		D70E2E2B25F86DAB0025B9F3 /* KLineChartView.swift in Sources */ = {isa = PBXBuildFile; fileRef = D70E2E1425F86DAB0025B9F3 /* KLineChartView.swift */; };
		D70E2E2C25F86DAB0025B9F3 /* KLineModel.swift in Sources */ = {isa = PBXBuildFile; fileRef = D70E2E1625F86DAB0025B9F3 /* KLineModel.swift */; };
		D70E2E2D25F86DAB0025B9F3 /* KLineState.swift in Sources */ = {isa = PBXBuildFile; fileRef = D70E2E1725F86DAB0025B9F3 /* KLineState.swift */; };
		D70E2E2E25F86DAB0025B9F3 /* KLineInfoView.swift in Sources */ = {isa = PBXBuildFile; fileRef = D70E2E1925F86DAB0025B9F3 /* KLineInfoView.swift */; };
		D70E2E2F25F86DAB0025B9F3 /* KLineIndicatorsView.swift in Sources */ = {isa = PBXBuildFile; fileRef = D70E2E1A25F86DAB0025B9F3 /* KLineIndicatorsView.swift */; };
		D70E2E3025F86DAB0025B9F3 /* KLinePeriodView.xib in Resources */ = {isa = PBXBuildFile; fileRef = D70E2E1B25F86DAB0025B9F3 /* KLinePeriodView.xib */; };
		D70E2E3125F86DAB0025B9F3 /* KLineIndicatorsView.xib in Resources */ = {isa = PBXBuildFile; fileRef = D70E2E1C25F86DAB0025B9F3 /* KLineIndicatorsView.xib */; };
		D70E2E3225F86DAB0025B9F3 /* KLinePeriodView.swift in Sources */ = {isa = PBXBuildFile; fileRef = D70E2E1D25F86DAB0025B9F3 /* KLinePeriodView.swift */; };
		D70E2E3325F86DAB0025B9F3 /* KLineVerticalIndicatorsView.swift in Sources */ = {isa = PBXBuildFile; fileRef = D70E2E1E25F86DAB0025B9F3 /* KLineVerticalIndicatorsView.swift */; };
		D70E2E3425F86DAB0025B9F3 /* KLineVerticalIndicatorsView.xib in Resources */ = {isa = PBXBuildFile; fileRef = D70E2E1F25F86DAB0025B9F3 /* KLineVerticalIndicatorsView.xib */; };
		D70E2E3525F86DAB0025B9F3 /* KLineInfoView.xib in Resources */ = {isa = PBXBuildFile; fileRef = D70E2E2025F86DAB0025B9F3 /* KLineInfoView.xib */; };
		D70E2ECE25F86DFF0025B9F3 /* LSHomeViewController.swift in Sources */ = {isa = PBXBuildFile; fileRef = D70E2E9925F86DFF0025B9F3 /* LSHomeViewController.swift */; };
		D70E2ECF25F86DFF0025B9F3 /* LSMarketListModel.swift in Sources */ = {isa = PBXBuildFile; fileRef = D70E2E9B25F86DFF0025B9F3 /* LSMarketListModel.swift */; };
		D70E2ED025F86DFF0025B9F3 /* LSBannerModel.swift in Sources */ = {isa = PBXBuildFile; fileRef = D70E2E9C25F86DFF0025B9F3 /* LSBannerModel.swift */; };
		D70E2ED125F86DFF0025B9F3 /* LSNoticeListModel.swift in Sources */ = {isa = PBXBuildFile; fileRef = D70E2E9D25F86DFF0025B9F3 /* LSNoticeListModel.swift */; };
		D70E2ED225F86DFF0025B9F3 /* LSHomeItemCell.xib in Resources */ = {isa = PBXBuildFile; fileRef = D70E2E9F25F86DFF0025B9F3 /* LSHomeItemCell.xib */; };
		D70E2ED325F86DFF0025B9F3 /* LSMarketListCell.xib in Resources */ = {isa = PBXBuildFile; fileRef = D70E2EA025F86DFF0025B9F3 /* LSMarketListCell.xib */; };
		D70E2ED425F86DFF0025B9F3 /* LSHomeItemCell.swift in Sources */ = {isa = PBXBuildFile; fileRef = D70E2EA125F86DFF0025B9F3 /* LSHomeItemCell.swift */; };
		D70E2ED525F86DFF0025B9F3 /* LSMarketListCell.swift in Sources */ = {isa = PBXBuildFile; fileRef = D70E2EA225F86DFF0025B9F3 /* LSMarketListCell.swift */; };
		D70E2ED625F86DFF0025B9F3 /* LSHomeViewController.xib in Resources */ = {isa = PBXBuildFile; fileRef = D70E2EA325F86DFF0025B9F3 /* LSHomeViewController.xib */; };
		D70E2ED725F86DFF0025B9F3 /* LSTradeMainViewController.swift in Sources */ = {isa = PBXBuildFile; fileRef = D70E2EA525F86DFF0025B9F3 /* LSTradeMainViewController.swift */; };
		D70E2ED825F86DFF0025B9F3 /* LSOTCMainViewController.xib in Resources */ = {isa = PBXBuildFile; fileRef = D70E2EA725F86DFF0025B9F3 /* LSOTCMainViewController.xib */; };
		D70E2ED925F86DFF0025B9F3 /* LSOTCTradeUserInfo.swift in Sources */ = {isa = PBXBuildFile; fileRef = D70E2EA925F86DFF0025B9F3 /* LSOTCTradeUserInfo.swift */; };
		D70E2EDA25F86DFF0025B9F3 /* LSOTCMainViewController.swift in Sources */ = {isa = PBXBuildFile; fileRef = D70E2EAA25F86DFF0025B9F3 /* LSOTCMainViewController.swift */; };
		D70E2EDB25F86DFF0025B9F3 /* LSCoinCurrencyTradeVC.xib in Resources */ = {isa = PBXBuildFile; fileRef = D70E2EAC25F86DFF0025B9F3 /* LSCoinCurrencyTradeVC.xib */; };
		D70E2EDC25F86DFF0025B9F3 /* LSCoinCurrencyTradeVC.swift in Sources */ = {isa = PBXBuildFile; fileRef = D70E2EAD25F86DFF0025B9F3 /* LSCoinCurrencyTradeVC.swift */; };
		D70E2EDD25F86DFF0025B9F3 /* LSTradeMainViewController.xib in Resources */ = {isa = PBXBuildFile; fileRef = D70E2EAE25F86DFF0025B9F3 /* LSTradeMainViewController.xib */; };
		D70E2EDE25F86DFF0025B9F3 /* LSSustainabilityViewController.swift in Sources */ = {isa = PBXBuildFile; fileRef = D70E2EB025F86DFF0025B9F3 /* LSSustainabilityViewController.swift */; };
		D70E2EDF25F86DFF0025B9F3 /* LSSustainabilityManager.swift in Sources */ = {isa = PBXBuildFile; fileRef = D70E2EB225F86DFF0025B9F3 /* LSSustainabilityManager.swift */; };
		D70E2EE025F86DFF0025B9F3 /* LSSustainabilityBaseView.swift in Sources */ = {isa = PBXBuildFile; fileRef = D70E2EB425F86DFF0025B9F3 /* LSSustainabilityBaseView.swift */; };
		D70E2EE125F86DFF0025B9F3 /* LSSustainabilityHeaderView.xib in Resources */ = {isa = PBXBuildFile; fileRef = D70E2EB525F86DFF0025B9F3 /* LSSustainabilityHeaderView.xib */; };
		D70E2EE225F86DFF0025B9F3 /* LSSustainabilityHeaderView.swift in Sources */ = {isa = PBXBuildFile; fileRef = D70E2EB625F86DFF0025B9F3 /* LSSustainabilityHeaderView.swift */; };
		D70E2EE325F86DFF0025B9F3 /* LSSustainabilityViewController.xib in Resources */ = {isa = PBXBuildFile; fileRef = D70E2EB725F86DFF0025B9F3 /* LSSustainabilityViewController.xib */; };
		D70E2EE425F86DFF0025B9F3 /* LSProfileViewController.xib in Resources */ = {isa = PBXBuildFile; fileRef = D70E2EB925F86DFF0025B9F3 /* LSProfileViewController.xib */; };
		D70E2EE525F86DFF0025B9F3 /* LSProfileCell.swift in Sources */ = {isa = PBXBuildFile; fileRef = D70E2EBB25F86DFF0025B9F3 /* LSProfileCell.swift */; };
		D70E2EE625F86DFF0025B9F3 /* LSProfileCell.xib in Resources */ = {isa = PBXBuildFile; fileRef = D70E2EBC25F86DFF0025B9F3 /* LSProfileCell.xib */; };
		D70E2EE725F86DFF0025B9F3 /* LSProfileViewController.swift in Sources */ = {isa = PBXBuildFile; fileRef = D70E2EBD25F86DFF0025B9F3 /* LSProfileViewController.swift */; };
		D70E2EE825F86DFF0025B9F3 /* LSRegisterViewController.swift in Sources */ = {isa = PBXBuildFile; fileRef = D70E2EBF25F86DFF0025B9F3 /* LSRegisterViewController.swift */; };
		D70E2EE925F86DFF0025B9F3 /* LSLoginViewController.xib in Resources */ = {isa = PBXBuildFile; fileRef = D70E2EC025F86DFF0025B9F3 /* LSLoginViewController.xib */; };
		D70E2EEA25F86DFF0025B9F3 /* LSForgotPasswordVC.xib in Resources */ = {isa = PBXBuildFile; fileRef = D70E2EC125F86DFF0025B9F3 /* LSForgotPasswordVC.xib */; };
		D70E2EEB25F86DFF0025B9F3 /* LSRegisterViewController.xib in Resources */ = {isa = PBXBuildFile; fileRef = D70E2EC225F86DFF0025B9F3 /* LSRegisterViewController.xib */; };
		D70E2EEC25F86DFF0025B9F3 /* LSLoginModel.swift in Sources */ = {isa = PBXBuildFile; fileRef = D70E2EC425F86DFF0025B9F3 /* LSLoginModel.swift */; };
		D70E2EED25F86DFF0025B9F3 /* TestModel.swift in Sources */ = {isa = PBXBuildFile; fileRef = D70E2EC525F86DFF0025B9F3 /* TestModel.swift */; };
		D70E2EEE25F86DFF0025B9F3 /* LSUserInfo.swift in Sources */ = {isa = PBXBuildFile; fileRef = D70E2EC625F86DFF0025B9F3 /* LSUserInfo.swift */; };
		D70E2EEF25F86DFF0025B9F3 /* LSForgotPasswordVC.swift in Sources */ = {isa = PBXBuildFile; fileRef = D70E2EC725F86DFF0025B9F3 /* LSForgotPasswordVC.swift */; };
		D70E2EF025F86DFF0025B9F3 /* LSLoginViewController.swift in Sources */ = {isa = PBXBuildFile; fileRef = D70E2EC825F86DFF0025B9F3 /* LSLoginViewController.swift */; };
		D70E2EF125F86DFF0025B9F3 /* LSMarketListViewController.swift in Sources */ = {isa = PBXBuildFile; fileRef = D70E2ECA25F86DFF0025B9F3 /* LSMarketListViewController.swift */; };
		D70E2EF225F86DFF0025B9F3 /* LSMarketListItemModel.swift in Sources */ = {isa = PBXBuildFile; fileRef = D70E2ECC25F86DFF0025B9F3 /* LSMarketListItemModel.swift */; };
		D70E2EF325F86DFF0025B9F3 /* LSMarketListViewController.xib in Resources */ = {isa = PBXBuildFile; fileRef = D70E2ECD25F86DFF0025B9F3 /* LSMarketListViewController.xib */; };
		D70E2F0725F86F140025B9F3 /* LSProfileHeaderView.swift in Sources */ = {isa = PBXBuildFile; fileRef = D70E2F0625F86F140025B9F3 /* LSProfileHeaderView.swift */; };
		D70E2F0F25F86F2F0025B9F3 /* LSProfileHeaderView.xib in Resources */ = {isa = PBXBuildFile; fileRef = D70E2F0E25F86F2F0025B9F3 /* LSProfileHeaderView.xib */; };
		D70E2F2025F8B2190025B9F3 /* Market3.json in Resources */ = {isa = PBXBuildFile; fileRef = D70E2F1525F8B2190025B9F3 /* Market3.json */; };
		D70E2F2125F8B2190025B9F3 /* Market2.json in Resources */ = {isa = PBXBuildFile; fileRef = D70E2F1625F8B2190025B9F3 /* Market2.json */; };
		D70E2F2225F8B2190025B9F3 /* Market4.json in Resources */ = {isa = PBXBuildFile; fileRef = D70E2F1725F8B2190025B9F3 /* Market4.json */; };
		D70E2F2325F8B2190025B9F3 /* Market1.json in Resources */ = {isa = PBXBuildFile; fileRef = D70E2F1825F8B2190025B9F3 /* Market1.json */; };
		D70E2F2425F8B2190025B9F3 /* kline.json in Resources */ = {isa = PBXBuildFile; fileRef = D70E2F1A25F8B2190025B9F3 /* kline.json */; };
		D70E2F2525F8B2190025B9F3 /* depth.json in Resources */ = {isa = PBXBuildFile; fileRef = D70E2F1B25F8B2190025B9F3 /* depth.json */; };
		D70E2F2625F8B2190025B9F3 /* kmon.json in Resources */ = {isa = PBXBuildFile; fileRef = D70E2F1C25F8B2190025B9F3 /* kmon.json */; };
		D70E2F2725F8B2190025B9F3 /* CHKLineChartStyle.swift in Sources */ = {isa = PBXBuildFile; fileRef = D70E2F1D25F8B2190025B9F3 /* CHKLineChartStyle.swift */; };
		D70E2F2825F8B2190025B9F3 /* CHDepthChartView.swift in Sources */ = {isa = PBXBuildFile; fileRef = D70E2F1E25F8B2190025B9F3 /* CHDepthChartView.swift */; };
		D70E2F2925F8B2190025B9F3 /* CHShapeLayer.swift in Sources */ = {isa = PBXBuildFile; fileRef = D70E2F1F25F8B2190025B9F3 /* CHShapeLayer.swift */; };
		D70E2F2E25F8B2F90025B9F3 /* QuartzCore.framework in Frameworks */ = {isa = PBXBuildFile; fileRef = D70E2F2D25F8B2F90025B9F3 /* QuartzCore.framework */; };
		D70E2F4325F8B55B0025B9F3 /* LSSafetyViewController.swift in Sources */ = {isa = PBXBuildFile; fileRef = D70E2F4125F8B55B0025B9F3 /* LSSafetyViewController.swift */; };
		D70E2F4425F8B55B0025B9F3 /* LSSafetyViewController.xib in Resources */ = {isa = PBXBuildFile; fileRef = D70E2F4225F8B55B0025B9F3 /* LSSafetyViewController.xib */; };
		D70E2F5625F8C31D0025B9F3 /* LSInviteViewController.swift in Sources */ = {isa = PBXBuildFile; fileRef = D70E2F5425F8C31D0025B9F3 /* LSInviteViewController.swift */; };
		D70E2F5725F8C31D0025B9F3 /* LSInviteViewController.xib in Resources */ = {isa = PBXBuildFile; fileRef = D70E2F5525F8C31D0025B9F3 /* LSInviteViewController.xib */; };
		D726B57925F3206B00B51D61 /* MD5.swift in Sources */ = {isa = PBXBuildFile; fileRef = D726B57825F3206B00B51D61 /* MD5.swift */; };
		D748D56A25F9BA180048662A /* LSFeedBackRootVC.swift in Sources */ = {isa = PBXBuildFile; fileRef = D748D56825F9BA180048662A /* LSFeedBackRootVC.swift */; };
		D748D56B25F9BA180048662A /* LSFeedBackRootVC.xib in Resources */ = {isa = PBXBuildFile; fileRef = D748D56925F9BA180048662A /* LSFeedBackRootVC.xib */; };
		D748D57425F9BB430048662A /* LSFeedBackViewController.swift in Sources */ = {isa = PBXBuildFile; fileRef = D748D57225F9BB430048662A /* LSFeedBackViewController.swift */; };
		D748D57525F9BB430048662A /* LSFeedBackViewController.xib in Resources */ = {isa = PBXBuildFile; fileRef = D748D57325F9BB430048662A /* LSFeedBackViewController.xib */; };
		D748D57B25F9BB530048662A /* LSFeedBackRecordVC.swift in Sources */ = {isa = PBXBuildFile; fileRef = D748D57925F9BB530048662A /* LSFeedBackRecordVC.swift */; };
		D748D57C25F9BB530048662A /* LSFeedBackRecordVC.xib in Resources */ = {isa = PBXBuildFile; fileRef = D748D57A25F9BB530048662A /* LSFeedBackRecordVC.xib */; };
		D748D5FE25FA12D70048662A /* LSFeedBackModel.swift in Sources */ = {isa = PBXBuildFile; fileRef = D748D5FD25FA12D70048662A /* LSFeedBackModel.swift */; };
		D748D61625FA1F960048662A /* LSAliyunOSSManager.swift in Sources */ = {isa = PBXBuildFile; fileRef = D748D61525FA1F960048662A /* LSAliyunOSSManager.swift */; };
		D74C02F325E0E3EA0017E1E7 /* LSNetRequest.swift in Sources */ = {isa = PBXBuildFile; fileRef = D74C02F225E0E3EA0017E1E7 /* LSNetRequest.swift */; };
		D78B820E25E3586400F2360E /* NSObject+Extension.swift in Sources */ = {isa = PBXBuildFile; fileRef = D78B820B25E3586400F2360E /* NSObject+Extension.swift */; };
		D78B820F25E3586400F2360E /* Localize.swift in Sources */ = {isa = PBXBuildFile; fileRef = D78B820C25E3586400F2360E /* Localize.swift */; };
		D78B821025E3586400F2360E /* Bundle+Swizzling.swift in Sources */ = {isa = PBXBuildFile; fileRef = D78B820D25E3586400F2360E /* Bundle+Swizzling.swift */; };
		D78B821525E358DA00F2360E /* constantDefine.swift in Sources */ = {isa = PBXBuildFile; fileRef = D78B821425E358DA00F2360E /* constantDefine.swift */; };
		D78B821A25E35C0300F2360E /* String+Extension.swift in Sources */ = {isa = PBXBuildFile; fileRef = D78B821925E35C0300F2360E /* String+Extension.swift */; };
		D7E81C9325E4ADB4003D760B /* LSIBInspectable.swift in Sources */ = {isa = PBXBuildFile; fileRef = D7E81C9225E4ADB4003D760B /* LSIBInspectable.swift */; };
		D7F9F50225C0FD6500BB32D7 /* AppDelegate.swift in Sources */ = {isa = PBXBuildFile; fileRef = D7F9F50125C0FD6500BB32D7 /* AppDelegate.swift */; };
		D7F9F50925C0FD6500BB32D7 /* Main.storyboard in Resources */ = {isa = PBXBuildFile; fileRef = D7F9F50725C0FD6500BB32D7 /* Main.storyboard */; };
		D7F9F50B25C0FD6700BB32D7 /* Assets.xcassets in Resources */ = {isa = PBXBuildFile; fileRef = D7F9F50A25C0FD6700BB32D7 /* Assets.xcassets */; };
		D7F9F50E25C0FD6700BB32D7 /* LaunchScreen.storyboard in Resources */ = {isa = PBXBuildFile; fileRef = D7F9F50C25C0FD6700BB32D7 /* LaunchScreen.storyboard */; };
		D7F9F51925C0FD6700BB32D7 /* HYEX_SwiftTests.swift in Sources */ = {isa = PBXBuildFile; fileRef = D7F9F51825C0FD6700BB32D7 /* HYEX_SwiftTests.swift */; };
		D7F9F52425C0FD6700BB32D7 /* HYEX_SwiftUITests.swift in Sources */ = {isa = PBXBuildFile; fileRef = D7F9F52325C0FD6700BB32D7 /* HYEX_SwiftUITests.swift */; };
		D7F9F55025C1000C00BB32D7 /* LSMainTabbarController.swift in Sources */ = {isa = PBXBuildFile; fileRef = D7F9F54F25C1000C00BB32D7 /* LSMainTabbarController.swift */; };
		D7F9F55825C1063C00BB32D7 /* LSBaseViewController.swift in Sources */ = {isa = PBXBuildFile; fileRef = D7F9F55725C1063C00BB32D7 /* LSBaseViewController.swift */; };
		D7F9F55D25C1089B00BB32D7 /* LSBaseNavigationController.swift in Sources */ = {isa = PBXBuildFile; fileRef = D7F9F55C25C1089B00BB32D7 /* LSBaseNavigationController.swift */; };
		D7F9F5A125C10CDD00BB32D7 /* Common.swift in Sources */ = {isa = PBXBuildFile; fileRef = D7F9F5A025C10CDD00BB32D7 /* Common.swift */; };
/* End PBXBuildFile section */

/* Begin PBXContainerItemProxy section */
		D7F9F51525C0FD6700BB32D7 /* PBXContainerItemProxy */ = {
			isa = PBXContainerItemProxy;
			containerPortal = D7F9F4F625C0FD6500BB32D7 /* Project object */;
			proxyType = 1;
			remoteGlobalIDString = D7F9F4FD25C0FD6500BB32D7;
			remoteInfo = HYEX_Swift;
		};
		D7F9F52025C0FD6700BB32D7 /* PBXContainerItemProxy */ = {
			isa = PBXContainerItemProxy;
			containerPortal = D7F9F4F625C0FD6500BB32D7 /* Project object */;
			proxyType = 1;
			remoteGlobalIDString = D7F9F4FD25C0FD6500BB32D7;
			remoteInfo = HYEX_Swift;
		};
/* End PBXContainerItemProxy section */

/* Begin PBXFileReference section */
		392F33080D2BEC680542A74E /* Pods_HYEX_Swift.framework */ = {isa = PBXFileReference; explicitFileType = wrapper.framework; includeInIndex = 0; path = Pods_HYEX_Swift.framework; sourceTree = BUILT_PRODUCTS_DIR; };
		7A397BAF0800A9BEE834BB9D /* Pods-HYEX_Swift.release.xcconfig */ = {isa = PBXFileReference; includeInIndex = 1; lastKnownFileType = text.xcconfig; name = "Pods-HYEX_Swift.release.xcconfig"; path = "Target Support Files/Pods-HYEX_Swift/Pods-HYEX_Swift.release.xcconfig"; sourceTree = "<group>"; };
		851456A3235A6C9CE3F6B601 /* Pods-HYEX_Swift.debug.xcconfig */ = {isa = PBXFileReference; includeInIndex = 1; lastKnownFileType = text.xcconfig; name = "Pods-HYEX_Swift.debug.xcconfig"; path = "Target Support Files/Pods-HYEX_Swift/Pods-HYEX_Swift.debug.xcconfig"; sourceTree = "<group>"; };
		D70E2DFA25F86D730025B9F3 /* LSVerifyCodeView.xib */ = {isa = PBXFileReference; fileEncoding = 4; lastKnownFileType = file.xib; path = LSVerifyCodeView.xib; sourceTree = "<group>"; };
		D70E2DFB25F86D730025B9F3 /* LSVerifyCodeView.swift */ = {isa = PBXFileReference; fileEncoding = 4; lastKnownFileType = sourcecode.swift; path = LSVerifyCodeView.swift; sourceTree = "<group>"; };
		D70E2DFC25F86D730025B9F3 /* LSVerifyCodeBtn.swift */ = {isa = PBXFileReference; fileEncoding = 4; lastKnownFileType = sourcecode.swift; path = LSVerifyCodeBtn.swift; sourceTree = "<group>"; };
		D70E2E0825F86DAB0025B9F3 /* SecondaryChartRenderer.swift */ = {isa = PBXFileReference; fileEncoding = 4; lastKnownFileType = sourcecode.swift; path = SecondaryChartRenderer.swift; sourceTree = "<group>"; };
		D70E2E0925F86DAB0025B9F3 /* MainChartRenderer.swift */ = {isa = PBXFileReference; fileEncoding = 4; lastKnownFileType = sourcecode.swift; path = MainChartRenderer.swift; sourceTree = "<group>"; };
		D70E2E0A25F86DAB0025B9F3 /* VolChartRenderer.swift */ = {isa = PBXFileReference; fileEncoding = 4; lastKnownFileType = sourcecode.swift; path = VolChartRenderer.swift; sourceTree = "<group>"; };
		D70E2E0B25F86DAB0025B9F3 /* BaseChartRenderer.swift */ = {isa = PBXFileReference; fileEncoding = 4; lastKnownFileType = sourcecode.swift; path = BaseChartRenderer.swift; sourceTree = "<group>"; };
		D70E2E0C25F86DAB0025B9F3 /* KLinePainterView.swift */ = {isa = PBXFileReference; fileEncoding = 4; lastKnownFileType = sourcecode.swift; path = KLinePainterView.swift; sourceTree = "<group>"; };
		D70E2E0E25F86DAB0025B9F3 /* KLineStateManger.swift */ = {isa = PBXFileReference; fileEncoding = 4; lastKnownFileType = sourcecode.swift; path = KLineStateManger.swift; sourceTree = "<group>"; };
		D70E2E0F25F86DAB0025B9F3 /* DataUtil.swift */ = {isa = PBXFileReference; fileEncoding = 4; lastKnownFileType = sourcecode.swift; path = DataUtil.swift; sourceTree = "<group>"; };
		D70E2E1025F86DAB0025B9F3 /* UIColor+RGB.swift */ = {isa = PBXFileReference; fileEncoding = 4; lastKnownFileType = sourcecode.swift; path = "UIColor+RGB.swift"; sourceTree = "<group>"; };
		D70E2E1125F86DAB0025B9F3 /* Calculate.swift */ = {isa = PBXFileReference; fileEncoding = 4; lastKnownFileType = sourcecode.swift; path = Calculate.swift; sourceTree = "<group>"; };
		D70E2E1325F86DAB0025B9F3 /* ChartStyle.swift */ = {isa = PBXFileReference; fileEncoding = 4; lastKnownFileType = sourcecode.swift; path = ChartStyle.swift; sourceTree = "<group>"; };
		D70E2E1425F86DAB0025B9F3 /* KLineChartView.swift */ = {isa = PBXFileReference; fileEncoding = 4; lastKnownFileType = sourcecode.swift; path = KLineChartView.swift; sourceTree = "<group>"; };
		D70E2E1625F86DAB0025B9F3 /* KLineModel.swift */ = {isa = PBXFileReference; fileEncoding = 4; lastKnownFileType = sourcecode.swift; path = KLineModel.swift; sourceTree = "<group>"; };
		D70E2E1725F86DAB0025B9F3 /* KLineState.swift */ = {isa = PBXFileReference; fileEncoding = 4; lastKnownFileType = sourcecode.swift; path = KLineState.swift; sourceTree = "<group>"; };
		D70E2E1925F86DAB0025B9F3 /* KLineInfoView.swift */ = {isa = PBXFileReference; fileEncoding = 4; lastKnownFileType = sourcecode.swift; path = KLineInfoView.swift; sourceTree = "<group>"; };
		D70E2E1A25F86DAB0025B9F3 /* KLineIndicatorsView.swift */ = {isa = PBXFileReference; fileEncoding = 4; lastKnownFileType = sourcecode.swift; path = KLineIndicatorsView.swift; sourceTree = "<group>"; };
		D70E2E1B25F86DAB0025B9F3 /* KLinePeriodView.xib */ = {isa = PBXFileReference; fileEncoding = 4; lastKnownFileType = file.xib; path = KLinePeriodView.xib; sourceTree = "<group>"; };
		D70E2E1C25F86DAB0025B9F3 /* KLineIndicatorsView.xib */ = {isa = PBXFileReference; fileEncoding = 4; lastKnownFileType = file.xib; path = KLineIndicatorsView.xib; sourceTree = "<group>"; };
		D70E2E1D25F86DAB0025B9F3 /* KLinePeriodView.swift */ = {isa = PBXFileReference; fileEncoding = 4; lastKnownFileType = sourcecode.swift; path = KLinePeriodView.swift; sourceTree = "<group>"; };
		D70E2E1E25F86DAB0025B9F3 /* KLineVerticalIndicatorsView.swift */ = {isa = PBXFileReference; fileEncoding = 4; lastKnownFileType = sourcecode.swift; path = KLineVerticalIndicatorsView.swift; sourceTree = "<group>"; };
		D70E2E1F25F86DAB0025B9F3 /* KLineVerticalIndicatorsView.xib */ = {isa = PBXFileReference; fileEncoding = 4; lastKnownFileType = file.xib; path = KLineVerticalIndicatorsView.xib; sourceTree = "<group>"; };
		D70E2E2025F86DAB0025B9F3 /* KLineInfoView.xib */ = {isa = PBXFileReference; fileEncoding = 4; lastKnownFileType = file.xib; path = KLineInfoView.xib; sourceTree = "<group>"; };
		D70E2E9925F86DFF0025B9F3 /* LSHomeViewController.swift */ = {isa = PBXFileReference; fileEncoding = 4; lastKnownFileType = sourcecode.swift; path = LSHomeViewController.swift; sourceTree = "<group>"; };
		D70E2E9B25F86DFF0025B9F3 /* LSMarketListModel.swift */ = {isa = PBXFileReference; fileEncoding = 4; lastKnownFileType = sourcecode.swift; path = LSMarketListModel.swift; sourceTree = "<group>"; };
		D70E2E9C25F86DFF0025B9F3 /* LSBannerModel.swift */ = {isa = PBXFileReference; fileEncoding = 4; lastKnownFileType = sourcecode.swift; path = LSBannerModel.swift; sourceTree = "<group>"; };
		D70E2E9D25F86DFF0025B9F3 /* LSNoticeListModel.swift */ = {isa = PBXFileReference; fileEncoding = 4; lastKnownFileType = sourcecode.swift; path = LSNoticeListModel.swift; sourceTree = "<group>"; };
		D70E2E9F25F86DFF0025B9F3 /* LSHomeItemCell.xib */ = {isa = PBXFileReference; fileEncoding = 4; lastKnownFileType = file.xib; path = LSHomeItemCell.xib; sourceTree = "<group>"; };
		D70E2EA025F86DFF0025B9F3 /* LSMarketListCell.xib */ = {isa = PBXFileReference; fileEncoding = 4; lastKnownFileType = file.xib; path = LSMarketListCell.xib; sourceTree = "<group>"; };
		D70E2EA125F86DFF0025B9F3 /* LSHomeItemCell.swift */ = {isa = PBXFileReference; fileEncoding = 4; lastKnownFileType = sourcecode.swift; path = LSHomeItemCell.swift; sourceTree = "<group>"; };
		D70E2EA225F86DFF0025B9F3 /* LSMarketListCell.swift */ = {isa = PBXFileReference; fileEncoding = 4; lastKnownFileType = sourcecode.swift; path = LSMarketListCell.swift; sourceTree = "<group>"; };
		D70E2EA325F86DFF0025B9F3 /* LSHomeViewController.xib */ = {isa = PBXFileReference; fileEncoding = 4; lastKnownFileType = file.xib; path = LSHomeViewController.xib; sourceTree = "<group>"; };
		D70E2EA525F86DFF0025B9F3 /* LSTradeMainViewController.swift */ = {isa = PBXFileReference; fileEncoding = 4; lastKnownFileType = sourcecode.swift; path = LSTradeMainViewController.swift; sourceTree = "<group>"; };
		D70E2EA725F86DFF0025B9F3 /* LSOTCMainViewController.xib */ = {isa = PBXFileReference; fileEncoding = 4; lastKnownFileType = file.xib; path = LSOTCMainViewController.xib; sourceTree = "<group>"; };
		D70E2EA925F86DFF0025B9F3 /* LSOTCTradeUserInfo.swift */ = {isa = PBXFileReference; fileEncoding = 4; lastKnownFileType = sourcecode.swift; path = LSOTCTradeUserInfo.swift; sourceTree = "<group>"; };
		D70E2EAA25F86DFF0025B9F3 /* LSOTCMainViewController.swift */ = {isa = PBXFileReference; fileEncoding = 4; lastKnownFileType = sourcecode.swift; path = LSOTCMainViewController.swift; sourceTree = "<group>"; };
		D70E2EAC25F86DFF0025B9F3 /* LSCoinCurrencyTradeVC.xib */ = {isa = PBXFileReference; fileEncoding = 4; lastKnownFileType = file.xib; path = LSCoinCurrencyTradeVC.xib; sourceTree = "<group>"; };
		D70E2EAD25F86DFF0025B9F3 /* LSCoinCurrencyTradeVC.swift */ = {isa = PBXFileReference; fileEncoding = 4; lastKnownFileType = sourcecode.swift; path = LSCoinCurrencyTradeVC.swift; sourceTree = "<group>"; };
		D70E2EAE25F86DFF0025B9F3 /* LSTradeMainViewController.xib */ = {isa = PBXFileReference; fileEncoding = 4; lastKnownFileType = file.xib; path = LSTradeMainViewController.xib; sourceTree = "<group>"; };
		D70E2EB025F86DFF0025B9F3 /* LSSustainabilityViewController.swift */ = {isa = PBXFileReference; fileEncoding = 4; lastKnownFileType = sourcecode.swift; path = LSSustainabilityViewController.swift; sourceTree = "<group>"; };
		D70E2EB225F86DFF0025B9F3 /* LSSustainabilityManager.swift */ = {isa = PBXFileReference; fileEncoding = 4; lastKnownFileType = sourcecode.swift; path = LSSustainabilityManager.swift; sourceTree = "<group>"; };
		D70E2EB425F86DFF0025B9F3 /* LSSustainabilityBaseView.swift */ = {isa = PBXFileReference; fileEncoding = 4; lastKnownFileType = sourcecode.swift; path = LSSustainabilityBaseView.swift; sourceTree = "<group>"; };
		D70E2EB525F86DFF0025B9F3 /* LSSustainabilityHeaderView.xib */ = {isa = PBXFileReference; fileEncoding = 4; lastKnownFileType = file.xib; path = LSSustainabilityHeaderView.xib; sourceTree = "<group>"; };
		D70E2EB625F86DFF0025B9F3 /* LSSustainabilityHeaderView.swift */ = {isa = PBXFileReference; fileEncoding = 4; lastKnownFileType = sourcecode.swift; path = LSSustainabilityHeaderView.swift; sourceTree = "<group>"; };
		D70E2EB725F86DFF0025B9F3 /* LSSustainabilityViewController.xib */ = {isa = PBXFileReference; fileEncoding = 4; lastKnownFileType = file.xib; path = LSSustainabilityViewController.xib; sourceTree = "<group>"; };
		D70E2EB925F86DFF0025B9F3 /* LSProfileViewController.xib */ = {isa = PBXFileReference; fileEncoding = 4; lastKnownFileType = file.xib; path = LSProfileViewController.xib; sourceTree = "<group>"; };
		D70E2EBB25F86DFF0025B9F3 /* LSProfileCell.swift */ = {isa = PBXFileReference; fileEncoding = 4; lastKnownFileType = sourcecode.swift; path = LSProfileCell.swift; sourceTree = "<group>"; };
		D70E2EBC25F86DFF0025B9F3 /* LSProfileCell.xib */ = {isa = PBXFileReference; fileEncoding = 4; lastKnownFileType = file.xib; path = LSProfileCell.xib; sourceTree = "<group>"; };
		D70E2EBD25F86DFF0025B9F3 /* LSProfileViewController.swift */ = {isa = PBXFileReference; fileEncoding = 4; lastKnownFileType = sourcecode.swift; path = LSProfileViewController.swift; sourceTree = "<group>"; };
		D70E2EBF25F86DFF0025B9F3 /* LSRegisterViewController.swift */ = {isa = PBXFileReference; fileEncoding = 4; lastKnownFileType = sourcecode.swift; path = LSRegisterViewController.swift; sourceTree = "<group>"; };
		D70E2EC025F86DFF0025B9F3 /* LSLoginViewController.xib */ = {isa = PBXFileReference; fileEncoding = 4; lastKnownFileType = file.xib; path = LSLoginViewController.xib; sourceTree = "<group>"; };
		D70E2EC125F86DFF0025B9F3 /* LSForgotPasswordVC.xib */ = {isa = PBXFileReference; fileEncoding = 4; lastKnownFileType = file.xib; path = LSForgotPasswordVC.xib; sourceTree = "<group>"; };
		D70E2EC225F86DFF0025B9F3 /* LSRegisterViewController.xib */ = {isa = PBXFileReference; fileEncoding = 4; lastKnownFileType = file.xib; path = LSRegisterViewController.xib; sourceTree = "<group>"; };
		D70E2EC425F86DFF0025B9F3 /* LSLoginModel.swift */ = {isa = PBXFileReference; fileEncoding = 4; lastKnownFileType = sourcecode.swift; path = LSLoginModel.swift; sourceTree = "<group>"; };
		D70E2EC525F86DFF0025B9F3 /* TestModel.swift */ = {isa = PBXFileReference; fileEncoding = 4; lastKnownFileType = sourcecode.swift; path = TestModel.swift; sourceTree = "<group>"; };
		D70E2EC625F86DFF0025B9F3 /* LSUserInfo.swift */ = {isa = PBXFileReference; fileEncoding = 4; lastKnownFileType = sourcecode.swift; path = LSUserInfo.swift; sourceTree = "<group>"; };
		D70E2EC725F86DFF0025B9F3 /* LSForgotPasswordVC.swift */ = {isa = PBXFileReference; fileEncoding = 4; lastKnownFileType = sourcecode.swift; path = LSForgotPasswordVC.swift; sourceTree = "<group>"; };
		D70E2EC825F86DFF0025B9F3 /* LSLoginViewController.swift */ = {isa = PBXFileReference; fileEncoding = 4; lastKnownFileType = sourcecode.swift; path = LSLoginViewController.swift; sourceTree = "<group>"; };
		D70E2ECA25F86DFF0025B9F3 /* LSMarketListViewController.swift */ = {isa = PBXFileReference; fileEncoding = 4; lastKnownFileType = sourcecode.swift; path = LSMarketListViewController.swift; sourceTree = "<group>"; };
		D70E2ECC25F86DFF0025B9F3 /* LSMarketListItemModel.swift */ = {isa = PBXFileReference; fileEncoding = 4; lastKnownFileType = sourcecode.swift; path = LSMarketListItemModel.swift; sourceTree = "<group>"; };
		D70E2ECD25F86DFF0025B9F3 /* LSMarketListViewController.xib */ = {isa = PBXFileReference; fileEncoding = 4; lastKnownFileType = file.xib; path = LSMarketListViewController.xib; sourceTree = "<group>"; };
		D70E2F0625F86F140025B9F3 /* LSProfileHeaderView.swift */ = {isa = PBXFileReference; lastKnownFileType = sourcecode.swift; path = LSProfileHeaderView.swift; sourceTree = "<group>"; };
		D70E2F0E25F86F2F0025B9F3 /* LSProfileHeaderView.xib */ = {isa = PBXFileReference; lastKnownFileType = file.xib; path = LSProfileHeaderView.xib; sourceTree = "<group>"; };
		D70E2F1525F8B2190025B9F3 /* Market3.json */ = {isa = PBXFileReference; fileEncoding = 4; lastKnownFileType = text.json; path = Market3.json; sourceTree = "<group>"; };
		D70E2F1625F8B2190025B9F3 /* Market2.json */ = {isa = PBXFileReference; fileEncoding = 4; lastKnownFileType = text.json; path = Market2.json; sourceTree = "<group>"; };
		D70E2F1725F8B2190025B9F3 /* Market4.json */ = {isa = PBXFileReference; fileEncoding = 4; lastKnownFileType = text.json; path = Market4.json; sourceTree = "<group>"; };
		D70E2F1825F8B2190025B9F3 /* Market1.json */ = {isa = PBXFileReference; fileEncoding = 4; lastKnownFileType = text.json; path = Market1.json; sourceTree = "<group>"; };
		D70E2F1A25F8B2190025B9F3 /* kline.json */ = {isa = PBXFileReference; fileEncoding = 4; lastKnownFileType = text.json; path = kline.json; sourceTree = "<group>"; };
		D70E2F1B25F8B2190025B9F3 /* depth.json */ = {isa = PBXFileReference; fileEncoding = 4; lastKnownFileType = text.json; path = depth.json; sourceTree = "<group>"; };
		D70E2F1C25F8B2190025B9F3 /* kmon.json */ = {isa = PBXFileReference; fileEncoding = 4; lastKnownFileType = text.json; path = kmon.json; sourceTree = "<group>"; };
		D70E2F1D25F8B2190025B9F3 /* CHKLineChartStyle.swift */ = {isa = PBXFileReference; fileEncoding = 4; lastKnownFileType = sourcecode.swift; path = CHKLineChartStyle.swift; sourceTree = "<group>"; };
		D70E2F1E25F8B2190025B9F3 /* CHDepthChartView.swift */ = {isa = PBXFileReference; fileEncoding = 4; lastKnownFileType = sourcecode.swift; path = CHDepthChartView.swift; sourceTree = "<group>"; };
		D70E2F1F25F8B2190025B9F3 /* CHShapeLayer.swift */ = {isa = PBXFileReference; fileEncoding = 4; lastKnownFileType = sourcecode.swift; path = CHShapeLayer.swift; sourceTree = "<group>"; };
		D70E2F2D25F8B2F90025B9F3 /* QuartzCore.framework */ = {isa = PBXFileReference; lastKnownFileType = wrapper.framework; name = QuartzCore.framework; path = System/Library/Frameworks/QuartzCore.framework; sourceTree = SDKROOT; };
		D70E2F4125F8B55B0025B9F3 /* LSSafetyViewController.swift */ = {isa = PBXFileReference; lastKnownFileType = sourcecode.swift; path = LSSafetyViewController.swift; sourceTree = "<group>"; };
		D70E2F4225F8B55B0025B9F3 /* LSSafetyViewController.xib */ = {isa = PBXFileReference; lastKnownFileType = file.xib; path = LSSafetyViewController.xib; sourceTree = "<group>"; };
		D70E2F5425F8C31D0025B9F3 /* LSInviteViewController.swift */ = {isa = PBXFileReference; lastKnownFileType = sourcecode.swift; path = LSInviteViewController.swift; sourceTree = "<group>"; };
		D70E2F5525F8C31D0025B9F3 /* LSInviteViewController.xib */ = {isa = PBXFileReference; lastKnownFileType = file.xib; path = LSInviteViewController.xib; sourceTree = "<group>"; };
		D726B57825F3206B00B51D61 /* MD5.swift */ = {isa = PBXFileReference; lastKnownFileType = sourcecode.swift; path = MD5.swift; sourceTree = "<group>"; };
		D748D56825F9BA180048662A /* LSFeedBackRootVC.swift */ = {isa = PBXFileReference; lastKnownFileType = sourcecode.swift; path = LSFeedBackRootVC.swift; sourceTree = "<group>"; };
		D748D56925F9BA180048662A /* LSFeedBackRootVC.xib */ = {isa = PBXFileReference; lastKnownFileType = file.xib; path = LSFeedBackRootVC.xib; sourceTree = "<group>"; };
		D748D57225F9BB430048662A /* LSFeedBackViewController.swift */ = {isa = PBXFileReference; lastKnownFileType = sourcecode.swift; path = LSFeedBackViewController.swift; sourceTree = "<group>"; };
		D748D57325F9BB430048662A /* LSFeedBackViewController.xib */ = {isa = PBXFileReference; lastKnownFileType = file.xib; path = LSFeedBackViewController.xib; sourceTree = "<group>"; };
		D748D57925F9BB530048662A /* LSFeedBackRecordVC.swift */ = {isa = PBXFileReference; lastKnownFileType = sourcecode.swift; path = LSFeedBackRecordVC.swift; sourceTree = "<group>"; };
		D748D57A25F9BB530048662A /* LSFeedBackRecordVC.xib */ = {isa = PBXFileReference; lastKnownFileType = file.xib; path = LSFeedBackRecordVC.xib; sourceTree = "<group>"; };
		D748D5FD25FA12D70048662A /* LSFeedBackModel.swift */ = {isa = PBXFileReference; lastKnownFileType = sourcecode.swift; path = LSFeedBackModel.swift; sourceTree = "<group>"; };
		D748D61525FA1F960048662A /* LSAliyunOSSManager.swift */ = {isa = PBXFileReference; lastKnownFileType = sourcecode.swift; path = LSAliyunOSSManager.swift; sourceTree = "<group>"; };
		D74C02F225E0E3EA0017E1E7 /* LSNetRequest.swift */ = {isa = PBXFileReference; lastKnownFileType = sourcecode.swift; path = LSNetRequest.swift; sourceTree = "<group>"; };
		D78B820B25E3586400F2360E /* NSObject+Extension.swift */ = {isa = PBXFileReference; fileEncoding = 4; lastKnownFileType = sourcecode.swift; path = "NSObject+Extension.swift"; sourceTree = "<group>"; };
		D78B820C25E3586400F2360E /* Localize.swift */ = {isa = PBXFileReference; fileEncoding = 4; lastKnownFileType = sourcecode.swift; path = Localize.swift; sourceTree = "<group>"; };
		D78B820D25E3586400F2360E /* Bundle+Swizzling.swift */ = {isa = PBXFileReference; fileEncoding = 4; lastKnownFileType = sourcecode.swift; path = "Bundle+Swizzling.swift"; sourceTree = "<group>"; };
		D78B821425E358DA00F2360E /* constantDefine.swift */ = {isa = PBXFileReference; lastKnownFileType = sourcecode.swift; path = constantDefine.swift; sourceTree = "<group>"; };
		D78B821925E35C0300F2360E /* String+Extension.swift */ = {isa = PBXFileReference; lastKnownFileType = sourcecode.swift; path = "String+Extension.swift"; sourceTree = "<group>"; };
		D7E81C9225E4ADB4003D760B /* LSIBInspectable.swift */ = {isa = PBXFileReference; lastKnownFileType = sourcecode.swift; path = LSIBInspectable.swift; sourceTree = "<group>"; };
		D7F9F4FE25C0FD6500BB32D7 /* HYEX_Swift.app */ = {isa = PBXFileReference; explicitFileType = wrapper.application; includeInIndex = 0; path = HYEX_Swift.app; sourceTree = BUILT_PRODUCTS_DIR; };
		D7F9F50125C0FD6500BB32D7 /* AppDelegate.swift */ = {isa = PBXFileReference; lastKnownFileType = sourcecode.swift; path = AppDelegate.swift; sourceTree = "<group>"; };
		D7F9F50825C0FD6500BB32D7 /* Base */ = {isa = PBXFileReference; lastKnownFileType = file.storyboard; name = Base; path = Base.lproj/Main.storyboard; sourceTree = "<group>"; };
		D7F9F50A25C0FD6700BB32D7 /* Assets.xcassets */ = {isa = PBXFileReference; lastKnownFileType = folder.assetcatalog; path = Assets.xcassets; sourceTree = "<group>"; };
		D7F9F50D25C0FD6700BB32D7 /* Base */ = {isa = PBXFileReference; lastKnownFileType = file.storyboard; name = Base; path = Base.lproj/LaunchScreen.storyboard; sourceTree = "<group>"; };
		D7F9F50F25C0FD6700BB32D7 /* Info.plist */ = {isa = PBXFileReference; lastKnownFileType = text.plist.xml; path = Info.plist; sourceTree = "<group>"; };
		D7F9F51425C0FD6700BB32D7 /* HYEX_SwiftTests.xctest */ = {isa = PBXFileReference; explicitFileType = wrapper.cfbundle; includeInIndex = 0; path = HYEX_SwiftTests.xctest; sourceTree = BUILT_PRODUCTS_DIR; };
		D7F9F51825C0FD6700BB32D7 /* HYEX_SwiftTests.swift */ = {isa = PBXFileReference; lastKnownFileType = sourcecode.swift; path = HYEX_SwiftTests.swift; sourceTree = "<group>"; };
		D7F9F51A25C0FD6700BB32D7 /* Info.plist */ = {isa = PBXFileReference; lastKnownFileType = text.plist.xml; path = Info.plist; sourceTree = "<group>"; };
		D7F9F51F25C0FD6700BB32D7 /* HYEX_SwiftUITests.xctest */ = {isa = PBXFileReference; explicitFileType = wrapper.cfbundle; includeInIndex = 0; path = HYEX_SwiftUITests.xctest; sourceTree = BUILT_PRODUCTS_DIR; };
		D7F9F52325C0FD6700BB32D7 /* HYEX_SwiftUITests.swift */ = {isa = PBXFileReference; lastKnownFileType = sourcecode.swift; path = HYEX_SwiftUITests.swift; sourceTree = "<group>"; };
		D7F9F52525C0FD6700BB32D7 /* Info.plist */ = {isa = PBXFileReference; lastKnownFileType = text.plist.xml; path = Info.plist; sourceTree = "<group>"; };
		D7F9F54F25C1000C00BB32D7 /* LSMainTabbarController.swift */ = {isa = PBXFileReference; lastKnownFileType = sourcecode.swift; path = LSMainTabbarController.swift; sourceTree = "<group>"; };
		D7F9F55725C1063C00BB32D7 /* LSBaseViewController.swift */ = {isa = PBXFileReference; lastKnownFileType = sourcecode.swift; path = LSBaseViewController.swift; sourceTree = "<group>"; };
		D7F9F55C25C1089B00BB32D7 /* LSBaseNavigationController.swift */ = {isa = PBXFileReference; lastKnownFileType = sourcecode.swift; path = LSBaseNavigationController.swift; sourceTree = "<group>"; };
		D7F9F5A025C10CDD00BB32D7 /* Common.swift */ = {isa = PBXFileReference; lastKnownFileType = sourcecode.swift; path = Common.swift; sourceTree = "<group>"; };
/* End PBXFileReference section */

/* Begin PBXFrameworksBuildPhase section */
		D7F9F4FB25C0FD6500BB32D7 /* Frameworks */ = {
			isa = PBXFrameworksBuildPhase;
			buildActionMask = 2147483647;
			files = (
				D70E2F2E25F8B2F90025B9F3 /* QuartzCore.framework in Frameworks */,
				431C3158D3673A70A36BF790 /* Pods_HYEX_Swift.framework in Frameworks */,
			);
			runOnlyForDeploymentPostprocessing = 0;
		};
		D7F9F51125C0FD6700BB32D7 /* Frameworks */ = {
			isa = PBXFrameworksBuildPhase;
			buildActionMask = 2147483647;
			files = (
			);
			runOnlyForDeploymentPostprocessing = 0;
		};
		D7F9F51C25C0FD6700BB32D7 /* Frameworks */ = {
			isa = PBXFrameworksBuildPhase;
			buildActionMask = 2147483647;
			files = (
			);
			runOnlyForDeploymentPostprocessing = 0;
		};
/* End PBXFrameworksBuildPhase section */

/* Begin PBXGroup section */
		588ABF90956E00E848E6DD6E /* Frameworks */ = {
			isa = PBXGroup;
			children = (
				D70E2F2D25F8B2F90025B9F3 /* QuartzCore.framework */,
				392F33080D2BEC680542A74E /* Pods_HYEX_Swift.framework */,
			);
			name = Frameworks;
			sourceTree = "<group>";
		};
		C71F801E4928486929CBFAD6 /* Pods */ = {
			isa = PBXGroup;
			children = (
				851456A3235A6C9CE3F6B601 /* Pods-HYEX_Swift.debug.xcconfig */,
				7A397BAF0800A9BEE834BB9D /* Pods-HYEX_Swift.release.xcconfig */,
			);
			path = Pods;
			sourceTree = "<group>";
		};
		D70E2DF925F86D730025B9F3 /* verifyCodeTool */ = {
			isa = PBXGroup;
			children = (
				D70E2DFA25F86D730025B9F3 /* LSVerifyCodeView.xib */,
				D70E2DFB25F86D730025B9F3 /* LSVerifyCodeView.swift */,
				D70E2DFC25F86D730025B9F3 /* LSVerifyCodeBtn.swift */,
			);
			path = verifyCodeTool;
			sourceTree = "<group>";
		};
		D70E2E0625F86DAB0025B9F3 /* KLineChart */ = {
			isa = PBXGroup;
			children = (
				D70E2E1425F86DAB0025B9F3 /* KLineChartView.swift */,
				D70E2E0C25F86DAB0025B9F3 /* KLinePainterView.swift */,
				D70E2E0725F86DAB0025B9F3 /* Renderer */,
				D70E2E0D25F86DAB0025B9F3 /* Util */,
				D70E2E1225F86DAB0025B9F3 /* Style */,
				D70E2E1525F86DAB0025B9F3 /* Model */,
				D70E2E1825F86DAB0025B9F3 /* View */,
			);
			path = KLineChart;
			sourceTree = "<group>";
		};
		D70E2E0725F86DAB0025B9F3 /* Renderer */ = {
			isa = PBXGroup;
			children = (
				D70E2E0825F86DAB0025B9F3 /* SecondaryChartRenderer.swift */,
				D70E2E0925F86DAB0025B9F3 /* MainChartRenderer.swift */,
				D70E2E0A25F86DAB0025B9F3 /* VolChartRenderer.swift */,
				D70E2E0B25F86DAB0025B9F3 /* BaseChartRenderer.swift */,
			);
			path = Renderer;
			sourceTree = "<group>";
		};
		D70E2E0D25F86DAB0025B9F3 /* Util */ = {
			isa = PBXGroup;
			children = (
				D70E2E0E25F86DAB0025B9F3 /* KLineStateManger.swift */,
				D70E2E0F25F86DAB0025B9F3 /* DataUtil.swift */,
				D70E2E1025F86DAB0025B9F3 /* UIColor+RGB.swift */,
				D70E2E1125F86DAB0025B9F3 /* Calculate.swift */,
			);
			path = Util;
			sourceTree = "<group>";
		};
		D70E2E1225F86DAB0025B9F3 /* Style */ = {
			isa = PBXGroup;
			children = (
				D70E2E1325F86DAB0025B9F3 /* ChartStyle.swift */,
			);
			path = Style;
			sourceTree = "<group>";
		};
		D70E2E1525F86DAB0025B9F3 /* Model */ = {
			isa = PBXGroup;
			children = (
				D70E2E1625F86DAB0025B9F3 /* KLineModel.swift */,
				D70E2E1725F86DAB0025B9F3 /* KLineState.swift */,
			);
			path = Model;
			sourceTree = "<group>";
		};
		D70E2E1825F86DAB0025B9F3 /* View */ = {
			isa = PBXGroup;
			children = (
				D70E2E1925F86DAB0025B9F3 /* KLineInfoView.swift */,
				D70E2E1A25F86DAB0025B9F3 /* KLineIndicatorsView.swift */,
				D70E2E1B25F86DAB0025B9F3 /* KLinePeriodView.xib */,
				D70E2E1C25F86DAB0025B9F3 /* KLineIndicatorsView.xib */,
				D70E2E1D25F86DAB0025B9F3 /* KLinePeriodView.swift */,
				D70E2E1E25F86DAB0025B9F3 /* KLineVerticalIndicatorsView.swift */,
				D70E2E1F25F86DAB0025B9F3 /* KLineVerticalIndicatorsView.xib */,
				D70E2E2025F86DAB0025B9F3 /* KLineInfoView.xib */,
			);
			path = View;
			sourceTree = "<group>";
		};
		D70E2E9825F86DFF0025B9F3 /* Home */ = {
			isa = PBXGroup;
			children = (
				D70E2E9925F86DFF0025B9F3 /* LSHomeViewController.swift */,
				D70E2E9A25F86DFF0025B9F3 /* Model */,
				D70E2E9E25F86DFF0025B9F3 /* View */,
				D70E2EA325F86DFF0025B9F3 /* LSHomeViewController.xib */,
			);
			path = Home;
			sourceTree = "<group>";
		};
		D70E2E9A25F86DFF0025B9F3 /* Model */ = {
			isa = PBXGroup;
			children = (
				D70E2E9B25F86DFF0025B9F3 /* LSMarketListModel.swift */,
				D70E2E9C25F86DFF0025B9F3 /* LSBannerModel.swift */,
				D70E2E9D25F86DFF0025B9F3 /* LSNoticeListModel.swift */,
			);
			path = Model;
			sourceTree = "<group>";
		};
		D70E2E9E25F86DFF0025B9F3 /* View */ = {
			isa = PBXGroup;
			children = (
				D70E2E9F25F86DFF0025B9F3 /* LSHomeItemCell.xib */,
				D70E2EA025F86DFF0025B9F3 /* LSMarketListCell.xib */,
				D70E2EA125F86DFF0025B9F3 /* LSHomeItemCell.swift */,
				D70E2EA225F86DFF0025B9F3 /* LSMarketListCell.swift */,
			);
			path = View;
			sourceTree = "<group>";
		};
		D70E2EA425F86DFF0025B9F3 /* Trade */ = {
			isa = PBXGroup;
			children = (
				D70E2EA525F86DFF0025B9F3 /* LSTradeMainViewController.swift */,
				D70E2EA625F86DFF0025B9F3 /* OTC */,
				D70E2EAB25F86DFF0025B9F3 /* CoinCurrency */,
				D70E2EAE25F86DFF0025B9F3 /* LSTradeMainViewController.xib */,
				D70E2EAF25F86DFF0025B9F3 /* Sustainability */,
			);
			path = Trade;
			sourceTree = "<group>";
		};
		D70E2EA625F86DFF0025B9F3 /* OTC */ = {
			isa = PBXGroup;
			children = (
				D70E2EA725F86DFF0025B9F3 /* LSOTCMainViewController.xib */,
				D70E2EA825F86DFF0025B9F3 /* Model */,
				D70E2EAA25F86DFF0025B9F3 /* LSOTCMainViewController.swift */,
			);
			path = OTC;
			sourceTree = "<group>";
		};
		D70E2EA825F86DFF0025B9F3 /* Model */ = {
			isa = PBXGroup;
			children = (
				D70E2EA925F86DFF0025B9F3 /* LSOTCTradeUserInfo.swift */,
			);
			path = Model;
			sourceTree = "<group>";
		};
		D70E2EAB25F86DFF0025B9F3 /* CoinCurrency */ = {
			isa = PBXGroup;
			children = (
				D70E2EAC25F86DFF0025B9F3 /* LSCoinCurrencyTradeVC.xib */,
				D70E2EAD25F86DFF0025B9F3 /* LSCoinCurrencyTradeVC.swift */,
			);
			path = CoinCurrency;
			sourceTree = "<group>";
		};
		D70E2EAF25F86DFF0025B9F3 /* Sustainability */ = {
			isa = PBXGroup;
			children = (
				D70E2EB025F86DFF0025B9F3 /* LSSustainabilityViewController.swift */,
				D70E2EB125F86DFF0025B9F3 /* manager */,
				D70E2EB325F86DFF0025B9F3 /* View */,
				D70E2EB725F86DFF0025B9F3 /* LSSustainabilityViewController.xib */,
			);
			path = Sustainability;
			sourceTree = "<group>";
		};
		D70E2EB125F86DFF0025B9F3 /* manager */ = {
			isa = PBXGroup;
			children = (
				D70E2EB225F86DFF0025B9F3 /* LSSustainabilityManager.swift */,
			);
			path = manager;
			sourceTree = "<group>";
		};
		D70E2EB325F86DFF0025B9F3 /* View */ = {
			isa = PBXGroup;
			children = (
				D70E2EB425F86DFF0025B9F3 /* LSSustainabilityBaseView.swift */,
				D70E2EB525F86DFF0025B9F3 /* LSSustainabilityHeaderView.xib */,
				D70E2EB625F86DFF0025B9F3 /* LSSustainabilityHeaderView.swift */,
			);
			path = View;
			sourceTree = "<group>";
		};
		D70E2EB825F86DFF0025B9F3 /* Profile */ = {
			isa = PBXGroup;
			children = (
				D70E2EBA25F86DFF0025B9F3 /* View */,
				D748D56725F9BA010048662A /* feedBack */,
				D70E2EBD25F86DFF0025B9F3 /* LSProfileViewController.swift */,
				D70E2EB925F86DFF0025B9F3 /* LSProfileViewController.xib */,
				D70E2F4125F8B55B0025B9F3 /* LSSafetyViewController.swift */,
				D70E2F4225F8B55B0025B9F3 /* LSSafetyViewController.xib */,
				D70E2F5425F8C31D0025B9F3 /* LSInviteViewController.swift */,
				D70E2F5525F8C31D0025B9F3 /* LSInviteViewController.xib */,
			);
			path = Profile;
			sourceTree = "<group>";
		};
		D70E2EBA25F86DFF0025B9F3 /* View */ = {
			isa = PBXGroup;
			children = (
				D70E2EBB25F86DFF0025B9F3 /* LSProfileCell.swift */,
				D70E2EBC25F86DFF0025B9F3 /* LSProfileCell.xib */,
				D70E2F0625F86F140025B9F3 /* LSProfileHeaderView.swift */,
				D70E2F0E25F86F2F0025B9F3 /* LSProfileHeaderView.xib */,
			);
			path = View;
			sourceTree = "<group>";
		};
		D70E2EBE25F86DFF0025B9F3 /* Login&Register */ = {
			isa = PBXGroup;
			children = (
				D70E2EBF25F86DFF0025B9F3 /* LSRegisterViewController.swift */,
				D70E2EC025F86DFF0025B9F3 /* LSLoginViewController.xib */,
				D70E2EC125F86DFF0025B9F3 /* LSForgotPasswordVC.xib */,
				D70E2EC225F86DFF0025B9F3 /* LSRegisterViewController.xib */,
				D70E2EC325F86DFF0025B9F3 /* Model */,
				D70E2EC725F86DFF0025B9F3 /* LSForgotPasswordVC.swift */,
				D70E2EC825F86DFF0025B9F3 /* LSLoginViewController.swift */,
			);
			path = "Login&Register";
			sourceTree = "<group>";
		};
		D70E2EC325F86DFF0025B9F3 /* Model */ = {
			isa = PBXGroup;
			children = (
				D70E2EC425F86DFF0025B9F3 /* LSLoginModel.swift */,
				D70E2EC525F86DFF0025B9F3 /* TestModel.swift */,
				D70E2EC625F86DFF0025B9F3 /* LSUserInfo.swift */,
			);
			path = Model;
			sourceTree = "<group>";
		};
		D70E2EC925F86DFF0025B9F3 /* Market */ = {
			isa = PBXGroup;
			children = (
				D70E2ECB25F86DFF0025B9F3 /* Model */,
				D70E2ECA25F86DFF0025B9F3 /* LSMarketListViewController.swift */,
				D70E2ECD25F86DFF0025B9F3 /* LSMarketListViewController.xib */,
			);
			path = Market;
			sourceTree = "<group>";
		};
		D70E2ECB25F86DFF0025B9F3 /* Model */ = {
			isa = PBXGroup;
			children = (
				D70E2ECC25F86DFF0025B9F3 /* LSMarketListItemModel.swift */,
			);
			path = Model;
			sourceTree = "<group>";
		};
		D70E2F1325F8B2190025B9F3 /* DepthChartView */ = {
			isa = PBXGroup;
			children = (
				D70E2F1425F8B2190025B9F3 /* testJson */,
				D70E2F1D25F8B2190025B9F3 /* CHKLineChartStyle.swift */,
				D70E2F1E25F8B2190025B9F3 /* CHDepthChartView.swift */,
				D70E2F1F25F8B2190025B9F3 /* CHShapeLayer.swift */,
			);
			path = DepthChartView;
			sourceTree = "<group>";
		};
		D70E2F1425F8B2190025B9F3 /* testJson */ = {
			isa = PBXGroup;
			children = (
				D70E2F1525F8B2190025B9F3 /* Market3.json */,
				D70E2F1625F8B2190025B9F3 /* Market2.json */,
				D70E2F1725F8B2190025B9F3 /* Market4.json */,
				D70E2F1825F8B2190025B9F3 /* Market1.json */,
				D70E2F1925F8B2190025B9F3 /* Resource */,
			);
			path = testJson;
			sourceTree = "<group>";
		};
		D70E2F1925F8B2190025B9F3 /* Resource */ = {
			isa = PBXGroup;
			children = (
				D70E2F1A25F8B2190025B9F3 /* kline.json */,
				D70E2F1B25F8B2190025B9F3 /* depth.json */,
				D70E2F1C25F8B2190025B9F3 /* kmon.json */,
			);
			path = Resource;
			sourceTree = "<group>";
		};
		D748D56725F9BA010048662A /* feedBack */ = {
			isa = PBXGroup;
			children = (
				D748D5FC25FA12CA0048662A /* Model */,
				D748D56825F9BA180048662A /* LSFeedBackRootVC.swift */,
				D748D56925F9BA180048662A /* LSFeedBackRootVC.xib */,
				D748D57225F9BB430048662A /* LSFeedBackViewController.swift */,
				D748D57325F9BB430048662A /* LSFeedBackViewController.xib */,
				D748D57925F9BB530048662A /* LSFeedBackRecordVC.swift */,
				D748D57A25F9BB530048662A /* LSFeedBackRecordVC.xib */,
			);
			path = feedBack;
			sourceTree = "<group>";
		};
		D748D5FC25FA12CA0048662A /* Model */ = {
			isa = PBXGroup;
			children = (
				D748D5FD25FA12D70048662A /* LSFeedBackModel.swift */,
			);
			path = Model;
			sourceTree = "<group>";
		};
		D74C02F125E0E3D70017E1E7 /* Tool */ = {
			isa = PBXGroup;
			children = (
				D74C02F225E0E3EA0017E1E7 /* LSNetRequest.swift */,
				D748D61525FA1F960048662A /* LSAliyunOSSManager.swift */,
				D726B57825F3206B00B51D61 /* MD5.swift */,
			);
			path = Tool;
			sourceTree = "<group>";
		};
		D78B820A25E3586400F2360E /* Localize */ = {
			isa = PBXGroup;
			children = (
				D78B820B25E3586400F2360E /* NSObject+Extension.swift */,
				D78B820C25E3586400F2360E /* Localize.swift */,
				D78B820D25E3586400F2360E /* Bundle+Swizzling.swift */,
			);
			name = Localize;
			path = HYEX_Swift/Tool/Localize;
			sourceTree = SOURCE_ROOT;
		};
		D7F9F4F525C0FD6500BB32D7 = {
			isa = PBXGroup;
			children = (
				D7F9F50025C0FD6500BB32D7 /* HYEX_Swift */,
				D7F9F51725C0FD6700BB32D7 /* HYEX_SwiftTests */,
				D7F9F52225C0FD6700BB32D7 /* HYEX_SwiftUITests */,
				D7F9F4FF25C0FD6500BB32D7 /* Products */,
				C71F801E4928486929CBFAD6 /* Pods */,
				588ABF90956E00E848E6DD6E /* Frameworks */,
			);
			sourceTree = "<group>";
		};
		D7F9F4FF25C0FD6500BB32D7 /* Products */ = {
			isa = PBXGroup;
			children = (
				D7F9F4FE25C0FD6500BB32D7 /* HYEX_Swift.app */,
				D7F9F51425C0FD6700BB32D7 /* HYEX_SwiftTests.xctest */,
				D7F9F51F25C0FD6700BB32D7 /* HYEX_SwiftUITests.xctest */,
			);
			name = Products;
			sourceTree = "<group>";
		};
		D7F9F50025C0FD6500BB32D7 /* HYEX_Swift */ = {
			isa = PBXGroup;
			children = (
				D7F9F50125C0FD6500BB32D7 /* AppDelegate.swift */,
				D70E2DF925F86D730025B9F3 /* verifyCodeTool */,
				D7F9F54E25C0FFB200BB32D7 /* Main_Root */,
				D74C02F125E0E3D70017E1E7 /* Tool */,
				D7F9F56125C109B300BB32D7 /* Extension */,
				D70E2E9825F86DFF0025B9F3 /* Home */,
				D70E2EBE25F86DFF0025B9F3 /* Login&Register */,
				D70E2EC925F86DFF0025B9F3 /* Market */,
				D70E2EB825F86DFF0025B9F3 /* Profile */,
				D70E2EA425F86DFF0025B9F3 /* Trade */,
				D7F9F50725C0FD6500BB32D7 /* Main.storyboard */,
				D7F9F50A25C0FD6700BB32D7 /* Assets.xcassets */,
				D7F9F50C25C0FD6700BB32D7 /* LaunchScreen.storyboard */,
				D7F9F50F25C0FD6700BB32D7 /* Info.plist */,
			);
			path = HYEX_Swift;
			sourceTree = "<group>";
		};
		D7F9F51725C0FD6700BB32D7 /* HYEX_SwiftTests */ = {
			isa = PBXGroup;
			children = (
				D7F9F51825C0FD6700BB32D7 /* HYEX_SwiftTests.swift */,
				D7F9F51A25C0FD6700BB32D7 /* Info.plist */,
			);
			path = HYEX_SwiftTests;
			sourceTree = "<group>";
		};
		D7F9F52225C0FD6700BB32D7 /* HYEX_SwiftUITests */ = {
			isa = PBXGroup;
			children = (
				D7F9F52325C0FD6700BB32D7 /* HYEX_SwiftUITests.swift */,
				D7F9F52525C0FD6700BB32D7 /* Info.plist */,
			);
			path = HYEX_SwiftUITests;
			sourceTree = "<group>";
		};
		D7F9F54E25C0FFB200BB32D7 /* Main_Root */ = {
			isa = PBXGroup;
			children = (
				D7F9F54F25C1000C00BB32D7 /* LSMainTabbarController.swift */,
				D7F9F55725C1063C00BB32D7 /* LSBaseViewController.swift */,
				D7F9F55C25C1089B00BB32D7 /* LSBaseNavigationController.swift */,
			);
			path = Main_Root;
			sourceTree = "<group>";
		};
		D7F9F56125C109B300BB32D7 /* Extension */ = {
			isa = PBXGroup;
			children = (
				D70E2F1325F8B2190025B9F3 /* DepthChartView */,
				D70E2E0625F86DAB0025B9F3 /* KLineChart */,
				D78B820A25E3586400F2360E /* Localize */,
				D7F9F5A025C10CDD00BB32D7 /* Common.swift */,
				D78B821425E358DA00F2360E /* constantDefine.swift */,
				D78B821925E35C0300F2360E /* String+Extension.swift */,
				D7E81C9225E4ADB4003D760B /* LSIBInspectable.swift */,
			);
			path = Extension;
			sourceTree = "<group>";
		};
/* End PBXGroup section */

/* Begin PBXNativeTarget section */
		D7F9F4FD25C0FD6500BB32D7 /* HYEX_Swift */ = {
			isa = PBXNativeTarget;
			buildConfigurationList = D7F9F52825C0FD6700BB32D7 /* Build configuration list for PBXNativeTarget "HYEX_Swift" */;
			buildPhases = (
				7D77041A8070F1C2CE992A3E /* [CP] Check Pods Manifest.lock */,
				D7F9F4FA25C0FD6500BB32D7 /* Sources */,
				D7F9F4FB25C0FD6500BB32D7 /* Frameworks */,
				D7F9F4FC25C0FD6500BB32D7 /* Resources */,
				35ED17E5D539A275902A67B7 /* [CP] Embed Pods Frameworks */,
			);
			buildRules = (
			);
			dependencies = (
			);
			name = HYEX_Swift;
			productName = HYEX_Swift;
			productReference = D7F9F4FE25C0FD6500BB32D7 /* HYEX_Swift.app */;
			productType = "com.apple.product-type.application";
		};
		D7F9F51325C0FD6700BB32D7 /* HYEX_SwiftTests */ = {
			isa = PBXNativeTarget;
			buildConfigurationList = D7F9F52B25C0FD6700BB32D7 /* Build configuration list for PBXNativeTarget "HYEX_SwiftTests" */;
			buildPhases = (
				D7F9F51025C0FD6700BB32D7 /* Sources */,
				D7F9F51125C0FD6700BB32D7 /* Frameworks */,
				D7F9F51225C0FD6700BB32D7 /* Resources */,
			);
			buildRules = (
			);
			dependencies = (
				D7F9F51625C0FD6700BB32D7 /* PBXTargetDependency */,
			);
			name = HYEX_SwiftTests;
			productName = HYEX_SwiftTests;
			productReference = D7F9F51425C0FD6700BB32D7 /* HYEX_SwiftTests.xctest */;
			productType = "com.apple.product-type.bundle.unit-test";
		};
		D7F9F51E25C0FD6700BB32D7 /* HYEX_SwiftUITests */ = {
			isa = PBXNativeTarget;
			buildConfigurationList = D7F9F52E25C0FD6700BB32D7 /* Build configuration list for PBXNativeTarget "HYEX_SwiftUITests" */;
			buildPhases = (
				D7F9F51B25C0FD6700BB32D7 /* Sources */,
				D7F9F51C25C0FD6700BB32D7 /* Frameworks */,
				D7F9F51D25C0FD6700BB32D7 /* Resources */,
			);
			buildRules = (
			);
			dependencies = (
				D7F9F52125C0FD6700BB32D7 /* PBXTargetDependency */,
			);
			name = HYEX_SwiftUITests;
			productName = HYEX_SwiftUITests;
			productReference = D7F9F51F25C0FD6700BB32D7 /* HYEX_SwiftUITests.xctest */;
			productType = "com.apple.product-type.bundle.ui-testing";
		};
/* End PBXNativeTarget section */

/* Begin PBXProject section */
		D7F9F4F625C0FD6500BB32D7 /* Project object */ = {
			isa = PBXProject;
			attributes = {
				LastSwiftUpdateCheck = 1220;
				LastUpgradeCheck = 1220;
				TargetAttributes = {
					D7F9F4FD25C0FD6500BB32D7 = {
						CreatedOnToolsVersion = 12.2;
					};
					D7F9F51325C0FD6700BB32D7 = {
						CreatedOnToolsVersion = 12.2;
						TestTargetID = D7F9F4FD25C0FD6500BB32D7;
					};
					D7F9F51E25C0FD6700BB32D7 = {
						CreatedOnToolsVersion = 12.2;
						TestTargetID = D7F9F4FD25C0FD6500BB32D7;
					};
				};
			};
			buildConfigurationList = D7F9F4F925C0FD6500BB32D7 /* Build configuration list for PBXProject "HYEX_Swift" */;
			compatibilityVersion = "Xcode 9.3";
			developmentRegion = en;
			hasScannedForEncodings = 0;
			knownRegions = (
				en,
				Base,
			);
			mainGroup = D7F9F4F525C0FD6500BB32D7;
			productRefGroup = D7F9F4FF25C0FD6500BB32D7 /* Products */;
			projectDirPath = "";
			projectRoot = "";
			targets = (
				D7F9F4FD25C0FD6500BB32D7 /* HYEX_Swift */,
				D7F9F51325C0FD6700BB32D7 /* HYEX_SwiftTests */,
				D7F9F51E25C0FD6700BB32D7 /* HYEX_SwiftUITests */,
			);
		};
/* End PBXProject section */

/* Begin PBXResourcesBuildPhase section */
		D7F9F4FC25C0FD6500BB32D7 /* Resources */ = {
			isa = PBXResourcesBuildPhase;
			buildActionMask = 2147483647;
			files = (
				D70E2E3025F86DAB0025B9F3 /* KLinePeriodView.xib in Resources */,
				D70E2F2425F8B2190025B9F3 /* kline.json in Resources */,
				D70E2EDD25F86DFF0025B9F3 /* LSTradeMainViewController.xib in Resources */,
				D748D57C25F9BB530048662A /* LSFeedBackRecordVC.xib in Resources */,
				D70E2F2225F8B2190025B9F3 /* Market4.json in Resources */,
				D70E2ED825F86DFF0025B9F3 /* LSOTCMainViewController.xib in Resources */,
				D70E2F2025F8B2190025B9F3 /* Market3.json in Resources */,
				D7F9F50E25C0FD6700BB32D7 /* LaunchScreen.storyboard in Resources */,
				D70E2EE925F86DFF0025B9F3 /* LSLoginViewController.xib in Resources */,
				D748D57525F9BB430048662A /* LSFeedBackViewController.xib in Resources */,
				D70E2EE625F86DFF0025B9F3 /* LSProfileCell.xib in Resources */,
				D70E2E3425F86DAB0025B9F3 /* KLineVerticalIndicatorsView.xib in Resources */,
				D70E2EEA25F86DFF0025B9F3 /* LSForgotPasswordVC.xib in Resources */,
				D7F9F50B25C0FD6700BB32D7 /* Assets.xcassets in Resources */,
				D70E2ED325F86DFF0025B9F3 /* LSMarketListCell.xib in Resources */,
				D70E2EE125F86DFF0025B9F3 /* LSSustainabilityHeaderView.xib in Resources */,
				D70E2ED225F86DFF0025B9F3 /* LSHomeItemCell.xib in Resources */,
				D70E2EDB25F86DFF0025B9F3 /* LSCoinCurrencyTradeVC.xib in Resources */,
				D748D56B25F9BA180048662A /* LSFeedBackRootVC.xib in Resources */,
				D70E2F2625F8B2190025B9F3 /* kmon.json in Resources */,
				D70E2EF325F86DFF0025B9F3 /* LSMarketListViewController.xib in Resources */,
				D70E2EEB25F86DFF0025B9F3 /* LSRegisterViewController.xib in Resources */,
				D70E2F0F25F86F2F0025B9F3 /* LSProfileHeaderView.xib in Resources */,
				D70E2F2325F8B2190025B9F3 /* Market1.json in Resources */,
				D70E2ED625F86DFF0025B9F3 /* LSHomeViewController.xib in Resources */,
				D70E2E3525F86DAB0025B9F3 /* KLineInfoView.xib in Resources */,
				D7F9F50925C0FD6500BB32D7 /* Main.storyboard in Resources */,
				D70E2F5725F8C31D0025B9F3 /* LSInviteViewController.xib in Resources */,
				D70E2F2125F8B2190025B9F3 /* Market2.json in Resources */,
				D70E2EE425F86DFF0025B9F3 /* LSProfileViewController.xib in Resources */,
				D70E2F4425F8B55B0025B9F3 /* LSSafetyViewController.xib in Resources */,
				D70E2E3125F86DAB0025B9F3 /* KLineIndicatorsView.xib in Resources */,
				D70E2EE325F86DFF0025B9F3 /* LSSustainabilityViewController.xib in Resources */,
				D70E2F2525F8B2190025B9F3 /* depth.json in Resources */,
				D70E2DFD25F86D730025B9F3 /* LSVerifyCodeView.xib in Resources */,
			);
			runOnlyForDeploymentPostprocessing = 0;
		};
		D7F9F51225C0FD6700BB32D7 /* Resources */ = {
			isa = PBXResourcesBuildPhase;
			buildActionMask = 2147483647;
			files = (
			);
			runOnlyForDeploymentPostprocessing = 0;
		};
		D7F9F51D25C0FD6700BB32D7 /* Resources */ = {
			isa = PBXResourcesBuildPhase;
			buildActionMask = 2147483647;
			files = (
			);
			runOnlyForDeploymentPostprocessing = 0;
		};
/* End PBXResourcesBuildPhase section */

/* Begin PBXShellScriptBuildPhase section */
		35ED17E5D539A275902A67B7 /* [CP] Embed Pods Frameworks */ = {
			isa = PBXShellScriptBuildPhase;
			buildActionMask = 2147483647;
			files = (
			);
			inputFileListPaths = (
				"${PODS_ROOT}/Target Support Files/Pods-HYEX_Swift/Pods-HYEX_Swift-frameworks-${CONFIGURATION}-input-files.xcfilelist",
			);
			name = "[CP] Embed Pods Frameworks";
			outputFileListPaths = (
				"${PODS_ROOT}/Target Support Files/Pods-HYEX_Swift/Pods-HYEX_Swift-frameworks-${CONFIGURATION}-output-files.xcfilelist",
			);
			runOnlyForDeploymentPostprocessing = 0;
			shellPath = /bin/sh;
			shellScript = "\"${PODS_ROOT}/Target Support Files/Pods-HYEX_Swift/Pods-HYEX_Swift-frameworks.sh\"\n";
			showEnvVarsInLog = 0;
		};
		7D77041A8070F1C2CE992A3E /* [CP] Check Pods Manifest.lock */ = {
			isa = PBXShellScriptBuildPhase;
			buildActionMask = 2147483647;
			files = (
			);
			inputFileListPaths = (
			);
			inputPaths = (
				"${PODS_PODFILE_DIR_PATH}/Podfile.lock",
				"${PODS_ROOT}/Manifest.lock",
			);
			name = "[CP] Check Pods Manifest.lock";
			outputFileListPaths = (
			);
			outputPaths = (
				"$(DERIVED_FILE_DIR)/Pods-HYEX_Swift-checkManifestLockResult.txt",
			);
			runOnlyForDeploymentPostprocessing = 0;
			shellPath = /bin/sh;
			shellScript = "diff \"${PODS_PODFILE_DIR_PATH}/Podfile.lock\" \"${PODS_ROOT}/Manifest.lock\" > /dev/null\nif [ $? != 0 ] ; then\n    # print error to STDERR\n    echo \"error: The sandbox is not in sync with the Podfile.lock. Run 'pod install' or update your CocoaPods installation.\" >&2\n    exit 1\nfi\n# This output is used by Xcode 'outputs' to avoid re-running this script phase.\necho \"SUCCESS\" > \"${SCRIPT_OUTPUT_FILE_0}\"\n";
			showEnvVarsInLog = 0;
		};
/* End PBXShellScriptBuildPhase section */

/* Begin PBXSourcesBuildPhase section */
		D7F9F4FA25C0FD6500BB32D7 /* Sources */ = {
			isa = PBXSourcesBuildPhase;
			buildActionMask = 2147483647;
			files = (
				D70E2F4325F8B55B0025B9F3 /* LSSafetyViewController.swift in Sources */,
				D70E2ED425F86DFF0025B9F3 /* LSHomeItemCell.swift in Sources */,
				D70E2E2925F86DAB0025B9F3 /* Calculate.swift in Sources */,
				D7E81C9325E4ADB4003D760B /* LSIBInspectable.swift in Sources */,
				D70E2EDF25F86DFF0025B9F3 /* LSSustainabilityManager.swift in Sources */,
				D70E2EDA25F86DFF0025B9F3 /* LSOTCMainViewController.swift in Sources */,
				D70E2E2325F86DAB0025B9F3 /* VolChartRenderer.swift in Sources */,
				D70E2EEC25F86DFF0025B9F3 /* LSLoginModel.swift in Sources */,
				D7F9F55D25C1089B00BB32D7 /* LSBaseNavigationController.swift in Sources */,
				D70E2EEF25F86DFF0025B9F3 /* LSForgotPasswordVC.swift in Sources */,
				D70E2DFF25F86D730025B9F3 /* LSVerifyCodeBtn.swift in Sources */,
				D7F9F50225C0FD6500BB32D7 /* AppDelegate.swift in Sources */,
				D70E2EE825F86DFF0025B9F3 /* LSRegisterViewController.swift in Sources */,
				D70E2E2825F86DAB0025B9F3 /* UIColor+RGB.swift in Sources */,
				D78B821525E358DA00F2360E /* constantDefine.swift in Sources */,
				D7F9F55825C1063C00BB32D7 /* LSBaseViewController.swift in Sources */,
				D70E2E2625F86DAB0025B9F3 /* KLineStateManger.swift in Sources */,
				D70E2EED25F86DFF0025B9F3 /* TestModel.swift in Sources */,
				D70E2F2725F8B2190025B9F3 /* CHKLineChartStyle.swift in Sources */,
				D70E2ED925F86DFF0025B9F3 /* LSOTCTradeUserInfo.swift in Sources */,
				D70E2EEE25F86DFF0025B9F3 /* LSUserInfo.swift in Sources */,
				D748D5FE25FA12D70048662A /* LSFeedBackModel.swift in Sources */,
				D748D57B25F9BB530048662A /* LSFeedBackRecordVC.swift in Sources */,
				D70E2E2F25F86DAB0025B9F3 /* KLineIndicatorsView.swift in Sources */,
				D70E2F0725F86F140025B9F3 /* LSProfileHeaderView.swift in Sources */,
				D74C02F325E0E3EA0017E1E7 /* LSNetRequest.swift in Sources */,
				D70E2F5625F8C31D0025B9F3 /* LSInviteViewController.swift in Sources */,
				D78B820E25E3586400F2360E /* NSObject+Extension.swift in Sources */,
				D70E2E2125F86DAB0025B9F3 /* SecondaryChartRenderer.swift in Sources */,
				D70E2E2725F86DAB0025B9F3 /* DataUtil.swift in Sources */,
				D78B821A25E35C0300F2360E /* String+Extension.swift in Sources */,
				D748D61625FA1F960048662A /* LSAliyunOSSManager.swift in Sources */,
				D70E2E3225F86DAB0025B9F3 /* KLinePeriodView.swift in Sources */,
				D70E2E2D25F86DAB0025B9F3 /* KLineState.swift in Sources */,
				D70E2E2425F86DAB0025B9F3 /* BaseChartRenderer.swift in Sources */,
				D70E2F2925F8B2190025B9F3 /* CHShapeLayer.swift in Sources */,
				D70E2EE725F86DFF0025B9F3 /* LSProfileViewController.swift in Sources */,
				D70E2ED525F86DFF0025B9F3 /* LSMarketListCell.swift in Sources */,
				D726B57925F3206B00B51D61 /* MD5.swift in Sources */,
				D70E2EE525F86DFF0025B9F3 /* LSProfileCell.swift in Sources */,
				D70E2ECF25F86DFF0025B9F3 /* LSMarketListModel.swift in Sources */,
				D78B821025E3586400F2360E /* Bundle+Swizzling.swift in Sources */,
				D70E2ED025F86DFF0025B9F3 /* LSBannerModel.swift in Sources */,
				D70E2EF025F86DFF0025B9F3 /* LSLoginViewController.swift in Sources */,
				D748D56A25F9BA180048662A /* LSFeedBackRootVC.swift in Sources */,
				D70E2ECE25F86DFF0025B9F3 /* LSHomeViewController.swift in Sources */,
				D70E2F2825F8B2190025B9F3 /* CHDepthChartView.swift in Sources */,
				D70E2E2E25F86DAB0025B9F3 /* KLineInfoView.swift in Sources */,
				D7F9F5A125C10CDD00BB32D7 /* Common.swift in Sources */,
				D70E2EDC25F86DFF0025B9F3 /* LSCoinCurrencyTradeVC.swift in Sources */,
				D70E2EDE25F86DFF0025B9F3 /* LSSustainabilityViewController.swift in Sources */,
				D70E2ED725F86DFF0025B9F3 /* LSTradeMainViewController.swift in Sources */,
				D70E2E2B25F86DAB0025B9F3 /* KLineChartView.swift in Sources */,
				D70E2E2C25F86DAB0025B9F3 /* KLineModel.swift in Sources */,
				D70E2ED125F86DFF0025B9F3 /* LSNoticeListModel.swift in Sources */,
				D70E2EF225F86DFF0025B9F3 /* LSMarketListItemModel.swift in Sources */,
				D70E2DFE25F86D730025B9F3 /* LSVerifyCodeView.swift in Sources */,
				D70E2E2225F86DAB0025B9F3 /* MainChartRenderer.swift in Sources */,
				D7F9F55025C1000C00BB32D7 /* LSMainTabbarController.swift in Sources */,
				D70E2EE225F86DFF0025B9F3 /* LSSustainabilityHeaderView.swift in Sources */,
				D70E2E3325F86DAB0025B9F3 /* KLineVerticalIndicatorsView.swift in Sources */,
				D70E2EE025F86DFF0025B9F3 /* LSSustainabilityBaseView.swift in Sources */,
				D70E2E2525F86DAB0025B9F3 /* KLinePainterView.swift in Sources */,
				D748D57425F9BB430048662A /* LSFeedBackViewController.swift in Sources */,
				D70E2EF125F86DFF0025B9F3 /* LSMarketListViewController.swift in Sources */,
				D70E2E2A25F86DAB0025B9F3 /* ChartStyle.swift in Sources */,
				D78B820F25E3586400F2360E /* Localize.swift in Sources */,
			);
			runOnlyForDeploymentPostprocessing = 0;
		};
		D7F9F51025C0FD6700BB32D7 /* Sources */ = {
			isa = PBXSourcesBuildPhase;
			buildActionMask = 2147483647;
			files = (
				D7F9F51925C0FD6700BB32D7 /* HYEX_SwiftTests.swift in Sources */,
			);
			runOnlyForDeploymentPostprocessing = 0;
		};
		D7F9F51B25C0FD6700BB32D7 /* Sources */ = {
			isa = PBXSourcesBuildPhase;
			buildActionMask = 2147483647;
			files = (
				D7F9F52425C0FD6700BB32D7 /* HYEX_SwiftUITests.swift in Sources */,
			);
			runOnlyForDeploymentPostprocessing = 0;
		};
/* End PBXSourcesBuildPhase section */

/* Begin PBXTargetDependency section */
		D7F9F51625C0FD6700BB32D7 /* PBXTargetDependency */ = {
			isa = PBXTargetDependency;
			target = D7F9F4FD25C0FD6500BB32D7 /* HYEX_Swift */;
			targetProxy = D7F9F51525C0FD6700BB32D7 /* PBXContainerItemProxy */;
		};
		D7F9F52125C0FD6700BB32D7 /* PBXTargetDependency */ = {
			isa = PBXTargetDependency;
			target = D7F9F4FD25C0FD6500BB32D7 /* HYEX_Swift */;
			targetProxy = D7F9F52025C0FD6700BB32D7 /* PBXContainerItemProxy */;
		};
/* End PBXTargetDependency section */

/* Begin PBXVariantGroup section */
		D7F9F50725C0FD6500BB32D7 /* Main.storyboard */ = {
			isa = PBXVariantGroup;
			children = (
				D7F9F50825C0FD6500BB32D7 /* Base */,
			);
			name = Main.storyboard;
			sourceTree = "<group>";
		};
		D7F9F50C25C0FD6700BB32D7 /* LaunchScreen.storyboard */ = {
			isa = PBXVariantGroup;
			children = (
				D7F9F50D25C0FD6700BB32D7 /* Base */,
			);
			name = LaunchScreen.storyboard;
			sourceTree = "<group>";
		};
/* End PBXVariantGroup section */

/* Begin XCBuildConfiguration section */
		D7F9F52625C0FD6700BB32D7 /* Debug */ = {
			isa = XCBuildConfiguration;
			buildSettings = {
				ALWAYS_SEARCH_USER_PATHS = NO;
				CLANG_ANALYZER_NONNULL = YES;
				CLANG_ANALYZER_NUMBER_OBJECT_CONVERSION = YES_AGGRESSIVE;
				CLANG_CXX_LANGUAGE_STANDARD = "gnu++14";
				CLANG_CXX_LIBRARY = "libc++";
				CLANG_ENABLE_MODULES = YES;
				CLANG_ENABLE_OBJC_ARC = YES;
				CLANG_ENABLE_OBJC_WEAK = YES;
				CLANG_WARN_BLOCK_CAPTURE_AUTORELEASING = YES;
				CLANG_WARN_BOOL_CONVERSION = YES;
				CLANG_WARN_COMMA = YES;
				CLANG_WARN_CONSTANT_CONVERSION = YES;
				CLANG_WARN_DEPRECATED_OBJC_IMPLEMENTATIONS = YES;
				CLANG_WARN_DIRECT_OBJC_ISA_USAGE = YES_ERROR;
				CLANG_WARN_DOCUMENTATION_COMMENTS = YES;
				CLANG_WARN_EMPTY_BODY = YES;
				CLANG_WARN_ENUM_CONVERSION = YES;
				CLANG_WARN_INFINITE_RECURSION = YES;
				CLANG_WARN_INT_CONVERSION = YES;
				CLANG_WARN_NON_LITERAL_NULL_CONVERSION = YES;
				CLANG_WARN_OBJC_IMPLICIT_RETAIN_SELF = YES;
				CLANG_WARN_OBJC_LITERAL_CONVERSION = YES;
				CLANG_WARN_OBJC_ROOT_CLASS = YES_ERROR;
				CLANG_WARN_QUOTED_INCLUDE_IN_FRAMEWORK_HEADER = YES;
				CLANG_WARN_RANGE_LOOP_ANALYSIS = YES;
				CLANG_WARN_STRICT_PROTOTYPES = YES;
				CLANG_WARN_SUSPICIOUS_MOVE = YES;
				CLANG_WARN_UNGUARDED_AVAILABILITY = YES_AGGRESSIVE;
				CLANG_WARN_UNREACHABLE_CODE = YES;
				CLANG_WARN__DUPLICATE_METHOD_MATCH = YES;
				COPY_PHASE_STRIP = NO;
				DEBUG_INFORMATION_FORMAT = dwarf;
				ENABLE_STRICT_OBJC_MSGSEND = YES;
				ENABLE_TESTABILITY = YES;
				GCC_C_LANGUAGE_STANDARD = gnu11;
				GCC_DYNAMIC_NO_PIC = NO;
				GCC_NO_COMMON_BLOCKS = YES;
				GCC_OPTIMIZATION_LEVEL = 0;
				GCC_PREPROCESSOR_DEFINITIONS = (
					"DEBUG=1",
					"$(inherited)",
				);
				GCC_WARN_64_TO_32_BIT_CONVERSION = YES;
				GCC_WARN_ABOUT_RETURN_TYPE = YES_ERROR;
				GCC_WARN_UNDECLARED_SELECTOR = YES;
				GCC_WARN_UNINITIALIZED_AUTOS = YES_AGGRESSIVE;
				GCC_WARN_UNUSED_FUNCTION = YES;
				GCC_WARN_UNUSED_VARIABLE = YES;
				IPHONEOS_DEPLOYMENT_TARGET = 10.0;
				MTL_ENABLE_DEBUG_INFO = INCLUDE_SOURCE;
				MTL_FAST_MATH = YES;
				ONLY_ACTIVE_ARCH = YES;
				SDKROOT = iphoneos;
				SWIFT_ACTIVE_COMPILATION_CONDITIONS = DEBUG;
				SWIFT_OPTIMIZATION_LEVEL = "-Onone";
			};
			name = Debug;
		};
		D7F9F52725C0FD6700BB32D7 /* Release */ = {
			isa = XCBuildConfiguration;
			buildSettings = {
				ALWAYS_SEARCH_USER_PATHS = NO;
				CLANG_ANALYZER_NONNULL = YES;
				CLANG_ANALYZER_NUMBER_OBJECT_CONVERSION = YES_AGGRESSIVE;
				CLANG_CXX_LANGUAGE_STANDARD = "gnu++14";
				CLANG_CXX_LIBRARY = "libc++";
				CLANG_ENABLE_MODULES = YES;
				CLANG_ENABLE_OBJC_ARC = YES;
				CLANG_ENABLE_OBJC_WEAK = YES;
				CLANG_WARN_BLOCK_CAPTURE_AUTORELEASING = YES;
				CLANG_WARN_BOOL_CONVERSION = YES;
				CLANG_WARN_COMMA = YES;
				CLANG_WARN_CONSTANT_CONVERSION = YES;
				CLANG_WARN_DEPRECATED_OBJC_IMPLEMENTATIONS = YES;
				CLANG_WARN_DIRECT_OBJC_ISA_USAGE = YES_ERROR;
				CLANG_WARN_DOCUMENTATION_COMMENTS = YES;
				CLANG_WARN_EMPTY_BODY = YES;
				CLANG_WARN_ENUM_CONVERSION = YES;
				CLANG_WARN_INFINITE_RECURSION = YES;
				CLANG_WARN_INT_CONVERSION = YES;
				CLANG_WARN_NON_LITERAL_NULL_CONVERSION = YES;
				CLANG_WARN_OBJC_IMPLICIT_RETAIN_SELF = YES;
				CLANG_WARN_OBJC_LITERAL_CONVERSION = YES;
				CLANG_WARN_OBJC_ROOT_CLASS = YES_ERROR;
				CLANG_WARN_QUOTED_INCLUDE_IN_FRAMEWORK_HEADER = YES;
				CLANG_WARN_RANGE_LOOP_ANALYSIS = YES;
				CLANG_WARN_STRICT_PROTOTYPES = YES;
				CLANG_WARN_SUSPICIOUS_MOVE = YES;
				CLANG_WARN_UNGUARDED_AVAILABILITY = YES_AGGRESSIVE;
				CLANG_WARN_UNREACHABLE_CODE = YES;
				CLANG_WARN__DUPLICATE_METHOD_MATCH = YES;
				COPY_PHASE_STRIP = NO;
				DEBUG_INFORMATION_FORMAT = "dwarf-with-dsym";
				ENABLE_NS_ASSERTIONS = NO;
				ENABLE_STRICT_OBJC_MSGSEND = YES;
				GCC_C_LANGUAGE_STANDARD = gnu11;
				GCC_NO_COMMON_BLOCKS = YES;
				GCC_WARN_64_TO_32_BIT_CONVERSION = YES;
				GCC_WARN_ABOUT_RETURN_TYPE = YES_ERROR;
				GCC_WARN_UNDECLARED_SELECTOR = YES;
				GCC_WARN_UNINITIALIZED_AUTOS = YES_AGGRESSIVE;
				GCC_WARN_UNUSED_FUNCTION = YES;
				GCC_WARN_UNUSED_VARIABLE = YES;
				IPHONEOS_DEPLOYMENT_TARGET = 10.0;
				MTL_ENABLE_DEBUG_INFO = NO;
				MTL_FAST_MATH = YES;
				SDKROOT = iphoneos;
				SWIFT_COMPILATION_MODE = wholemodule;
				SWIFT_OPTIMIZATION_LEVEL = "-O";
				VALIDATE_PRODUCT = YES;
			};
			name = Release;
		};
		D7F9F52925C0FD6700BB32D7 /* Debug */ = {
			isa = XCBuildConfiguration;
			baseConfigurationReference = 851456A3235A6C9CE3F6B601 /* Pods-HYEX_Swift.debug.xcconfig */;
			buildSettings = {
				ASSETCATALOG_COMPILER_APPICON_NAME = AppIcon;
				ASSETCATALOG_COMPILER_GLOBAL_ACCENT_COLOR_NAME = AccentColor;
				ASSETCATALOG_COMPILER_LAUNCHIMAGE_NAME = LaunchImage;
				CODE_SIGN_STYLE = Automatic;
				INFOPLIST_FILE = HYEX_Swift/Info.plist;
				IPHONEOS_DEPLOYMENT_TARGET = 10.0;
				LD_RUNPATH_SEARCH_PATHS = (
					"$(inherited)",
					"@executable_path/Frameworks",
				);
				PRODUCT_BUNDLE_IDENTIFIER = "com.app.HYEX-Swift";
				PRODUCT_NAME = "$(TARGET_NAME)";
				SWIFT_VERSION = 5.0;
				TARGETED_DEVICE_FAMILY = 1;
			};
			name = Debug;
		};
		D7F9F52A25C0FD6700BB32D7 /* Release */ = {
			isa = XCBuildConfiguration;
			baseConfigurationReference = 7A397BAF0800A9BEE834BB9D /* Pods-HYEX_Swift.release.xcconfig */;
			buildSettings = {
				ASSETCATALOG_COMPILER_APPICON_NAME = AppIcon;
				ASSETCATALOG_COMPILER_GLOBAL_ACCENT_COLOR_NAME = AccentColor;
				ASSETCATALOG_COMPILER_LAUNCHIMAGE_NAME = LaunchImage;
				CODE_SIGN_STYLE = Automatic;
				INFOPLIST_FILE = HYEX_Swift/Info.plist;
				IPHONEOS_DEPLOYMENT_TARGET = 10.0;
				LD_RUNPATH_SEARCH_PATHS = (
					"$(inherited)",
					"@executable_path/Frameworks",
				);
				PRODUCT_BUNDLE_IDENTIFIER = "com.app.HYEX-Swift";
				PRODUCT_NAME = "$(TARGET_NAME)";
				SWIFT_VERSION = 5.0;
				TARGETED_DEVICE_FAMILY = 1;
			};
			name = Release;
		};
		D7F9F52C25C0FD6700BB32D7 /* Debug */ = {
			isa = XCBuildConfiguration;
			buildSettings = {
				ALWAYS_EMBED_SWIFT_STANDARD_LIBRARIES = YES;
				BUNDLE_LOADER = "$(TEST_HOST)";
				CODE_SIGN_STYLE = Automatic;
				INFOPLIST_FILE = HYEX_SwiftTests/Info.plist;
				IPHONEOS_DEPLOYMENT_TARGET = 14.2;
				LD_RUNPATH_SEARCH_PATHS = (
					"$(inherited)",
					"@executable_path/Frameworks",
					"@loader_path/Frameworks",
				);
				PRODUCT_BUNDLE_IDENTIFIER = "com.app.HYEX-SwiftTests";
				PRODUCT_NAME = "$(TARGET_NAME)";
				SWIFT_VERSION = 5.0;
				TARGETED_DEVICE_FAMILY = "1,2";
				TEST_HOST = "$(BUILT_PRODUCTS_DIR)/HYEX_Swift.app/HYEX_Swift";
			};
			name = Debug;
		};
		D7F9F52D25C0FD6700BB32D7 /* Release */ = {
			isa = XCBuildConfiguration;
			buildSettings = {
				ALWAYS_EMBED_SWIFT_STANDARD_LIBRARIES = YES;
				BUNDLE_LOADER = "$(TEST_HOST)";
				CODE_SIGN_STYLE = Automatic;
				INFOPLIST_FILE = HYEX_SwiftTests/Info.plist;
				IPHONEOS_DEPLOYMENT_TARGET = 14.2;
				LD_RUNPATH_SEARCH_PATHS = (
					"$(inherited)",
					"@executable_path/Frameworks",
					"@loader_path/Frameworks",
				);
				PRODUCT_BUNDLE_IDENTIFIER = "com.app.HYEX-SwiftTests";
				PRODUCT_NAME = "$(TARGET_NAME)";
				SWIFT_VERSION = 5.0;
				TARGETED_DEVICE_FAMILY = "1,2";
				TEST_HOST = "$(BUILT_PRODUCTS_DIR)/HYEX_Swift.app/HYEX_Swift";
			};
			name = Release;
		};
		D7F9F52F25C0FD6700BB32D7 /* Debug */ = {
			isa = XCBuildConfiguration;
			buildSettings = {
				ALWAYS_EMBED_SWIFT_STANDARD_LIBRARIES = YES;
				CODE_SIGN_STYLE = Automatic;
				INFOPLIST_FILE = HYEX_SwiftUITests/Info.plist;
				LD_RUNPATH_SEARCH_PATHS = (
					"$(inherited)",
					"@executable_path/Frameworks",
					"@loader_path/Frameworks",
				);
				PRODUCT_BUNDLE_IDENTIFIER = "com.app.HYEX-SwiftUITests";
				PRODUCT_NAME = "$(TARGET_NAME)";
				SWIFT_VERSION = 5.0;
				TARGETED_DEVICE_FAMILY = "1,2";
				TEST_TARGET_NAME = HYEX_Swift;
			};
			name = Debug;
		};
		D7F9F53025C0FD6700BB32D7 /* Release */ = {
			isa = XCBuildConfiguration;
			buildSettings = {
				ALWAYS_EMBED_SWIFT_STANDARD_LIBRARIES = YES;
				CODE_SIGN_STYLE = Automatic;
				INFOPLIST_FILE = HYEX_SwiftUITests/Info.plist;
				LD_RUNPATH_SEARCH_PATHS = (
					"$(inherited)",
					"@executable_path/Frameworks",
					"@loader_path/Frameworks",
				);
				PRODUCT_BUNDLE_IDENTIFIER = "com.app.HYEX-SwiftUITests";
				PRODUCT_NAME = "$(TARGET_NAME)";
				SWIFT_VERSION = 5.0;
				TARGETED_DEVICE_FAMILY = "1,2";
				TEST_TARGET_NAME = HYEX_Swift;
			};
			name = Release;
		};
/* End XCBuildConfiguration section */

/* Begin XCConfigurationList section */
		D7F9F4F925C0FD6500BB32D7 /* Build configuration list for PBXProject "HYEX_Swift" */ = {
			isa = XCConfigurationList;
			buildConfigurations = (
				D7F9F52625C0FD6700BB32D7 /* Debug */,
				D7F9F52725C0FD6700BB32D7 /* Release */,
			);
			defaultConfigurationIsVisible = 0;
			defaultConfigurationName = Release;
		};
		D7F9F52825C0FD6700BB32D7 /* Build configuration list for PBXNativeTarget "HYEX_Swift" */ = {
			isa = XCConfigurationList;
			buildConfigurations = (
				D7F9F52925C0FD6700BB32D7 /* Debug */,
				D7F9F52A25C0FD6700BB32D7 /* Release */,
			);
			defaultConfigurationIsVisible = 0;
			defaultConfigurationName = Release;
		};
		D7F9F52B25C0FD6700BB32D7 /* Build configuration list for PBXNativeTarget "HYEX_SwiftTests" */ = {
			isa = XCConfigurationList;
			buildConfigurations = (
				D7F9F52C25C0FD6700BB32D7 /* Debug */,
				D7F9F52D25C0FD6700BB32D7 /* Release */,
			);
			defaultConfigurationIsVisible = 0;
			defaultConfigurationName = Release;
		};
		D7F9F52E25C0FD6700BB32D7 /* Build configuration list for PBXNativeTarget "HYEX_SwiftUITests" */ = {
			isa = XCConfigurationList;
			buildConfigurations = (
				D7F9F52F25C0FD6700BB32D7 /* Debug */,
				D7F9F53025C0FD6700BB32D7 /* Release */,
			);
			defaultConfigurationIsVisible = 0;
			defaultConfigurationName = Release;
		};
/* End XCConfigurationList section */
	};
	rootObject = D7F9F4F625C0FD6500BB32D7 /* Project object */;
}
